
Microsoft Visual Studio Solution File, Format Version 12.00
# Visual Studio Version 16
VisualStudioVersion = 16.0.29123.88
MinimumVisualStudioVersion = 14.0.24720.0
Project("{FAE04EC0-301F-11D3-BF4B-00C04F79EFBC}") = "Octgn", "octgnFX\Octgn\Octgn.csproj", "{C6ADE75C-5BC2-47DB-9240-B99C66431EF3}"
	ProjectSection(ProjectDependencies) = postProject
		{74009662-AA58-4A94-97B6-1AD019ECA302} = {74009662-AA58-4A94-97B6-1AD019ECA302}
		{0A68077E-561A-4DF2-ACE0-75044A2A8184} = {0A68077E-561A-4DF2-ACE0-75044A2A8184}
	EndProjectSection
EndProject
Project("{FAE04EC0-301F-11D3-BF4B-00C04F79EFBC}") = "Octgn.Server", "octgnFX\Octgn.Server\Octgn.Server.csproj", "{6DD203AF-5003-4AF3-A982-67F10B704D4A}"
EndProject
Project("{2150E333-8FDC-42A3-9474-1A3956D46DE8}") = "Root", "Root", "{0C909858-EC18-44E5-A07D-53D0AEEB22CD}"
	ProjectSection(SolutionItems) = preProject
		.gitattributes = .gitattributes
		.gitignore = .gitignore
		Autoupdating XMLs.md = Autoupdating XMLs.md
		CHANGELOG.md = CHANGELOG.md
		CONTENT.md = CONTENT.md
		currentversion.xml = currentversion.xml
		HACK.md = HACK.md
		LICENSE.md = LICENSE.md
		README.md = README.md
		recentchanges.txt = recentchanges.txt
		ss.txt = ss.txt
	EndProjectSection
EndProject
Project("{2150E333-8FDC-42A3-9474-1A3956D46DE8}") = "installer", "installer", "{8FE32867-B27F-42E7-B101-EB092A63ECB2}"
	ProjectSection(SolutionItems) = preProject
		installer\DotNetVer.nsh = installer\DotNetVer.nsh
		installer\GetDotNet.nsh = installer\GetDotNet.nsh
		installer\GetVC.nsh = installer\GetVC.nsh
		installer\Install.nsi = installer\Install.nsi
		installer\InstallTest.nsi = installer\InstallTest.nsi
	EndProjectSection
EndProject
Project("{FAE04EC0-301F-11D3-BF4B-00C04F79EFBC}") = "Octgn.Test", "octgnFX\Octgn.Test\Octgn.Test.csproj", "{2E28A69C-7169-4880-ADCC-29322F6D5E9E}"
EndProject
Project("{FAE04EC0-301F-11D3-BF4B-00C04F79EFBC}") = "Octgn.Library", "octgnFX\Octgn.Library\Octgn.Library.csproj", "{AF4B3885-F178-4C6B-99C9-9EB178FEC994}"
EndProject
Project("{FAE04EC0-301F-11D3-BF4B-00C04F79EFBC}") = "Octgn.DeckBuilderPluginExample", "octgnFX\Octgn.DeckBuilderPluginExample\Octgn.DeckBuilderPluginExample.csproj", "{D1F5848B-84D9-4EE5-8969-E62B054DAA4A}"
EndProject
Project("{2150E333-8FDC-42A3-9474-1A3956D46DE8}") = "deploy", "deploy", "{4E99DDFE-186D-469F-9C4C-C184977ED0ED}"
	ProjectSection(SolutionItems) = preProject
		deploy\currentversion.txt = deploy\currentversion.txt
		deploy\currentversiontest.txt = deploy\currentversiontest.txt
		recentchanges.txt = recentchanges.txt
	EndProjectSection
EndProject
Project("{2150E333-8FDC-42A3-9474-1A3956D46DE8}") = ".nuget", ".nuget", "{26163613-6BB9-4273-8082-8C2CCC52BA7E}"
	ProjectSection(SolutionItems) = preProject
		.nuget\packages.config = .nuget\packages.config
	EndProjectSection
EndProject
Project("{2150E333-8FDC-42A3-9474-1A3956D46DE8}") = "Online", "Online", "{7E00BBC8-BC0C-4A2B-8309-C45CA1C7E152}"
EndProject
Project("{FAE04EC0-301F-11D3-BF4B-00C04F79EFBC}") = "Octgn.Online.Test", "octgnFX\Octgn.Online.Test\Octgn.Online.Test.csproj", "{950138E6-C355-4858-B074-BADDC9CE3665}"
EndProject
Project("{FAE04EC0-301F-11D3-BF4B-00C04F79EFBC}") = "Octgn.Online.StandAloneServer", "octgnFX\Octgn.Online.StandAloneServer\Octgn.Online.StandAloneServer.csproj", "{1C18709A-9E93-426D-AE10-9E73721FDDE1}"
EndProject
Project("{2150E333-8FDC-42A3-9474-1A3956D46DE8}") = "lib", "lib", "{10133113-4503-4510-AA75-D9931ADBF9CA}"
EndProject
Project("{FAE04EC0-301F-11D3-BF4B-00C04F79EFBC}") = "o8build", "octgnFX\o8build\o8build.csproj", "{F31191FB-DD9E-4C6C-A37B-796D653DD864}"
EndProject
Project("{FAE04EC0-301F-11D3-BF4B-00C04F79EFBC}") = "Octgn.DataNew", "octgnFX\Octgn.DataNew\Octgn.DataNew.csproj", "{59759960-0A48-45EC-ABB9-B4FAAD6D43EE}"
EndProject
Project("{FAE04EC0-301F-11D3-BF4B-00C04F79EFBC}") = "Octgn.Core", "octgnFX\Octgn.Core\Octgn.Core.csproj", "{9BDB193E-E3BA-4A1D-8C6E-ECABB6FFC7AB}"
EndProject
Project("{FAE04EC0-301F-11D3-BF4B-00C04F79EFBC}") = "Octgn.ProxyGenerator", "octgnFX\Octgn.ProxyGenerator\Octgn.ProxyGenerator.csproj", "{AB487BD2-9CF7-4C4E-A938-5B9FEE4C4E76}"
EndProject
Project("{FAE04EC0-301F-11D3-BF4B-00C04F79EFBC}") = "Octgn.Tools.Proxytest", "octgnFX\Octgn.Tools.Proxytest\Octgn.Tools.Proxytest.csproj", "{4EA73D38-5443-4A40-93AB-4869202EFFFC}"
EndProject
Project("{FAE04EC0-301F-11D3-BF4B-00C04F79EFBC}") = "Octgn.Tools.O8buildgui", "octgnFX\Octgn.Tools.O8buildgui\Octgn.Tools.O8buildgui.csproj", "{98045AE6-1CEB-43BC-8305-E6B0FBF540A7}"
EndProject
Project("{FAE04EC0-301F-11D3-BF4B-00C04F79EFBC}") = "Octgn.Online.GameService", "octgnFX\Octgn.Online.GameService\Octgn.Online.GameService.csproj", "{48F6C9E8-F8B7-4E51-9D0F-0B309252ED6D}"
EndProject
Project("{FAE04EC0-301F-11D3-BF4B-00C04F79EFBC}") = "Octide", "octgnFX\Octide\Octide.csproj", "{8E3EE43C-8702-445F-95A8-ABC91F3337A8}"
	ProjectSection(ProjectDependencies) = postProject
		{AB487BD2-9CF7-4C4E-A938-5B9FEE4C4E76} = {AB487BD2-9CF7-4C4E-A938-5B9FEE4C4E76}
	EndProjectSection
EndProject
Project("{FAE04EC0-301F-11D3-BF4B-00C04F79EFBC}") = "WpfCircularProgressBar", "octgnFX\WpfCircularProgressBar\WpfCircularProgressBar.csproj", "{5C5D57AF-736E-4A20-91BF-253459F5E746}"
EndProject
Project("{9A19103F-16F7-4668-BE54-9A1E7A4F7556}") = "Octgn.Online", "octgnFX\Octgn.Online\Octgn.Online.csproj", "{8BED43B1-B215-49BF-9DB7-5C72171E1CAD}"
EndProject
Project("{FAE04EC0-301F-11D3-BF4B-00C04F79EFBC}") = "Octgn.Online.CommunicationService", "octgnFX\Octgn.Online.CommunicationService\Octgn.Online.CommunicationService.csproj", "{1BC6FED6-2F2A-4ED5-A3DB-67DD2070B292}"
EndProject
Project("{930C7802-8A8C-48F9-8165-68863BCCD9DD}") = "Octgn.Online.CommunicationService.InstallerLib", "octgnFX\Octgn.Online.CommunicationService.InstallerLib\Octgn.Online.CommunicationService.InstallerLib.wixproj", "{38238922-64DB-4551-91D3-8C9922320B9B}"
EndProject
Project("{930C7802-8A8C-48F9-8165-68863BCCD9DD}") = "Octgn.Online.Installer", "octgnFX\Octgn.Online.Installer\Octgn.Online.Installer.wixproj", "{DD688819-8BEB-40EF-928D-6C4951B8264F}"
EndProject
Project("{930C7802-8A8C-48F9-8165-68863BCCD9DD}") = "Octgn.Online.GameService.InstallerLib", "octgnFX\Octgn.Online.GameService.InstallerLib\Octgn.Online.GameService.InstallerLib.wixproj", "{C692CECB-141B-402E-ABB4-210510CAAA21}"
EndProject
Project("{FAE04EC0-301F-11D3-BF4B-00C04F79EFBC}") = "Octgn.WindowsDesktopUtilities", "octgnFX\Octgn.WindowsDesktopUtilities\Octgn.WindowsDesktopUtilities.csproj", "{13EC7B30-1F41-495F-A679-49D1A745AB76}"
EndProject
Project("{2150E333-8FDC-42A3-9474-1A3956D46DE8}") = "Octgn.Communication", "Octgn.Communication", "{71094608-2AEF-4806-83D5-8795AE1B582B}"
EndProject
Project("{9A19103F-16F7-4668-BE54-9A1E7A4F7556}") = "Octgn.Communication", "octgnFX\Octgn.Communication\Octgn.Communication\Octgn.Communication.csproj", "{F145C512-7B6E-4DE3-9D7C-CD64151A829D}"
EndProject
Project("{930C7802-8A8C-48F9-8165-68863BCCD9DD}") = "Octgn.InstallerLib", "octgnFX\Octgn.InstallerLib\Octgn.InstallerLib.wixproj", "{7B0D5CF6-7D41-4A4F-B752-A82F31A6D566}"
EndProject
Project("{930C7802-8A8C-48F9-8165-68863BCCD9DD}") = "Octgn.Installer", "octgnFX\Octgn.Installer\Octgn.Installer.wixproj", "{4E033E3B-472E-4C46-B331-7EF26B90DEC7}"
EndProject
Project("{FAE04EC0-301F-11D3-BF4B-00C04F79EFBC}") = "Octgn.LogExporter", "octgnFX\Octgn.LogExporter\Octgn.LogExporter.csproj", "{A526EDFF-6F70-4B90-904E-1A44CA85E7E0}"
EndProject
Project("{FAE04EC0-301F-11D3-BF4B-00C04F79EFBC}") = "Octgn.Launcher", "octgnFX\Octgn.Launcher\Octgn.Launcher.csproj", "{0A68077E-561A-4DF2-ACE0-75044A2A8184}"
EndProject
Project("{FAE04EC0-301F-11D3-BF4B-00C04F79EFBC}") = "Octgn.LoadTester", "octgnFx\Octgn.LoadTester\Octgn.LoadTester.csproj", "{9D562814-A825-4E22-A20C-2F7EA33D6902}"
EndProject
Project("{FAE04EC0-301F-11D3-BF4B-00C04F79EFBC}") = "Octgn.Online.GameService.ServerLauncher", "octgnFx\Octgn.Online.GameService.ServerLauncher\Octgn.Online.GameService.ServerLauncher.csproj", "{C465DC76-AC29-446F-BB85-7E4287FD29CF}"
EndProject
Project("{9A19103F-16F7-4668-BE54-9A1E7A4F7556}") = "Octgn.Desktop", "octgnFX\Octgn.Desktop\Octgn.Desktop.csproj", "{C6D28BCA-C368-461D-BE34-BE6CD45586E2}"
EndProject
Project("{9A19103F-16F7-4668-BE54-9A1E7A4F7556}") = "Octgn.Sdk", "octgnFX\Octgn.Sdk\Octgn.Sdk.csproj", "{5C50B9DF-B3A0-4746-A110-26B8E5B059C4}"
EndProject
Project("{FAE04EC0-301F-11D3-BF4B-00C04F79EFBC}") = "Octgn.JodsEngine", "octgnFX\Octgn.JodsEngine\Octgn.JodsEngine.csproj", "{74009662-AA58-4A94-97B6-1AD019ECA302}"
EndProject
Project("{FAE04EC0-301F-11D3-BF4B-00C04F79EFBC}") = "Octgn.GameWizard", "octgnFX\Octgn.GameWizard\Octgn.GameWizard.csproj", "{0DCA834F-D3D4-4433-B981-91A80031719F}"
EndProject
Project("{FAE04EC0-301F-11D3-BF4B-00C04F79EFBC}") = "Octgn.GameStudio", "octgnFX\Octgn.GameStudio\Octgn.GameStudio.csproj", "{0EEB9C9E-51D2-47C6-B323-ADB28D5CEA7B}"
EndProject
Global
	GlobalSection(SolutionConfigurationPlatforms) = preSolution
		Debug|Any CPU = Debug|Any CPU
		Debug|ARM = Debug|ARM
		Debug|x64 = Debug|x64
		Debug|x86 = Debug|x86
		Release_Test|Any CPU = Release_Test|Any CPU
		Release_Test|ARM = Release_Test|ARM
		Release_Test|x64 = Release_Test|x64
		Release_Test|x86 = Release_Test|x86
		Release|Any CPU = Release|Any CPU
		Release|ARM = Release|ARM
		Release|x64 = Release|x64
		Release|x86 = Release|x86
	EndGlobalSection
	GlobalSection(ProjectConfigurationPlatforms) = postSolution
		{C6ADE75C-5BC2-47DB-9240-B99C66431EF3}.Debug|Any CPU.ActiveCfg = Debug|x64
		{C6ADE75C-5BC2-47DB-9240-B99C66431EF3}.Debug|Any CPU.Build.0 = Debug|x64
		{C6ADE75C-5BC2-47DB-9240-B99C66431EF3}.Debug|ARM.ActiveCfg = Debug|Any CPU
		{C6ADE75C-5BC2-47DB-9240-B99C66431EF3}.Debug|x64.ActiveCfg = Debug|Any CPU
		{C6ADE75C-5BC2-47DB-9240-B99C66431EF3}.Debug|x86.ActiveCfg = Debug|x86
		{C6ADE75C-5BC2-47DB-9240-B99C66431EF3}.Debug|x86.Build.0 = Debug|x86
		{C6ADE75C-5BC2-47DB-9240-B99C66431EF3}.Release_Test|Any CPU.ActiveCfg = Release|Any CPU
		{C6ADE75C-5BC2-47DB-9240-B99C66431EF3}.Release_Test|Any CPU.Build.0 = Release|Any CPU
		{C6ADE75C-5BC2-47DB-9240-B99C66431EF3}.Release_Test|ARM.ActiveCfg = Release|Any CPU
		{C6ADE75C-5BC2-47DB-9240-B99C66431EF3}.Release_Test|ARM.Build.0 = Release|Any CPU
		{C6ADE75C-5BC2-47DB-9240-B99C66431EF3}.Release_Test|x64.ActiveCfg = Release|Any CPU
		{C6ADE75C-5BC2-47DB-9240-B99C66431EF3}.Release_Test|x64.Build.0 = Release|Any CPU
		{C6ADE75C-5BC2-47DB-9240-B99C66431EF3}.Release_Test|x86.ActiveCfg = Release|x86
		{C6ADE75C-5BC2-47DB-9240-B99C66431EF3}.Release_Test|x86.Build.0 = Release|x86
		{C6ADE75C-5BC2-47DB-9240-B99C66431EF3}.Release|Any CPU.ActiveCfg = Release|x64
		{C6ADE75C-5BC2-47DB-9240-B99C66431EF3}.Release|Any CPU.Build.0 = Release|x64
		{C6ADE75C-5BC2-47DB-9240-B99C66431EF3}.Release|ARM.ActiveCfg = Release|Any CPU
		{C6ADE75C-5BC2-47DB-9240-B99C66431EF3}.Release|x64.ActiveCfg = Release|Any CPU
		{C6ADE75C-5BC2-47DB-9240-B99C66431EF3}.Release|x86.ActiveCfg = Release|x86
		{C6ADE75C-5BC2-47DB-9240-B99C66431EF3}.Release|x86.Build.0 = Release|x86
		{6DD203AF-5003-4AF3-A982-67F10B704D4A}.Debug|Any CPU.ActiveCfg = Debug|Any CPU
		{6DD203AF-5003-4AF3-A982-67F10B704D4A}.Debug|Any CPU.Build.0 = Debug|Any CPU
		{6DD203AF-5003-4AF3-A982-67F10B704D4A}.Debug|ARM.ActiveCfg = Debug|Any CPU
		{6DD203AF-5003-4AF3-A982-67F10B704D4A}.Debug|x64.ActiveCfg = Debug|Any CPU
		{6DD203AF-5003-4AF3-A982-67F10B704D4A}.Debug|x86.ActiveCfg = Debug|x86
		{6DD203AF-5003-4AF3-A982-67F10B704D4A}.Debug|x86.Build.0 = Debug|x86
		{6DD203AF-5003-4AF3-A982-67F10B704D4A}.Release_Test|Any CPU.ActiveCfg = Release|Any CPU
		{6DD203AF-5003-4AF3-A982-67F10B704D4A}.Release_Test|Any CPU.Build.0 = Release|Any CPU
		{6DD203AF-5003-4AF3-A982-67F10B704D4A}.Release_Test|ARM.ActiveCfg = Release|Any CPU
		{6DD203AF-5003-4AF3-A982-67F10B704D4A}.Release_Test|ARM.Build.0 = Release|Any CPU
		{6DD203AF-5003-4AF3-A982-67F10B704D4A}.Release_Test|x64.ActiveCfg = Release|Any CPU
		{6DD203AF-5003-4AF3-A982-67F10B704D4A}.Release_Test|x64.Build.0 = Release|Any CPU
		{6DD203AF-5003-4AF3-A982-67F10B704D4A}.Release_Test|x86.ActiveCfg = Release|x86
		{6DD203AF-5003-4AF3-A982-67F10B704D4A}.Release_Test|x86.Build.0 = Release|x86
		{6DD203AF-5003-4AF3-A982-67F10B704D4A}.Release|Any CPU.ActiveCfg = Release|Any CPU
		{6DD203AF-5003-4AF3-A982-67F10B704D4A}.Release|Any CPU.Build.0 = Release|Any CPU
		{6DD203AF-5003-4AF3-A982-67F10B704D4A}.Release|ARM.ActiveCfg = Release|Any CPU
		{6DD203AF-5003-4AF3-A982-67F10B704D4A}.Release|x64.ActiveCfg = Release|Any CPU
		{6DD203AF-5003-4AF3-A982-67F10B704D4A}.Release|x86.ActiveCfg = Release|x86
		{6DD203AF-5003-4AF3-A982-67F10B704D4A}.Release|x86.Build.0 = Release|x86
		{2E28A69C-7169-4880-ADCC-29322F6D5E9E}.Debug|Any CPU.ActiveCfg = Debug|Any CPU
		{2E28A69C-7169-4880-ADCC-29322F6D5E9E}.Debug|Any CPU.Build.0 = Debug|Any CPU
		{2E28A69C-7169-4880-ADCC-29322F6D5E9E}.Debug|ARM.ActiveCfg = Debug|Any CPU
		{2E28A69C-7169-4880-ADCC-29322F6D5E9E}.Debug|x64.ActiveCfg = Debug|Any CPU
		{2E28A69C-7169-4880-ADCC-29322F6D5E9E}.Debug|x86.ActiveCfg = Debug|x86
		{2E28A69C-7169-4880-ADCC-29322F6D5E9E}.Debug|x86.Build.0 = Debug|x86
		{2E28A69C-7169-4880-ADCC-29322F6D5E9E}.Release_Test|Any CPU.ActiveCfg = Release|Any CPU
		{2E28A69C-7169-4880-ADCC-29322F6D5E9E}.Release_Test|Any CPU.Build.0 = Release|Any CPU
		{2E28A69C-7169-4880-ADCC-29322F6D5E9E}.Release_Test|ARM.ActiveCfg = Release|Any CPU
		{2E28A69C-7169-4880-ADCC-29322F6D5E9E}.Release_Test|ARM.Build.0 = Release|Any CPU
		{2E28A69C-7169-4880-ADCC-29322F6D5E9E}.Release_Test|x64.ActiveCfg = Release|Any CPU
		{2E28A69C-7169-4880-ADCC-29322F6D5E9E}.Release_Test|x64.Build.0 = Release|Any CPU
		{2E28A69C-7169-4880-ADCC-29322F6D5E9E}.Release_Test|x86.ActiveCfg = Release|x86
		{2E28A69C-7169-4880-ADCC-29322F6D5E9E}.Release_Test|x86.Build.0 = Release|x86
		{2E28A69C-7169-4880-ADCC-29322F6D5E9E}.Release|Any CPU.ActiveCfg = Release|Any CPU
		{2E28A69C-7169-4880-ADCC-29322F6D5E9E}.Release|Any CPU.Build.0 = Release|Any CPU
		{2E28A69C-7169-4880-ADCC-29322F6D5E9E}.Release|ARM.ActiveCfg = Release|Any CPU
		{2E28A69C-7169-4880-ADCC-29322F6D5E9E}.Release|x64.ActiveCfg = Release|Any CPU
		{2E28A69C-7169-4880-ADCC-29322F6D5E9E}.Release|x86.ActiveCfg = Release|x86
		{2E28A69C-7169-4880-ADCC-29322F6D5E9E}.Release|x86.Build.0 = Release|x86
		{AF4B3885-F178-4C6B-99C9-9EB178FEC994}.Debug|Any CPU.ActiveCfg = Debug|Any CPU
		{AF4B3885-F178-4C6B-99C9-9EB178FEC994}.Debug|Any CPU.Build.0 = Debug|Any CPU
		{AF4B3885-F178-4C6B-99C9-9EB178FEC994}.Debug|Any CPU.Deploy.0 = Debug|Any CPU
		{AF4B3885-F178-4C6B-99C9-9EB178FEC994}.Debug|ARM.ActiveCfg = Debug|Any CPU
		{AF4B3885-F178-4C6B-99C9-9EB178FEC994}.Debug|x64.ActiveCfg = Debug|Any CPU
		{AF4B3885-F178-4C6B-99C9-9EB178FEC994}.Debug|x86.ActiveCfg = Debug|x86
		{AF4B3885-F178-4C6B-99C9-9EB178FEC994}.Debug|x86.Build.0 = Debug|x86
		{AF4B3885-F178-4C6B-99C9-9EB178FEC994}.Release_Test|Any CPU.ActiveCfg = Release|Any CPU
		{AF4B3885-F178-4C6B-99C9-9EB178FEC994}.Release_Test|Any CPU.Build.0 = Release|Any CPU
		{AF4B3885-F178-4C6B-99C9-9EB178FEC994}.Release_Test|ARM.ActiveCfg = Release|Any CPU
		{AF4B3885-F178-4C6B-99C9-9EB178FEC994}.Release_Test|ARM.Build.0 = Release|Any CPU
		{AF4B3885-F178-4C6B-99C9-9EB178FEC994}.Release_Test|x64.ActiveCfg = Release|Any CPU
		{AF4B3885-F178-4C6B-99C9-9EB178FEC994}.Release_Test|x64.Build.0 = Release|Any CPU
		{AF4B3885-F178-4C6B-99C9-9EB178FEC994}.Release_Test|x86.ActiveCfg = Release|x86
		{AF4B3885-F178-4C6B-99C9-9EB178FEC994}.Release_Test|x86.Build.0 = Release|x86
		{AF4B3885-F178-4C6B-99C9-9EB178FEC994}.Release|Any CPU.ActiveCfg = Release|Any CPU
		{AF4B3885-F178-4C6B-99C9-9EB178FEC994}.Release|Any CPU.Build.0 = Release|Any CPU
		{AF4B3885-F178-4C6B-99C9-9EB178FEC994}.Release|ARM.ActiveCfg = Release|Any CPU
		{AF4B3885-F178-4C6B-99C9-9EB178FEC994}.Release|x64.ActiveCfg = Release|Any CPU
		{AF4B3885-F178-4C6B-99C9-9EB178FEC994}.Release|x86.ActiveCfg = Release|x86
		{AF4B3885-F178-4C6B-99C9-9EB178FEC994}.Release|x86.Build.0 = Release|x86
		{D1F5848B-84D9-4EE5-8969-E62B054DAA4A}.Debug|Any CPU.ActiveCfg = Debug|Any CPU
		{D1F5848B-84D9-4EE5-8969-E62B054DAA4A}.Debug|Any CPU.Build.0 = Debug|Any CPU
		{D1F5848B-84D9-4EE5-8969-E62B054DAA4A}.Debug|ARM.ActiveCfg = Debug|Any CPU
		{D1F5848B-84D9-4EE5-8969-E62B054DAA4A}.Debug|x64.ActiveCfg = Debug|Any CPU
		{D1F5848B-84D9-4EE5-8969-E62B054DAA4A}.Debug|x86.ActiveCfg = Debug|Any CPU
		{D1F5848B-84D9-4EE5-8969-E62B054DAA4A}.Release_Test|Any CPU.ActiveCfg = Release|Any CPU
		{D1F5848B-84D9-4EE5-8969-E62B054DAA4A}.Release_Test|Any CPU.Build.0 = Release|Any CPU
		{D1F5848B-84D9-4EE5-8969-E62B054DAA4A}.Release_Test|ARM.ActiveCfg = Release|Any CPU
		{D1F5848B-84D9-4EE5-8969-E62B054DAA4A}.Release_Test|ARM.Build.0 = Release|Any CPU
		{D1F5848B-84D9-4EE5-8969-E62B054DAA4A}.Release_Test|x64.ActiveCfg = Release|Any CPU
		{D1F5848B-84D9-4EE5-8969-E62B054DAA4A}.Release_Test|x64.Build.0 = Release|Any CPU
		{D1F5848B-84D9-4EE5-8969-E62B054DAA4A}.Release_Test|x86.ActiveCfg = Release|x86
		{D1F5848B-84D9-4EE5-8969-E62B054DAA4A}.Release_Test|x86.Build.0 = Release|x86
		{D1F5848B-84D9-4EE5-8969-E62B054DAA4A}.Release|Any CPU.ActiveCfg = Release|Any CPU
		{D1F5848B-84D9-4EE5-8969-E62B054DAA4A}.Release|Any CPU.Build.0 = Release|Any CPU
		{D1F5848B-84D9-4EE5-8969-E62B054DAA4A}.Release|ARM.ActiveCfg = Release|Any CPU
		{D1F5848B-84D9-4EE5-8969-E62B054DAA4A}.Release|x64.ActiveCfg = Release|Any CPU
		{D1F5848B-84D9-4EE5-8969-E62B054DAA4A}.Release|x86.ActiveCfg = Release|Any CPU
		{950138E6-C355-4858-B074-BADDC9CE3665}.Debug|Any CPU.ActiveCfg = Debug|Any CPU
		{950138E6-C355-4858-B074-BADDC9CE3665}.Debug|Any CPU.Build.0 = Debug|Any CPU
		{950138E6-C355-4858-B074-BADDC9CE3665}.Debug|ARM.ActiveCfg = Debug|Any CPU
		{950138E6-C355-4858-B074-BADDC9CE3665}.Debug|x64.ActiveCfg = Debug|Any CPU
		{950138E6-C355-4858-B074-BADDC9CE3665}.Debug|x86.ActiveCfg = Debug|Any CPU
		{950138E6-C355-4858-B074-BADDC9CE3665}.Release_Test|Any CPU.ActiveCfg = Release|Any CPU
		{950138E6-C355-4858-B074-BADDC9CE3665}.Release_Test|Any CPU.Build.0 = Release|Any CPU
		{950138E6-C355-4858-B074-BADDC9CE3665}.Release_Test|ARM.ActiveCfg = Release|Any CPU
		{950138E6-C355-4858-B074-BADDC9CE3665}.Release_Test|ARM.Build.0 = Release|Any CPU
		{950138E6-C355-4858-B074-BADDC9CE3665}.Release_Test|x64.ActiveCfg = Release|Any CPU
		{950138E6-C355-4858-B074-BADDC9CE3665}.Release_Test|x64.Build.0 = Release|Any CPU
		{950138E6-C355-4858-B074-BADDC9CE3665}.Release_Test|x86.ActiveCfg = Release|x86
		{950138E6-C355-4858-B074-BADDC9CE3665}.Release_Test|x86.Build.0 = Release|x86
		{950138E6-C355-4858-B074-BADDC9CE3665}.Release|Any CPU.ActiveCfg = Release|Any CPU
		{950138E6-C355-4858-B074-BADDC9CE3665}.Release|Any CPU.Build.0 = Release|Any CPU
		{950138E6-C355-4858-B074-BADDC9CE3665}.Release|ARM.ActiveCfg = Release|Any CPU
		{950138E6-C355-4858-B074-BADDC9CE3665}.Release|x64.ActiveCfg = Release|Any CPU
		{950138E6-C355-4858-B074-BADDC9CE3665}.Release|x86.ActiveCfg = Release|Any CPU
		{1C18709A-9E93-426D-AE10-9E73721FDDE1}.Debug|Any CPU.ActiveCfg = Debug|Any CPU
		{1C18709A-9E93-426D-AE10-9E73721FDDE1}.Debug|Any CPU.Build.0 = Debug|Any CPU
		{1C18709A-9E93-426D-AE10-9E73721FDDE1}.Debug|ARM.ActiveCfg = Debug|Any CPU
		{1C18709A-9E93-426D-AE10-9E73721FDDE1}.Debug|x64.ActiveCfg = Debug|Any CPU
		{1C18709A-9E93-426D-AE10-9E73721FDDE1}.Debug|x86.ActiveCfg = Debug|Any CPU
		{1C18709A-9E93-426D-AE10-9E73721FDDE1}.Release_Test|Any CPU.ActiveCfg = Release|Any CPU
		{1C18709A-9E93-426D-AE10-9E73721FDDE1}.Release_Test|Any CPU.Build.0 = Release|Any CPU
		{1C18709A-9E93-426D-AE10-9E73721FDDE1}.Release_Test|ARM.ActiveCfg = Release|Any CPU
		{1C18709A-9E93-426D-AE10-9E73721FDDE1}.Release_Test|ARM.Build.0 = Release|Any CPU
		{1C18709A-9E93-426D-AE10-9E73721FDDE1}.Release_Test|x64.ActiveCfg = Release|Any CPU
		{1C18709A-9E93-426D-AE10-9E73721FDDE1}.Release_Test|x64.Build.0 = Release|Any CPU
		{1C18709A-9E93-426D-AE10-9E73721FDDE1}.Release_Test|x86.ActiveCfg = Release|x86
		{1C18709A-9E93-426D-AE10-9E73721FDDE1}.Release_Test|x86.Build.0 = Release|x86
		{1C18709A-9E93-426D-AE10-9E73721FDDE1}.Release|Any CPU.ActiveCfg = Release|Any CPU
		{1C18709A-9E93-426D-AE10-9E73721FDDE1}.Release|Any CPU.Build.0 = Release|Any CPU
		{1C18709A-9E93-426D-AE10-9E73721FDDE1}.Release|ARM.ActiveCfg = Release|Any CPU
		{1C18709A-9E93-426D-AE10-9E73721FDDE1}.Release|x64.ActiveCfg = Release|Any CPU
		{1C18709A-9E93-426D-AE10-9E73721FDDE1}.Release|x86.ActiveCfg = Release|Any CPU
		{F31191FB-DD9E-4C6C-A37B-796D653DD864}.Debug|Any CPU.ActiveCfg = Debug|Any CPU
		{F31191FB-DD9E-4C6C-A37B-796D653DD864}.Debug|Any CPU.Build.0 = Debug|Any CPU
		{F31191FB-DD9E-4C6C-A37B-796D653DD864}.Debug|ARM.ActiveCfg = Debug|Any CPU
		{F31191FB-DD9E-4C6C-A37B-796D653DD864}.Debug|x64.ActiveCfg = Debug|Any CPU
		{F31191FB-DD9E-4C6C-A37B-796D653DD864}.Debug|x86.ActiveCfg = Debug|Any CPU
		{F31191FB-DD9E-4C6C-A37B-796D653DD864}.Release_Test|Any CPU.ActiveCfg = Release|Any CPU
		{F31191FB-DD9E-4C6C-A37B-796D653DD864}.Release_Test|Any CPU.Build.0 = Release|Any CPU
		{F31191FB-DD9E-4C6C-A37B-796D653DD864}.Release_Test|ARM.ActiveCfg = Release|Any CPU
		{F31191FB-DD9E-4C6C-A37B-796D653DD864}.Release_Test|ARM.Build.0 = Release|Any CPU
		{F31191FB-DD9E-4C6C-A37B-796D653DD864}.Release_Test|x64.ActiveCfg = Release|Any CPU
		{F31191FB-DD9E-4C6C-A37B-796D653DD864}.Release_Test|x64.Build.0 = Release|Any CPU
		{F31191FB-DD9E-4C6C-A37B-796D653DD864}.Release_Test|x86.ActiveCfg = Release|x86
		{F31191FB-DD9E-4C6C-A37B-796D653DD864}.Release_Test|x86.Build.0 = Release|x86
		{F31191FB-DD9E-4C6C-A37B-796D653DD864}.Release|Any CPU.ActiveCfg = Release|Any CPU
		{F31191FB-DD9E-4C6C-A37B-796D653DD864}.Release|Any CPU.Build.0 = Release|Any CPU
		{F31191FB-DD9E-4C6C-A37B-796D653DD864}.Release|ARM.ActiveCfg = Release|Any CPU
		{F31191FB-DD9E-4C6C-A37B-796D653DD864}.Release|x64.ActiveCfg = Release|Any CPU
		{F31191FB-DD9E-4C6C-A37B-796D653DD864}.Release|x86.ActiveCfg = Release|Any CPU
		{59759960-0A48-45EC-ABB9-B4FAAD6D43EE}.Debug|Any CPU.ActiveCfg = Debug|Any CPU
		{59759960-0A48-45EC-ABB9-B4FAAD6D43EE}.Debug|Any CPU.Build.0 = Debug|Any CPU
		{59759960-0A48-45EC-ABB9-B4FAAD6D43EE}.Debug|ARM.ActiveCfg = Debug|Any CPU
		{59759960-0A48-45EC-ABB9-B4FAAD6D43EE}.Debug|x64.ActiveCfg = Debug|Any CPU
		{59759960-0A48-45EC-ABB9-B4FAAD6D43EE}.Debug|x86.ActiveCfg = Debug|Any CPU
		{59759960-0A48-45EC-ABB9-B4FAAD6D43EE}.Release_Test|Any CPU.ActiveCfg = Release|Any CPU
		{59759960-0A48-45EC-ABB9-B4FAAD6D43EE}.Release_Test|Any CPU.Build.0 = Release|Any CPU
		{59759960-0A48-45EC-ABB9-B4FAAD6D43EE}.Release_Test|ARM.ActiveCfg = Release|Any CPU
		{59759960-0A48-45EC-ABB9-B4FAAD6D43EE}.Release_Test|ARM.Build.0 = Release|Any CPU
		{59759960-0A48-45EC-ABB9-B4FAAD6D43EE}.Release_Test|x64.ActiveCfg = Release|Any CPU
		{59759960-0A48-45EC-ABB9-B4FAAD6D43EE}.Release_Test|x64.Build.0 = Release|Any CPU
		{59759960-0A48-45EC-ABB9-B4FAAD6D43EE}.Release_Test|x86.ActiveCfg = Release|x86
		{59759960-0A48-45EC-ABB9-B4FAAD6D43EE}.Release_Test|x86.Build.0 = Release|x86
		{59759960-0A48-45EC-ABB9-B4FAAD6D43EE}.Release|Any CPU.ActiveCfg = Release|Any CPU
		{59759960-0A48-45EC-ABB9-B4FAAD6D43EE}.Release|Any CPU.Build.0 = Release|Any CPU
		{59759960-0A48-45EC-ABB9-B4FAAD6D43EE}.Release|ARM.ActiveCfg = Release|Any CPU
		{59759960-0A48-45EC-ABB9-B4FAAD6D43EE}.Release|x64.ActiveCfg = Release|Any CPU
		{59759960-0A48-45EC-ABB9-B4FAAD6D43EE}.Release|x86.ActiveCfg = Release|Any CPU
		{9BDB193E-E3BA-4A1D-8C6E-ECABB6FFC7AB}.Debug|Any CPU.ActiveCfg = Debug|Any CPU
		{9BDB193E-E3BA-4A1D-8C6E-ECABB6FFC7AB}.Debug|Any CPU.Build.0 = Debug|Any CPU
		{9BDB193E-E3BA-4A1D-8C6E-ECABB6FFC7AB}.Debug|ARM.ActiveCfg = Debug|Any CPU
		{9BDB193E-E3BA-4A1D-8C6E-ECABB6FFC7AB}.Debug|x64.ActiveCfg = Debug|Any CPU
		{9BDB193E-E3BA-4A1D-8C6E-ECABB6FFC7AB}.Debug|x86.ActiveCfg = Debug|Any CPU
		{9BDB193E-E3BA-4A1D-8C6E-ECABB6FFC7AB}.Release_Test|Any CPU.ActiveCfg = Release|Any CPU
		{9BDB193E-E3BA-4A1D-8C6E-ECABB6FFC7AB}.Release_Test|Any CPU.Build.0 = Release|Any CPU
		{9BDB193E-E3BA-4A1D-8C6E-ECABB6FFC7AB}.Release_Test|ARM.ActiveCfg = Release|Any CPU
		{9BDB193E-E3BA-4A1D-8C6E-ECABB6FFC7AB}.Release_Test|ARM.Build.0 = Release|Any CPU
		{9BDB193E-E3BA-4A1D-8C6E-ECABB6FFC7AB}.Release_Test|x64.ActiveCfg = Release|Any CPU
		{9BDB193E-E3BA-4A1D-8C6E-ECABB6FFC7AB}.Release_Test|x64.Build.0 = Release|Any CPU
		{9BDB193E-E3BA-4A1D-8C6E-ECABB6FFC7AB}.Release_Test|x86.ActiveCfg = Release|x86
		{9BDB193E-E3BA-4A1D-8C6E-ECABB6FFC7AB}.Release_Test|x86.Build.0 = Release|x86
		{9BDB193E-E3BA-4A1D-8C6E-ECABB6FFC7AB}.Release|Any CPU.ActiveCfg = Release|Any CPU
		{9BDB193E-E3BA-4A1D-8C6E-ECABB6FFC7AB}.Release|Any CPU.Build.0 = Release|Any CPU
		{9BDB193E-E3BA-4A1D-8C6E-ECABB6FFC7AB}.Release|ARM.ActiveCfg = Release|Any CPU
		{9BDB193E-E3BA-4A1D-8C6E-ECABB6FFC7AB}.Release|x64.ActiveCfg = Release|Any CPU
		{9BDB193E-E3BA-4A1D-8C6E-ECABB6FFC7AB}.Release|x86.ActiveCfg = Release|Any CPU
		{AB487BD2-9CF7-4C4E-A938-5B9FEE4C4E76}.Debug|Any CPU.ActiveCfg = Debug|Any CPU
		{AB487BD2-9CF7-4C4E-A938-5B9FEE4C4E76}.Debug|Any CPU.Build.0 = Debug|Any CPU
		{AB487BD2-9CF7-4C4E-A938-5B9FEE4C4E76}.Debug|ARM.ActiveCfg = Debug|Any CPU
		{AB487BD2-9CF7-4C4E-A938-5B9FEE4C4E76}.Debug|x64.ActiveCfg = Debug|Any CPU
		{AB487BD2-9CF7-4C4E-A938-5B9FEE4C4E76}.Debug|x86.ActiveCfg = Debug|Any CPU
		{AB487BD2-9CF7-4C4E-A938-5B9FEE4C4E76}.Release_Test|Any CPU.ActiveCfg = Release|Any CPU
		{AB487BD2-9CF7-4C4E-A938-5B9FEE4C4E76}.Release_Test|Any CPU.Build.0 = Release|Any CPU
		{AB487BD2-9CF7-4C4E-A938-5B9FEE4C4E76}.Release_Test|ARM.ActiveCfg = Release|Any CPU
		{AB487BD2-9CF7-4C4E-A938-5B9FEE4C4E76}.Release_Test|ARM.Build.0 = Release|Any CPU
		{AB487BD2-9CF7-4C4E-A938-5B9FEE4C4E76}.Release_Test|x64.ActiveCfg = Release|Any CPU
		{AB487BD2-9CF7-4C4E-A938-5B9FEE4C4E76}.Release_Test|x64.Build.0 = Release|Any CPU
		{AB487BD2-9CF7-4C4E-A938-5B9FEE4C4E76}.Release_Test|x86.ActiveCfg = Release|x86
		{AB487BD2-9CF7-4C4E-A938-5B9FEE4C4E76}.Release_Test|x86.Build.0 = Release|x86
		{AB487BD2-9CF7-4C4E-A938-5B9FEE4C4E76}.Release|Any CPU.ActiveCfg = Release|Any CPU
		{AB487BD2-9CF7-4C4E-A938-5B9FEE4C4E76}.Release|Any CPU.Build.0 = Release|Any CPU
		{AB487BD2-9CF7-4C4E-A938-5B9FEE4C4E76}.Release|ARM.ActiveCfg = Release|Any CPU
		{AB487BD2-9CF7-4C4E-A938-5B9FEE4C4E76}.Release|x64.ActiveCfg = Release|Any CPU
		{AB487BD2-9CF7-4C4E-A938-5B9FEE4C4E76}.Release|x86.ActiveCfg = Release|Any CPU
		{4EA73D38-5443-4A40-93AB-4869202EFFFC}.Debug|Any CPU.ActiveCfg = Debug|Any CPU
		{4EA73D38-5443-4A40-93AB-4869202EFFFC}.Debug|Any CPU.Build.0 = Debug|Any CPU
		{4EA73D38-5443-4A40-93AB-4869202EFFFC}.Debug|ARM.ActiveCfg = Debug|Any CPU
		{4EA73D38-5443-4A40-93AB-4869202EFFFC}.Debug|x64.ActiveCfg = Debug|Any CPU
		{4EA73D38-5443-4A40-93AB-4869202EFFFC}.Debug|x86.ActiveCfg = Debug|Any CPU
		{4EA73D38-5443-4A40-93AB-4869202EFFFC}.Release_Test|Any CPU.ActiveCfg = Release|Any CPU
		{4EA73D38-5443-4A40-93AB-4869202EFFFC}.Release_Test|Any CPU.Build.0 = Release|Any CPU
		{4EA73D38-5443-4A40-93AB-4869202EFFFC}.Release_Test|ARM.ActiveCfg = Release|Any CPU
		{4EA73D38-5443-4A40-93AB-4869202EFFFC}.Release_Test|ARM.Build.0 = Release|Any CPU
		{4EA73D38-5443-4A40-93AB-4869202EFFFC}.Release_Test|x64.ActiveCfg = Release|Any CPU
		{4EA73D38-5443-4A40-93AB-4869202EFFFC}.Release_Test|x64.Build.0 = Release|Any CPU
		{4EA73D38-5443-4A40-93AB-4869202EFFFC}.Release_Test|x86.ActiveCfg = Release|x86
		{4EA73D38-5443-4A40-93AB-4869202EFFFC}.Release_Test|x86.Build.0 = Release|x86
		{4EA73D38-5443-4A40-93AB-4869202EFFFC}.Release|Any CPU.ActiveCfg = Release|Any CPU
		{4EA73D38-5443-4A40-93AB-4869202EFFFC}.Release|Any CPU.Build.0 = Release|Any CPU
		{4EA73D38-5443-4A40-93AB-4869202EFFFC}.Release|ARM.ActiveCfg = Release|Any CPU
		{4EA73D38-5443-4A40-93AB-4869202EFFFC}.Release|x64.ActiveCfg = Release|Any CPU
		{4EA73D38-5443-4A40-93AB-4869202EFFFC}.Release|x86.ActiveCfg = Release|Any CPU
		{98045AE6-1CEB-43BC-8305-E6B0FBF540A7}.Debug|Any CPU.ActiveCfg = Debug|Any CPU
		{98045AE6-1CEB-43BC-8305-E6B0FBF540A7}.Debug|Any CPU.Build.0 = Debug|Any CPU
		{98045AE6-1CEB-43BC-8305-E6B0FBF540A7}.Debug|ARM.ActiveCfg = Debug|Any CPU
		{98045AE6-1CEB-43BC-8305-E6B0FBF540A7}.Debug|x64.ActiveCfg = Debug|Any CPU
		{98045AE6-1CEB-43BC-8305-E6B0FBF540A7}.Debug|x86.ActiveCfg = Debug|Any CPU
		{98045AE6-1CEB-43BC-8305-E6B0FBF540A7}.Release_Test|Any CPU.ActiveCfg = Release|Any CPU
		{98045AE6-1CEB-43BC-8305-E6B0FBF540A7}.Release_Test|Any CPU.Build.0 = Release|Any CPU
		{98045AE6-1CEB-43BC-8305-E6B0FBF540A7}.Release_Test|ARM.ActiveCfg = Release|Any CPU
		{98045AE6-1CEB-43BC-8305-E6B0FBF540A7}.Release_Test|ARM.Build.0 = Release|Any CPU
		{98045AE6-1CEB-43BC-8305-E6B0FBF540A7}.Release_Test|x64.ActiveCfg = Release|Any CPU
		{98045AE6-1CEB-43BC-8305-E6B0FBF540A7}.Release_Test|x64.Build.0 = Release|Any CPU
		{98045AE6-1CEB-43BC-8305-E6B0FBF540A7}.Release_Test|x86.ActiveCfg = Release|x86
		{98045AE6-1CEB-43BC-8305-E6B0FBF540A7}.Release_Test|x86.Build.0 = Release|x86
		{98045AE6-1CEB-43BC-8305-E6B0FBF540A7}.Release|Any CPU.ActiveCfg = Release|Any CPU
		{98045AE6-1CEB-43BC-8305-E6B0FBF540A7}.Release|Any CPU.Build.0 = Release|Any CPU
		{98045AE6-1CEB-43BC-8305-E6B0FBF540A7}.Release|ARM.ActiveCfg = Release|Any CPU
		{98045AE6-1CEB-43BC-8305-E6B0FBF540A7}.Release|x64.ActiveCfg = Release|Any CPU
		{98045AE6-1CEB-43BC-8305-E6B0FBF540A7}.Release|x86.ActiveCfg = Release|Any CPU
		{48F6C9E8-F8B7-4E51-9D0F-0B309252ED6D}.Debug|Any CPU.ActiveCfg = Debug|Any CPU
		{48F6C9E8-F8B7-4E51-9D0F-0B309252ED6D}.Debug|Any CPU.Build.0 = Debug|Any CPU
		{48F6C9E8-F8B7-4E51-9D0F-0B309252ED6D}.Debug|ARM.ActiveCfg = Debug|Any CPU
		{48F6C9E8-F8B7-4E51-9D0F-0B309252ED6D}.Debug|x64.ActiveCfg = Debug|Any CPU
		{48F6C9E8-F8B7-4E51-9D0F-0B309252ED6D}.Debug|x86.ActiveCfg = Debug|Any CPU
		{48F6C9E8-F8B7-4E51-9D0F-0B309252ED6D}.Release_Test|Any CPU.ActiveCfg = Release|Any CPU
		{48F6C9E8-F8B7-4E51-9D0F-0B309252ED6D}.Release_Test|Any CPU.Build.0 = Release|Any CPU
		{48F6C9E8-F8B7-4E51-9D0F-0B309252ED6D}.Release_Test|ARM.ActiveCfg = Release|Any CPU
		{48F6C9E8-F8B7-4E51-9D0F-0B309252ED6D}.Release_Test|ARM.Build.0 = Release|Any CPU
		{48F6C9E8-F8B7-4E51-9D0F-0B309252ED6D}.Release_Test|x64.ActiveCfg = Release|Any CPU
		{48F6C9E8-F8B7-4E51-9D0F-0B309252ED6D}.Release_Test|x64.Build.0 = Release|Any CPU
		{48F6C9E8-F8B7-4E51-9D0F-0B309252ED6D}.Release_Test|x86.ActiveCfg = Release|x86
		{48F6C9E8-F8B7-4E51-9D0F-0B309252ED6D}.Release_Test|x86.Build.0 = Release|x86
		{48F6C9E8-F8B7-4E51-9D0F-0B309252ED6D}.Release|Any CPU.ActiveCfg = Release|Any CPU
		{48F6C9E8-F8B7-4E51-9D0F-0B309252ED6D}.Release|Any CPU.Build.0 = Release|Any CPU
		{48F6C9E8-F8B7-4E51-9D0F-0B309252ED6D}.Release|ARM.ActiveCfg = Release|Any CPU
		{48F6C9E8-F8B7-4E51-9D0F-0B309252ED6D}.Release|x64.ActiveCfg = Release|Any CPU
		{48F6C9E8-F8B7-4E51-9D0F-0B309252ED6D}.Release|x86.ActiveCfg = Release|Any CPU
		{8E3EE43C-8702-445F-95A8-ABC91F3337A8}.Debug|Any CPU.ActiveCfg = Debug|Any CPU
		{8E3EE43C-8702-445F-95A8-ABC91F3337A8}.Debug|Any CPU.Build.0 = Debug|Any CPU
		{8E3EE43C-8702-445F-95A8-ABC91F3337A8}.Debug|ARM.ActiveCfg = Debug|Any CPU
		{8E3EE43C-8702-445F-95A8-ABC91F3337A8}.Debug|x64.ActiveCfg = Debug|Any CPU
		{8E3EE43C-8702-445F-95A8-ABC91F3337A8}.Debug|x86.ActiveCfg = Debug|Any CPU
		{8E3EE43C-8702-445F-95A8-ABC91F3337A8}.Release_Test|Any CPU.ActiveCfg = Release|Any CPU
		{8E3EE43C-8702-445F-95A8-ABC91F3337A8}.Release_Test|Any CPU.Build.0 = Release|Any CPU
		{8E3EE43C-8702-445F-95A8-ABC91F3337A8}.Release_Test|ARM.ActiveCfg = Release|Any CPU
		{8E3EE43C-8702-445F-95A8-ABC91F3337A8}.Release_Test|ARM.Build.0 = Release|Any CPU
		{8E3EE43C-8702-445F-95A8-ABC91F3337A8}.Release_Test|x64.ActiveCfg = Release|Any CPU
		{8E3EE43C-8702-445F-95A8-ABC91F3337A8}.Release_Test|x64.Build.0 = Release|Any CPU
		{8E3EE43C-8702-445F-95A8-ABC91F3337A8}.Release_Test|x86.ActiveCfg = Release|x86
		{8E3EE43C-8702-445F-95A8-ABC91F3337A8}.Release_Test|x86.Build.0 = Release|x86
		{8E3EE43C-8702-445F-95A8-ABC91F3337A8}.Release|Any CPU.ActiveCfg = Release|Any CPU
		{8E3EE43C-8702-445F-95A8-ABC91F3337A8}.Release|Any CPU.Build.0 = Release|Any CPU
		{8E3EE43C-8702-445F-95A8-ABC91F3337A8}.Release|ARM.ActiveCfg = Release|Any CPU
		{8E3EE43C-8702-445F-95A8-ABC91F3337A8}.Release|x64.ActiveCfg = Release|Any CPU
		{8E3EE43C-8702-445F-95A8-ABC91F3337A8}.Release|x86.ActiveCfg = Release|Any CPU
		{5C5D57AF-736E-4A20-91BF-253459F5E746}.Debug|Any CPU.ActiveCfg = Debug|Any CPU
		{5C5D57AF-736E-4A20-91BF-253459F5E746}.Debug|Any CPU.Build.0 = Debug|Any CPU
		{5C5D57AF-736E-4A20-91BF-253459F5E746}.Debug|ARM.ActiveCfg = Debug|Any CPU
		{5C5D57AF-736E-4A20-91BF-253459F5E746}.Debug|x64.ActiveCfg = Debug|Any CPU
		{5C5D57AF-736E-4A20-91BF-253459F5E746}.Debug|x86.ActiveCfg = Debug|Any CPU
		{5C5D57AF-736E-4A20-91BF-253459F5E746}.Release_Test|Any CPU.ActiveCfg = Release|Any CPU
		{5C5D57AF-736E-4A20-91BF-253459F5E746}.Release_Test|Any CPU.Build.0 = Release|Any CPU
		{5C5D57AF-736E-4A20-91BF-253459F5E746}.Release_Test|ARM.ActiveCfg = Release|Any CPU
		{5C5D57AF-736E-4A20-91BF-253459F5E746}.Release_Test|ARM.Build.0 = Release|Any CPU
		{5C5D57AF-736E-4A20-91BF-253459F5E746}.Release_Test|x64.ActiveCfg = Release|Any CPU
		{5C5D57AF-736E-4A20-91BF-253459F5E746}.Release_Test|x64.Build.0 = Release|Any CPU
		{5C5D57AF-736E-4A20-91BF-253459F5E746}.Release_Test|x86.ActiveCfg = Release|Any CPU
		{5C5D57AF-736E-4A20-91BF-253459F5E746}.Release_Test|x86.Build.0 = Release|Any CPU
		{5C5D57AF-736E-4A20-91BF-253459F5E746}.Release|Any CPU.ActiveCfg = Release|Any CPU
		{5C5D57AF-736E-4A20-91BF-253459F5E746}.Release|Any CPU.Build.0 = Release|Any CPU
		{5C5D57AF-736E-4A20-91BF-253459F5E746}.Release|ARM.ActiveCfg = Release|Any CPU
		{5C5D57AF-736E-4A20-91BF-253459F5E746}.Release|x64.ActiveCfg = Release|Any CPU
		{5C5D57AF-736E-4A20-91BF-253459F5E746}.Release|x86.ActiveCfg = Release|Any CPU
		{8BED43B1-B215-49BF-9DB7-5C72171E1CAD}.Debug|Any CPU.ActiveCfg = Debug|Any CPU
		{8BED43B1-B215-49BF-9DB7-5C72171E1CAD}.Debug|Any CPU.Build.0 = Debug|Any CPU
		{8BED43B1-B215-49BF-9DB7-5C72171E1CAD}.Debug|ARM.ActiveCfg = Debug|Any CPU
		{8BED43B1-B215-49BF-9DB7-5C72171E1CAD}.Debug|ARM.Build.0 = Debug|Any CPU
		{8BED43B1-B215-49BF-9DB7-5C72171E1CAD}.Debug|x64.ActiveCfg = Debug|Any CPU
		{8BED43B1-B215-49BF-9DB7-5C72171E1CAD}.Debug|x64.Build.0 = Debug|Any CPU
		{8BED43B1-B215-49BF-9DB7-5C72171E1CAD}.Debug|x86.ActiveCfg = Debug|Any CPU
		{8BED43B1-B215-49BF-9DB7-5C72171E1CAD}.Debug|x86.Build.0 = Debug|Any CPU
		{8BED43B1-B215-49BF-9DB7-5C72171E1CAD}.Release_Test|Any CPU.ActiveCfg = Release|Any CPU
		{8BED43B1-B215-49BF-9DB7-5C72171E1CAD}.Release_Test|Any CPU.Build.0 = Release|Any CPU
		{8BED43B1-B215-49BF-9DB7-5C72171E1CAD}.Release_Test|ARM.ActiveCfg = Release|Any CPU
		{8BED43B1-B215-49BF-9DB7-5C72171E1CAD}.Release_Test|ARM.Build.0 = Release|Any CPU
		{8BED43B1-B215-49BF-9DB7-5C72171E1CAD}.Release_Test|x64.ActiveCfg = Release|Any CPU
		{8BED43B1-B215-49BF-9DB7-5C72171E1CAD}.Release_Test|x64.Build.0 = Release|Any CPU
		{8BED43B1-B215-49BF-9DB7-5C72171E1CAD}.Release_Test|x86.ActiveCfg = Release|Any CPU
		{8BED43B1-B215-49BF-9DB7-5C72171E1CAD}.Release_Test|x86.Build.0 = Release|Any CPU
		{8BED43B1-B215-49BF-9DB7-5C72171E1CAD}.Release|Any CPU.ActiveCfg = Release|Any CPU
		{8BED43B1-B215-49BF-9DB7-5C72171E1CAD}.Release|Any CPU.Build.0 = Release|Any CPU
		{8BED43B1-B215-49BF-9DB7-5C72171E1CAD}.Release|ARM.ActiveCfg = Release|Any CPU
		{8BED43B1-B215-49BF-9DB7-5C72171E1CAD}.Release|ARM.Build.0 = Release|Any CPU
		{8BED43B1-B215-49BF-9DB7-5C72171E1CAD}.Release|x64.ActiveCfg = Release|Any CPU
		{8BED43B1-B215-49BF-9DB7-5C72171E1CAD}.Release|x64.Build.0 = Release|Any CPU
		{8BED43B1-B215-49BF-9DB7-5C72171E1CAD}.Release|x86.ActiveCfg = Release|Any CPU
		{8BED43B1-B215-49BF-9DB7-5C72171E1CAD}.Release|x86.Build.0 = Release|Any CPU
		{1BC6FED6-2F2A-4ED5-A3DB-67DD2070B292}.Debug|Any CPU.ActiveCfg = Debug|Any CPU
		{1BC6FED6-2F2A-4ED5-A3DB-67DD2070B292}.Debug|Any CPU.Build.0 = Debug|Any CPU
		{1BC6FED6-2F2A-4ED5-A3DB-67DD2070B292}.Debug|ARM.ActiveCfg = Debug|Any CPU
		{1BC6FED6-2F2A-4ED5-A3DB-67DD2070B292}.Debug|ARM.Build.0 = Debug|Any CPU
		{1BC6FED6-2F2A-4ED5-A3DB-67DD2070B292}.Debug|x64.ActiveCfg = Debug|Any CPU
		{1BC6FED6-2F2A-4ED5-A3DB-67DD2070B292}.Debug|x64.Build.0 = Debug|Any CPU
		{1BC6FED6-2F2A-4ED5-A3DB-67DD2070B292}.Debug|x86.ActiveCfg = Debug|Any CPU
		{1BC6FED6-2F2A-4ED5-A3DB-67DD2070B292}.Debug|x86.Build.0 = Debug|Any CPU
		{1BC6FED6-2F2A-4ED5-A3DB-67DD2070B292}.Release_Test|Any CPU.ActiveCfg = Release|Any CPU
		{1BC6FED6-2F2A-4ED5-A3DB-67DD2070B292}.Release_Test|Any CPU.Build.0 = Release|Any CPU
		{1BC6FED6-2F2A-4ED5-A3DB-67DD2070B292}.Release_Test|ARM.ActiveCfg = Release|Any CPU
		{1BC6FED6-2F2A-4ED5-A3DB-67DD2070B292}.Release_Test|ARM.Build.0 = Release|Any CPU
		{1BC6FED6-2F2A-4ED5-A3DB-67DD2070B292}.Release_Test|x64.ActiveCfg = Release|Any CPU
		{1BC6FED6-2F2A-4ED5-A3DB-67DD2070B292}.Release_Test|x64.Build.0 = Release|Any CPU
		{1BC6FED6-2F2A-4ED5-A3DB-67DD2070B292}.Release_Test|x86.ActiveCfg = Release|Any CPU
		{1BC6FED6-2F2A-4ED5-A3DB-67DD2070B292}.Release_Test|x86.Build.0 = Release|Any CPU
		{1BC6FED6-2F2A-4ED5-A3DB-67DD2070B292}.Release|Any CPU.ActiveCfg = Release|Any CPU
		{1BC6FED6-2F2A-4ED5-A3DB-67DD2070B292}.Release|Any CPU.Build.0 = Release|Any CPU
		{1BC6FED6-2F2A-4ED5-A3DB-67DD2070B292}.Release|ARM.ActiveCfg = Release|Any CPU
		{1BC6FED6-2F2A-4ED5-A3DB-67DD2070B292}.Release|ARM.Build.0 = Release|Any CPU
		{1BC6FED6-2F2A-4ED5-A3DB-67DD2070B292}.Release|x64.ActiveCfg = Release|Any CPU
		{1BC6FED6-2F2A-4ED5-A3DB-67DD2070B292}.Release|x64.Build.0 = Release|Any CPU
		{1BC6FED6-2F2A-4ED5-A3DB-67DD2070B292}.Release|x86.ActiveCfg = Release|Any CPU
		{1BC6FED6-2F2A-4ED5-A3DB-67DD2070B292}.Release|x86.Build.0 = Release|Any CPU
		{38238922-64DB-4551-91D3-8C9922320B9B}.Debug|Any CPU.ActiveCfg = Debug|x86
		{38238922-64DB-4551-91D3-8C9922320B9B}.Debug|Any CPU.Build.0 = Debug|x86
		{38238922-64DB-4551-91D3-8C9922320B9B}.Debug|ARM.ActiveCfg = Debug|x86
		{38238922-64DB-4551-91D3-8C9922320B9B}.Debug|x64.ActiveCfg = Debug|x86
		{38238922-64DB-4551-91D3-8C9922320B9B}.Debug|x86.ActiveCfg = Debug|x86
		{38238922-64DB-4551-91D3-8C9922320B9B}.Debug|x86.Build.0 = Debug|x86
		{38238922-64DB-4551-91D3-8C9922320B9B}.Release_Test|Any CPU.ActiveCfg = Release|x86
		{38238922-64DB-4551-91D3-8C9922320B9B}.Release_Test|Any CPU.Build.0 = Release|x86
		{38238922-64DB-4551-91D3-8C9922320B9B}.Release_Test|ARM.ActiveCfg = Release|x86
		{38238922-64DB-4551-91D3-8C9922320B9B}.Release_Test|ARM.Build.0 = Release|x86
		{38238922-64DB-4551-91D3-8C9922320B9B}.Release_Test|x64.ActiveCfg = Release|x86
		{38238922-64DB-4551-91D3-8C9922320B9B}.Release_Test|x64.Build.0 = Release|x86
		{38238922-64DB-4551-91D3-8C9922320B9B}.Release_Test|x86.ActiveCfg = Release|x86
		{38238922-64DB-4551-91D3-8C9922320B9B}.Release_Test|x86.Build.0 = Release|x86
		{38238922-64DB-4551-91D3-8C9922320B9B}.Release|Any CPU.ActiveCfg = Release|x86
		{38238922-64DB-4551-91D3-8C9922320B9B}.Release|Any CPU.Build.0 = Release|x86
		{38238922-64DB-4551-91D3-8C9922320B9B}.Release|ARM.ActiveCfg = Release|x86
		{38238922-64DB-4551-91D3-8C9922320B9B}.Release|x64.ActiveCfg = Release|x86
		{38238922-64DB-4551-91D3-8C9922320B9B}.Release|x86.ActiveCfg = Release|x86
		{38238922-64DB-4551-91D3-8C9922320B9B}.Release|x86.Build.0 = Release|x86
		{DD688819-8BEB-40EF-928D-6C4951B8264F}.Debug|Any CPU.ActiveCfg = Debug|x86
		{DD688819-8BEB-40EF-928D-6C4951B8264F}.Debug|Any CPU.Build.0 = Debug|x86
		{DD688819-8BEB-40EF-928D-6C4951B8264F}.Debug|ARM.ActiveCfg = Debug|x86
		{DD688819-8BEB-40EF-928D-6C4951B8264F}.Debug|x64.ActiveCfg = Debug|x86
		{DD688819-8BEB-40EF-928D-6C4951B8264F}.Debug|x86.ActiveCfg = Debug|x86
		{DD688819-8BEB-40EF-928D-6C4951B8264F}.Debug|x86.Build.0 = Debug|x86
		{DD688819-8BEB-40EF-928D-6C4951B8264F}.Release_Test|Any CPU.ActiveCfg = Release|x86
		{DD688819-8BEB-40EF-928D-6C4951B8264F}.Release_Test|Any CPU.Build.0 = Release|x86
		{DD688819-8BEB-40EF-928D-6C4951B8264F}.Release_Test|ARM.ActiveCfg = Release|x86
		{DD688819-8BEB-40EF-928D-6C4951B8264F}.Release_Test|ARM.Build.0 = Release|x86
		{DD688819-8BEB-40EF-928D-6C4951B8264F}.Release_Test|x64.ActiveCfg = Release|x86
		{DD688819-8BEB-40EF-928D-6C4951B8264F}.Release_Test|x64.Build.0 = Release|x86
		{DD688819-8BEB-40EF-928D-6C4951B8264F}.Release_Test|x86.ActiveCfg = Release|x86
		{DD688819-8BEB-40EF-928D-6C4951B8264F}.Release_Test|x86.Build.0 = Release|x86
		{DD688819-8BEB-40EF-928D-6C4951B8264F}.Release|Any CPU.ActiveCfg = Release|x86
		{DD688819-8BEB-40EF-928D-6C4951B8264F}.Release|Any CPU.Build.0 = Release|x86
		{DD688819-8BEB-40EF-928D-6C4951B8264F}.Release|ARM.ActiveCfg = Release|x86
		{DD688819-8BEB-40EF-928D-6C4951B8264F}.Release|x64.ActiveCfg = Release|x86
		{DD688819-8BEB-40EF-928D-6C4951B8264F}.Release|x86.ActiveCfg = Release|x86
		{DD688819-8BEB-40EF-928D-6C4951B8264F}.Release|x86.Build.0 = Release|x86
		{C692CECB-141B-402E-ABB4-210510CAAA21}.Debug|Any CPU.ActiveCfg = Debug|x86
		{C692CECB-141B-402E-ABB4-210510CAAA21}.Debug|Any CPU.Build.0 = Debug|x86
		{C692CECB-141B-402E-ABB4-210510CAAA21}.Debug|ARM.ActiveCfg = Debug|x86
		{C692CECB-141B-402E-ABB4-210510CAAA21}.Debug|x64.ActiveCfg = Debug|x86
		{C692CECB-141B-402E-ABB4-210510CAAA21}.Debug|x86.ActiveCfg = Debug|x86
		{C692CECB-141B-402E-ABB4-210510CAAA21}.Debug|x86.Build.0 = Debug|x86
		{C692CECB-141B-402E-ABB4-210510CAAA21}.Release_Test|Any CPU.ActiveCfg = Release|x86
		{C692CECB-141B-402E-ABB4-210510CAAA21}.Release_Test|Any CPU.Build.0 = Release|x86
		{C692CECB-141B-402E-ABB4-210510CAAA21}.Release_Test|ARM.ActiveCfg = Release|x86
		{C692CECB-141B-402E-ABB4-210510CAAA21}.Release_Test|ARM.Build.0 = Release|x86
		{C692CECB-141B-402E-ABB4-210510CAAA21}.Release_Test|x64.ActiveCfg = Release|x86
		{C692CECB-141B-402E-ABB4-210510CAAA21}.Release_Test|x64.Build.0 = Release|x86
		{C692CECB-141B-402E-ABB4-210510CAAA21}.Release_Test|x86.ActiveCfg = Release|x86
		{C692CECB-141B-402E-ABB4-210510CAAA21}.Release_Test|x86.Build.0 = Release|x86
		{C692CECB-141B-402E-ABB4-210510CAAA21}.Release|Any CPU.ActiveCfg = Release|x86
		{C692CECB-141B-402E-ABB4-210510CAAA21}.Release|Any CPU.Build.0 = Release|x86
		{C692CECB-141B-402E-ABB4-210510CAAA21}.Release|ARM.ActiveCfg = Release|x86
		{C692CECB-141B-402E-ABB4-210510CAAA21}.Release|x64.ActiveCfg = Release|x86
		{C692CECB-141B-402E-ABB4-210510CAAA21}.Release|x86.ActiveCfg = Release|x86
		{C692CECB-141B-402E-ABB4-210510CAAA21}.Release|x86.Build.0 = Release|x86
		{13EC7B30-1F41-495F-A679-49D1A745AB76}.Debug|Any CPU.ActiveCfg = Debug|Any CPU
		{13EC7B30-1F41-495F-A679-49D1A745AB76}.Debug|Any CPU.Build.0 = Debug|Any CPU
		{13EC7B30-1F41-495F-A679-49D1A745AB76}.Debug|ARM.ActiveCfg = Debug|Any CPU
		{13EC7B30-1F41-495F-A679-49D1A745AB76}.Debug|ARM.Build.0 = Debug|Any CPU
		{13EC7B30-1F41-495F-A679-49D1A745AB76}.Debug|x64.ActiveCfg = Debug|Any CPU
		{13EC7B30-1F41-495F-A679-49D1A745AB76}.Debug|x64.Build.0 = Debug|Any CPU
		{13EC7B30-1F41-495F-A679-49D1A745AB76}.Debug|x86.ActiveCfg = Debug|Any CPU
		{13EC7B30-1F41-495F-A679-49D1A745AB76}.Debug|x86.Build.0 = Debug|Any CPU
		{13EC7B30-1F41-495F-A679-49D1A745AB76}.Release_Test|Any CPU.ActiveCfg = Release|Any CPU
		{13EC7B30-1F41-495F-A679-49D1A745AB76}.Release_Test|Any CPU.Build.0 = Release|Any CPU
		{13EC7B30-1F41-495F-A679-49D1A745AB76}.Release_Test|ARM.ActiveCfg = Release|Any CPU
		{13EC7B30-1F41-495F-A679-49D1A745AB76}.Release_Test|ARM.Build.0 = Release|Any CPU
		{13EC7B30-1F41-495F-A679-49D1A745AB76}.Release_Test|x64.ActiveCfg = Release|Any CPU
		{13EC7B30-1F41-495F-A679-49D1A745AB76}.Release_Test|x64.Build.0 = Release|Any CPU
		{13EC7B30-1F41-495F-A679-49D1A745AB76}.Release_Test|x86.ActiveCfg = Release|Any CPU
		{13EC7B30-1F41-495F-A679-49D1A745AB76}.Release_Test|x86.Build.0 = Release|Any CPU
		{13EC7B30-1F41-495F-A679-49D1A745AB76}.Release|Any CPU.ActiveCfg = Release|Any CPU
		{13EC7B30-1F41-495F-A679-49D1A745AB76}.Release|Any CPU.Build.0 = Release|Any CPU
		{13EC7B30-1F41-495F-A679-49D1A745AB76}.Release|ARM.ActiveCfg = Release|Any CPU
		{13EC7B30-1F41-495F-A679-49D1A745AB76}.Release|ARM.Build.0 = Release|Any CPU
		{13EC7B30-1F41-495F-A679-49D1A745AB76}.Release|x64.ActiveCfg = Release|Any CPU
		{13EC7B30-1F41-495F-A679-49D1A745AB76}.Release|x64.Build.0 = Release|Any CPU
		{13EC7B30-1F41-495F-A679-49D1A745AB76}.Release|x86.ActiveCfg = Release|Any CPU
		{13EC7B30-1F41-495F-A679-49D1A745AB76}.Release|x86.Build.0 = Release|Any CPU
		{F145C512-7B6E-4DE3-9D7C-CD64151A829D}.Debug|Any CPU.ActiveCfg = Debug|Any CPU
		{F145C512-7B6E-4DE3-9D7C-CD64151A829D}.Debug|Any CPU.Build.0 = Debug|Any CPU
		{F145C512-7B6E-4DE3-9D7C-CD64151A829D}.Debug|ARM.ActiveCfg = Debug|Any CPU
		{F145C512-7B6E-4DE3-9D7C-CD64151A829D}.Debug|ARM.Build.0 = Debug|Any CPU
		{F145C512-7B6E-4DE3-9D7C-CD64151A829D}.Debug|x64.ActiveCfg = Debug|Any CPU
		{F145C512-7B6E-4DE3-9D7C-CD64151A829D}.Debug|x64.Build.0 = Debug|Any CPU
		{F145C512-7B6E-4DE3-9D7C-CD64151A829D}.Debug|x86.ActiveCfg = Debug|Any CPU
		{F145C512-7B6E-4DE3-9D7C-CD64151A829D}.Debug|x86.Build.0 = Debug|Any CPU
		{F145C512-7B6E-4DE3-9D7C-CD64151A829D}.Release_Test|Any CPU.ActiveCfg = Release|Any CPU
		{F145C512-7B6E-4DE3-9D7C-CD64151A829D}.Release_Test|Any CPU.Build.0 = Release|Any CPU
		{F145C512-7B6E-4DE3-9D7C-CD64151A829D}.Release_Test|ARM.ActiveCfg = Release|Any CPU
		{F145C512-7B6E-4DE3-9D7C-CD64151A829D}.Release_Test|ARM.Build.0 = Release|Any CPU
		{F145C512-7B6E-4DE3-9D7C-CD64151A829D}.Release_Test|x64.ActiveCfg = Release|Any CPU
		{F145C512-7B6E-4DE3-9D7C-CD64151A829D}.Release_Test|x64.Build.0 = Release|Any CPU
		{F145C512-7B6E-4DE3-9D7C-CD64151A829D}.Release_Test|x86.ActiveCfg = Release|Any CPU
		{F145C512-7B6E-4DE3-9D7C-CD64151A829D}.Release_Test|x86.Build.0 = Release|Any CPU
		{F145C512-7B6E-4DE3-9D7C-CD64151A829D}.Release|Any CPU.ActiveCfg = Release|Any CPU
		{F145C512-7B6E-4DE3-9D7C-CD64151A829D}.Release|Any CPU.Build.0 = Release|Any CPU
		{F145C512-7B6E-4DE3-9D7C-CD64151A829D}.Release|ARM.ActiveCfg = Release|Any CPU
		{F145C512-7B6E-4DE3-9D7C-CD64151A829D}.Release|ARM.Build.0 = Release|Any CPU
		{F145C512-7B6E-4DE3-9D7C-CD64151A829D}.Release|x64.ActiveCfg = Release|Any CPU
		{F145C512-7B6E-4DE3-9D7C-CD64151A829D}.Release|x64.Build.0 = Release|Any CPU
		{F145C512-7B6E-4DE3-9D7C-CD64151A829D}.Release|x86.ActiveCfg = Release|Any CPU
		{F145C512-7B6E-4DE3-9D7C-CD64151A829D}.Release|x86.Build.0 = Release|Any CPU
		{7B0D5CF6-7D41-4A4F-B752-A82F31A6D566}.Debug|Any CPU.ActiveCfg = Debug|x86
		{7B0D5CF6-7D41-4A4F-B752-A82F31A6D566}.Debug|Any CPU.Build.0 = Debug|x86
		{7B0D5CF6-7D41-4A4F-B752-A82F31A6D566}.Debug|ARM.ActiveCfg = Debug|x86
		{7B0D5CF6-7D41-4A4F-B752-A82F31A6D566}.Debug|x64.ActiveCfg = Debug|x86
		{7B0D5CF6-7D41-4A4F-B752-A82F31A6D566}.Debug|x86.ActiveCfg = Debug|x86
		{7B0D5CF6-7D41-4A4F-B752-A82F31A6D566}.Debug|x86.Build.0 = Debug|x86
		{7B0D5CF6-7D41-4A4F-B752-A82F31A6D566}.Release_Test|Any CPU.ActiveCfg = Release|x86
		{7B0D5CF6-7D41-4A4F-B752-A82F31A6D566}.Release_Test|Any CPU.Build.0 = Release|x86
		{7B0D5CF6-7D41-4A4F-B752-A82F31A6D566}.Release_Test|ARM.ActiveCfg = Release|x86
		{7B0D5CF6-7D41-4A4F-B752-A82F31A6D566}.Release_Test|ARM.Build.0 = Release|x86
		{7B0D5CF6-7D41-4A4F-B752-A82F31A6D566}.Release_Test|x64.ActiveCfg = Release|x86
		{7B0D5CF6-7D41-4A4F-B752-A82F31A6D566}.Release_Test|x64.Build.0 = Release|x86
		{7B0D5CF6-7D41-4A4F-B752-A82F31A6D566}.Release_Test|x86.ActiveCfg = Release|x86
		{7B0D5CF6-7D41-4A4F-B752-A82F31A6D566}.Release_Test|x86.Build.0 = Release|x86
		{7B0D5CF6-7D41-4A4F-B752-A82F31A6D566}.Release|Any CPU.ActiveCfg = Release|x86
		{7B0D5CF6-7D41-4A4F-B752-A82F31A6D566}.Release|Any CPU.Build.0 = Release|x86
		{7B0D5CF6-7D41-4A4F-B752-A82F31A6D566}.Release|ARM.ActiveCfg = Release|x86
		{7B0D5CF6-7D41-4A4F-B752-A82F31A6D566}.Release|x64.ActiveCfg = Release|x86
		{7B0D5CF6-7D41-4A4F-B752-A82F31A6D566}.Release|x86.ActiveCfg = Release|x86
		{7B0D5CF6-7D41-4A4F-B752-A82F31A6D566}.Release|x86.Build.0 = Release|x86
		{4E033E3B-472E-4C46-B331-7EF26B90DEC7}.Debug|Any CPU.ActiveCfg = Debug|x86
		{4E033E3B-472E-4C46-B331-7EF26B90DEC7}.Debug|Any CPU.Build.0 = Debug|x86
		{4E033E3B-472E-4C46-B331-7EF26B90DEC7}.Debug|ARM.ActiveCfg = Debug|x86
		{4E033E3B-472E-4C46-B331-7EF26B90DEC7}.Debug|x64.ActiveCfg = Debug|x86
		{4E033E3B-472E-4C46-B331-7EF26B90DEC7}.Debug|x86.ActiveCfg = Debug|x86
		{4E033E3B-472E-4C46-B331-7EF26B90DEC7}.Debug|x86.Build.0 = Debug|x86
		{4E033E3B-472E-4C46-B331-7EF26B90DEC7}.Release_Test|Any CPU.ActiveCfg = Release|x86
		{4E033E3B-472E-4C46-B331-7EF26B90DEC7}.Release_Test|Any CPU.Build.0 = Release|x86
		{4E033E3B-472E-4C46-B331-7EF26B90DEC7}.Release_Test|ARM.ActiveCfg = Release|x86
		{4E033E3B-472E-4C46-B331-7EF26B90DEC7}.Release_Test|ARM.Build.0 = Release|x86
		{4E033E3B-472E-4C46-B331-7EF26B90DEC7}.Release_Test|x64.ActiveCfg = Release|x86
		{4E033E3B-472E-4C46-B331-7EF26B90DEC7}.Release_Test|x64.Build.0 = Release|x86
		{4E033E3B-472E-4C46-B331-7EF26B90DEC7}.Release_Test|x86.ActiveCfg = Release|x86
		{4E033E3B-472E-4C46-B331-7EF26B90DEC7}.Release_Test|x86.Build.0 = Release|x86
		{4E033E3B-472E-4C46-B331-7EF26B90DEC7}.Release|Any CPU.ActiveCfg = Release|x86
		{4E033E3B-472E-4C46-B331-7EF26B90DEC7}.Release|Any CPU.Build.0 = Release|x86
		{4E033E3B-472E-4C46-B331-7EF26B90DEC7}.Release|ARM.ActiveCfg = Release|x86
		{4E033E3B-472E-4C46-B331-7EF26B90DEC7}.Release|x64.ActiveCfg = Release|x86
		{4E033E3B-472E-4C46-B331-7EF26B90DEC7}.Release|x86.ActiveCfg = Release|x86
		{4E033E3B-472E-4C46-B331-7EF26B90DEC7}.Release|x86.Build.0 = Release|x86
		{A526EDFF-6F70-4B90-904E-1A44CA85E7E0}.Debug|Any CPU.ActiveCfg = Debug|Any CPU
		{A526EDFF-6F70-4B90-904E-1A44CA85E7E0}.Debug|Any CPU.Build.0 = Debug|Any CPU
		{A526EDFF-6F70-4B90-904E-1A44CA85E7E0}.Debug|ARM.ActiveCfg = Debug|Any CPU
		{A526EDFF-6F70-4B90-904E-1A44CA85E7E0}.Debug|ARM.Build.0 = Debug|Any CPU
		{A526EDFF-6F70-4B90-904E-1A44CA85E7E0}.Debug|x64.ActiveCfg = Debug|Any CPU
		{A526EDFF-6F70-4B90-904E-1A44CA85E7E0}.Debug|x64.Build.0 = Debug|Any CPU
		{A526EDFF-6F70-4B90-904E-1A44CA85E7E0}.Debug|x86.ActiveCfg = Debug|Any CPU
		{A526EDFF-6F70-4B90-904E-1A44CA85E7E0}.Debug|x86.Build.0 = Debug|Any CPU
		{A526EDFF-6F70-4B90-904E-1A44CA85E7E0}.Release_Test|Any CPU.ActiveCfg = Release|Any CPU
		{A526EDFF-6F70-4B90-904E-1A44CA85E7E0}.Release_Test|Any CPU.Build.0 = Release|Any CPU
		{A526EDFF-6F70-4B90-904E-1A44CA85E7E0}.Release_Test|ARM.ActiveCfg = Release|Any CPU
		{A526EDFF-6F70-4B90-904E-1A44CA85E7E0}.Release_Test|ARM.Build.0 = Release|Any CPU
		{A526EDFF-6F70-4B90-904E-1A44CA85E7E0}.Release_Test|x64.ActiveCfg = Release|Any CPU
		{A526EDFF-6F70-4B90-904E-1A44CA85E7E0}.Release_Test|x64.Build.0 = Release|Any CPU
		{A526EDFF-6F70-4B90-904E-1A44CA85E7E0}.Release_Test|x86.ActiveCfg = Release|Any CPU
		{A526EDFF-6F70-4B90-904E-1A44CA85E7E0}.Release_Test|x86.Build.0 = Release|Any CPU
		{A526EDFF-6F70-4B90-904E-1A44CA85E7E0}.Release|Any CPU.ActiveCfg = Release|Any CPU
		{A526EDFF-6F70-4B90-904E-1A44CA85E7E0}.Release|Any CPU.Build.0 = Release|Any CPU
		{A526EDFF-6F70-4B90-904E-1A44CA85E7E0}.Release|ARM.ActiveCfg = Release|Any CPU
		{A526EDFF-6F70-4B90-904E-1A44CA85E7E0}.Release|ARM.Build.0 = Release|Any CPU
		{A526EDFF-6F70-4B90-904E-1A44CA85E7E0}.Release|x64.ActiveCfg = Release|Any CPU
		{A526EDFF-6F70-4B90-904E-1A44CA85E7E0}.Release|x64.Build.0 = Release|Any CPU
		{A526EDFF-6F70-4B90-904E-1A44CA85E7E0}.Release|x86.ActiveCfg = Release|Any CPU
		{A526EDFF-6F70-4B90-904E-1A44CA85E7E0}.Release|x86.Build.0 = Release|Any CPU
		{0A68077E-561A-4DF2-ACE0-75044A2A8184}.Debug|Any CPU.ActiveCfg = Debug|Any CPU
		{0A68077E-561A-4DF2-ACE0-75044A2A8184}.Debug|Any CPU.Build.0 = Debug|Any CPU
		{0A68077E-561A-4DF2-ACE0-75044A2A8184}.Debug|ARM.ActiveCfg = Debug|Any CPU
		{0A68077E-561A-4DF2-ACE0-75044A2A8184}.Debug|ARM.Build.0 = Debug|Any CPU
		{0A68077E-561A-4DF2-ACE0-75044A2A8184}.Debug|x64.ActiveCfg = Debug|Any CPU
		{0A68077E-561A-4DF2-ACE0-75044A2A8184}.Debug|x64.Build.0 = Debug|Any CPU
		{0A68077E-561A-4DF2-ACE0-75044A2A8184}.Debug|x86.ActiveCfg = Debug|Any CPU
		{0A68077E-561A-4DF2-ACE0-75044A2A8184}.Debug|x86.Build.0 = Debug|Any CPU
		{0A68077E-561A-4DF2-ACE0-75044A2A8184}.Release_Test|Any CPU.ActiveCfg = Release|Any CPU
		{0A68077E-561A-4DF2-ACE0-75044A2A8184}.Release_Test|Any CPU.Build.0 = Release|Any CPU
		{0A68077E-561A-4DF2-ACE0-75044A2A8184}.Release_Test|ARM.ActiveCfg = Release|Any CPU
		{0A68077E-561A-4DF2-ACE0-75044A2A8184}.Release_Test|ARM.Build.0 = Release|Any CPU
		{0A68077E-561A-4DF2-ACE0-75044A2A8184}.Release_Test|x64.ActiveCfg = Release|Any CPU
		{0A68077E-561A-4DF2-ACE0-75044A2A8184}.Release_Test|x64.Build.0 = Release|Any CPU
		{0A68077E-561A-4DF2-ACE0-75044A2A8184}.Release_Test|x86.ActiveCfg = Release|Any CPU
		{0A68077E-561A-4DF2-ACE0-75044A2A8184}.Release_Test|x86.Build.0 = Release|Any CPU
		{0A68077E-561A-4DF2-ACE0-75044A2A8184}.Release|Any CPU.ActiveCfg = Release|Any CPU
		{0A68077E-561A-4DF2-ACE0-75044A2A8184}.Release|Any CPU.Build.0 = Release|Any CPU
		{0A68077E-561A-4DF2-ACE0-75044A2A8184}.Release|ARM.ActiveCfg = Release|Any CPU
		{0A68077E-561A-4DF2-ACE0-75044A2A8184}.Release|ARM.Build.0 = Release|Any CPU
		{0A68077E-561A-4DF2-ACE0-75044A2A8184}.Release|x64.ActiveCfg = Release|Any CPU
		{0A68077E-561A-4DF2-ACE0-75044A2A8184}.Release|x64.Build.0 = Release|Any CPU
		{0A68077E-561A-4DF2-ACE0-75044A2A8184}.Release|x86.ActiveCfg = Release|Any CPU
		{0A68077E-561A-4DF2-ACE0-75044A2A8184}.Release|x86.Build.0 = Release|Any CPU
		{0DCA834F-D3D4-4433-B981-91A80031719F}.Debug|Any CPU.ActiveCfg = Debug|Any CPU
		{0DCA834F-D3D4-4433-B981-91A80031719F}.Debug|Any CPU.Build.0 = Debug|Any CPU
		{0DCA834F-D3D4-4433-B981-91A80031719F}.Debug|ARM.ActiveCfg = Debug|Any CPU
		{0DCA834F-D3D4-4433-B981-91A80031719F}.Debug|ARM.Build.0 = Debug|Any CPU
		{0DCA834F-D3D4-4433-B981-91A80031719F}.Debug|x64.ActiveCfg = Debug|Any CPU
		{0DCA834F-D3D4-4433-B981-91A80031719F}.Debug|x64.Build.0 = Debug|Any CPU
		{0DCA834F-D3D4-4433-B981-91A80031719F}.Debug|x86.ActiveCfg = Debug|Any CPU
		{0DCA834F-D3D4-4433-B981-91A80031719F}.Debug|x86.Build.0 = Debug|Any CPU
		{0DCA834F-D3D4-4433-B981-91A80031719F}.Release_Test|Any CPU.ActiveCfg = Release|Any CPU
		{0DCA834F-D3D4-4433-B981-91A80031719F}.Release_Test|Any CPU.Build.0 = Release|Any CPU
		{0DCA834F-D3D4-4433-B981-91A80031719F}.Release_Test|ARM.ActiveCfg = Release|Any CPU
		{0DCA834F-D3D4-4433-B981-91A80031719F}.Release_Test|ARM.Build.0 = Release|Any CPU
		{0DCA834F-D3D4-4433-B981-91A80031719F}.Release_Test|x64.ActiveCfg = Release|Any CPU
		{0DCA834F-D3D4-4433-B981-91A80031719F}.Release_Test|x64.Build.0 = Release|Any CPU
		{0DCA834F-D3D4-4433-B981-91A80031719F}.Release_Test|x86.ActiveCfg = Release|Any CPU
		{0DCA834F-D3D4-4433-B981-91A80031719F}.Release_Test|x86.Build.0 = Release|Any CPU
		{0DCA834F-D3D4-4433-B981-91A80031719F}.Release|Any CPU.ActiveCfg = Release|Any CPU
		{0DCA834F-D3D4-4433-B981-91A80031719F}.Release|Any CPU.Build.0 = Release|Any CPU
		{0DCA834F-D3D4-4433-B981-91A80031719F}.Release|ARM.ActiveCfg = Release|Any CPU
		{0DCA834F-D3D4-4433-B981-91A80031719F}.Release|ARM.Build.0 = Release|Any CPU
		{0DCA834F-D3D4-4433-B981-91A80031719F}.Release|x64.ActiveCfg = Release|Any CPU
		{0DCA834F-D3D4-4433-B981-91A80031719F}.Release|x64.Build.0 = Release|Any CPU
		{0DCA834F-D3D4-4433-B981-91A80031719F}.Release|x86.ActiveCfg = Release|Any CPU
		{0DCA834F-D3D4-4433-B981-91A80031719F}.Release|x86.Build.0 = Release|Any CPU
		{0EEB9C9E-51D2-47C6-B323-ADB28D5CEA7B}.Debug|Any CPU.ActiveCfg = Debug|Any CPU
		{0EEB9C9E-51D2-47C6-B323-ADB28D5CEA7B}.Debug|Any CPU.Build.0 = Debug|Any CPU
		{0EEB9C9E-51D2-47C6-B323-ADB28D5CEA7B}.Debug|ARM.ActiveCfg = Debug|Any CPU
		{0EEB9C9E-51D2-47C6-B323-ADB28D5CEA7B}.Debug|ARM.Build.0 = Debug|Any CPU
		{0EEB9C9E-51D2-47C6-B323-ADB28D5CEA7B}.Debug|x64.ActiveCfg = Debug|Any CPU
		{0EEB9C9E-51D2-47C6-B323-ADB28D5CEA7B}.Debug|x64.Build.0 = Debug|Any CPU
		{0EEB9C9E-51D2-47C6-B323-ADB28D5CEA7B}.Debug|x86.ActiveCfg = Debug|Any CPU
		{0EEB9C9E-51D2-47C6-B323-ADB28D5CEA7B}.Debug|x86.Build.0 = Debug|Any CPU
		{0EEB9C9E-51D2-47C6-B323-ADB28D5CEA7B}.Release_Test|Any CPU.ActiveCfg = Release|Any CPU
		{0EEB9C9E-51D2-47C6-B323-ADB28D5CEA7B}.Release_Test|Any CPU.Build.0 = Release|Any CPU
		{0EEB9C9E-51D2-47C6-B323-ADB28D5CEA7B}.Release_Test|ARM.ActiveCfg = Release|Any CPU
		{0EEB9C9E-51D2-47C6-B323-ADB28D5CEA7B}.Release_Test|ARM.Build.0 = Release|Any CPU
		{0EEB9C9E-51D2-47C6-B323-ADB28D5CEA7B}.Release_Test|x64.ActiveCfg = Release|Any CPU
		{0EEB9C9E-51D2-47C6-B323-ADB28D5CEA7B}.Release_Test|x64.Build.0 = Release|Any CPU
		{0EEB9C9E-51D2-47C6-B323-ADB28D5CEA7B}.Release_Test|x86.ActiveCfg = Release|Any CPU
		{0EEB9C9E-51D2-47C6-B323-ADB28D5CEA7B}.Release_Test|x86.Build.0 = Release|Any CPU
		{0EEB9C9E-51D2-47C6-B323-ADB28D5CEA7B}.Release|Any CPU.ActiveCfg = Release|Any CPU
		{0EEB9C9E-51D2-47C6-B323-ADB28D5CEA7B}.Release|Any CPU.Build.0 = Release|Any CPU
		{0EEB9C9E-51D2-47C6-B323-ADB28D5CEA7B}.Release|ARM.ActiveCfg = Release|Any CPU
		{0EEB9C9E-51D2-47C6-B323-ADB28D5CEA7B}.Release|ARM.Build.0 = Release|Any CPU
		{0EEB9C9E-51D2-47C6-B323-ADB28D5CEA7B}.Release|x64.ActiveCfg = Release|Any CPU
		{0EEB9C9E-51D2-47C6-B323-ADB28D5CEA7B}.Release|x64.Build.0 = Release|Any CPU
		{0EEB9C9E-51D2-47C6-B323-ADB28D5CEA7B}.Release|x86.ActiveCfg = Release|Any CPU
		{0EEB9C9E-51D2-47C6-B323-ADB28D5CEA7B}.Release|x86.Build.0 = Release|Any CPU
		{9D562814-A825-4E22-A20C-2F7EA33D6902}.Debug|Any CPU.ActiveCfg = Debug|Any CPU
		{9D562814-A825-4E22-A20C-2F7EA33D6902}.Debug|Any CPU.Build.0 = Debug|Any CPU
		{9D562814-A825-4E22-A20C-2F7EA33D6902}.Debug|ARM.ActiveCfg = Debug|Any CPU
		{9D562814-A825-4E22-A20C-2F7EA33D6902}.Debug|ARM.Build.0 = Debug|Any CPU
		{9D562814-A825-4E22-A20C-2F7EA33D6902}.Debug|x64.ActiveCfg = Debug|Any CPU
		{9D562814-A825-4E22-A20C-2F7EA33D6902}.Debug|x64.Build.0 = Debug|Any CPU
		{9D562814-A825-4E22-A20C-2F7EA33D6902}.Debug|x86.ActiveCfg = Debug|Any CPU
		{9D562814-A825-4E22-A20C-2F7EA33D6902}.Debug|x86.Build.0 = Debug|Any CPU
		{9D562814-A825-4E22-A20C-2F7EA33D6902}.Release_Test|Any CPU.ActiveCfg = Release|Any CPU
		{9D562814-A825-4E22-A20C-2F7EA33D6902}.Release_Test|Any CPU.Build.0 = Release|Any CPU
		{9D562814-A825-4E22-A20C-2F7EA33D6902}.Release_Test|ARM.ActiveCfg = Release|Any CPU
		{9D562814-A825-4E22-A20C-2F7EA33D6902}.Release_Test|ARM.Build.0 = Release|Any CPU
		{9D562814-A825-4E22-A20C-2F7EA33D6902}.Release_Test|x64.ActiveCfg = Release|Any CPU
		{9D562814-A825-4E22-A20C-2F7EA33D6902}.Release_Test|x64.Build.0 = Release|Any CPU
		{9D562814-A825-4E22-A20C-2F7EA33D6902}.Release_Test|x86.ActiveCfg = Release|Any CPU
		{9D562814-A825-4E22-A20C-2F7EA33D6902}.Release_Test|x86.Build.0 = Release|Any CPU
		{9D562814-A825-4E22-A20C-2F7EA33D6902}.Release|Any CPU.ActiveCfg = Release|Any CPU
		{9D562814-A825-4E22-A20C-2F7EA33D6902}.Release|Any CPU.Build.0 = Release|Any CPU
		{9D562814-A825-4E22-A20C-2F7EA33D6902}.Release|ARM.ActiveCfg = Release|Any CPU
		{9D562814-A825-4E22-A20C-2F7EA33D6902}.Release|ARM.Build.0 = Release|Any CPU
		{9D562814-A825-4E22-A20C-2F7EA33D6902}.Release|x64.ActiveCfg = Release|Any CPU
		{9D562814-A825-4E22-A20C-2F7EA33D6902}.Release|x64.Build.0 = Release|Any CPU
		{9D562814-A825-4E22-A20C-2F7EA33D6902}.Release|x86.ActiveCfg = Release|Any CPU
		{9D562814-A825-4E22-A20C-2F7EA33D6902}.Release|x86.Build.0 = Release|Any CPU
		{C465DC76-AC29-446F-BB85-7E4287FD29CF}.Debug|Any CPU.ActiveCfg = Debug|Any CPU
		{C465DC76-AC29-446F-BB85-7E4287FD29CF}.Debug|Any CPU.Build.0 = Debug|Any CPU
		{C465DC76-AC29-446F-BB85-7E4287FD29CF}.Debug|ARM.ActiveCfg = Debug|Any CPU
		{C465DC76-AC29-446F-BB85-7E4287FD29CF}.Debug|ARM.Build.0 = Debug|Any CPU
		{C465DC76-AC29-446F-BB85-7E4287FD29CF}.Debug|x64.ActiveCfg = Debug|Any CPU
		{C465DC76-AC29-446F-BB85-7E4287FD29CF}.Debug|x64.Build.0 = Debug|Any CPU
		{C465DC76-AC29-446F-BB85-7E4287FD29CF}.Debug|x86.ActiveCfg = Debug|Any CPU
		{C465DC76-AC29-446F-BB85-7E4287FD29CF}.Debug|x86.Build.0 = Debug|Any CPU
		{C465DC76-AC29-446F-BB85-7E4287FD29CF}.Release_Test|Any CPU.ActiveCfg = Release|Any CPU
		{C465DC76-AC29-446F-BB85-7E4287FD29CF}.Release_Test|Any CPU.Build.0 = Release|Any CPU
		{C465DC76-AC29-446F-BB85-7E4287FD29CF}.Release_Test|ARM.ActiveCfg = Release|Any CPU
		{C465DC76-AC29-446F-BB85-7E4287FD29CF}.Release_Test|ARM.Build.0 = Release|Any CPU
		{C465DC76-AC29-446F-BB85-7E4287FD29CF}.Release_Test|x64.ActiveCfg = Release|Any CPU
		{C465DC76-AC29-446F-BB85-7E4287FD29CF}.Release_Test|x64.Build.0 = Release|Any CPU
		{C465DC76-AC29-446F-BB85-7E4287FD29CF}.Release_Test|x86.ActiveCfg = Release|Any CPU
		{C465DC76-AC29-446F-BB85-7E4287FD29CF}.Release_Test|x86.Build.0 = Release|Any CPU
		{C465DC76-AC29-446F-BB85-7E4287FD29CF}.Release|Any CPU.ActiveCfg = Release|Any CPU
		{C465DC76-AC29-446F-BB85-7E4287FD29CF}.Release|Any CPU.Build.0 = Release|Any CPU
		{C465DC76-AC29-446F-BB85-7E4287FD29CF}.Release|ARM.ActiveCfg = Release|Any CPU
		{C465DC76-AC29-446F-BB85-7E4287FD29CF}.Release|ARM.Build.0 = Release|Any CPU
		{C465DC76-AC29-446F-BB85-7E4287FD29CF}.Release|x64.ActiveCfg = Release|Any CPU
		{C465DC76-AC29-446F-BB85-7E4287FD29CF}.Release|x64.Build.0 = Release|Any CPU
		{C465DC76-AC29-446F-BB85-7E4287FD29CF}.Release|x86.ActiveCfg = Release|Any CPU
		{C465DC76-AC29-446F-BB85-7E4287FD29CF}.Release|x86.Build.0 = Release|Any CPU
		{C6D28BCA-C368-461D-BE34-BE6CD45586E2}.Debug|Any CPU.ActiveCfg = Debug|Any CPU
		{C6D28BCA-C368-461D-BE34-BE6CD45586E2}.Debug|Any CPU.Build.0 = Debug|Any CPU
		{C6D28BCA-C368-461D-BE34-BE6CD45586E2}.Debug|ARM.ActiveCfg = Debug|Any CPU
		{C6D28BCA-C368-461D-BE34-BE6CD45586E2}.Debug|ARM.Build.0 = Debug|Any CPU
		{C6D28BCA-C368-461D-BE34-BE6CD45586E2}.Debug|x64.ActiveCfg = Debug|Any CPU
		{C6D28BCA-C368-461D-BE34-BE6CD45586E2}.Debug|x64.Build.0 = Debug|Any CPU
		{C6D28BCA-C368-461D-BE34-BE6CD45586E2}.Debug|x86.ActiveCfg = Debug|Any CPU
		{C6D28BCA-C368-461D-BE34-BE6CD45586E2}.Debug|x86.Build.0 = Debug|Any CPU
		{C6D28BCA-C368-461D-BE34-BE6CD45586E2}.Release_Test|Any CPU.ActiveCfg = Release|Any CPU
		{C6D28BCA-C368-461D-BE34-BE6CD45586E2}.Release_Test|Any CPU.Build.0 = Release|Any CPU
		{C6D28BCA-C368-461D-BE34-BE6CD45586E2}.Release_Test|ARM.ActiveCfg = Release|Any CPU
		{C6D28BCA-C368-461D-BE34-BE6CD45586E2}.Release_Test|ARM.Build.0 = Release|Any CPU
		{C6D28BCA-C368-461D-BE34-BE6CD45586E2}.Release_Test|x64.ActiveCfg = Release|Any CPU
		{C6D28BCA-C368-461D-BE34-BE6CD45586E2}.Release_Test|x64.Build.0 = Release|Any CPU
		{C6D28BCA-C368-461D-BE34-BE6CD45586E2}.Release_Test|x86.ActiveCfg = Release|Any CPU
		{C6D28BCA-C368-461D-BE34-BE6CD45586E2}.Release_Test|x86.Build.0 = Release|Any CPU
		{C6D28BCA-C368-461D-BE34-BE6CD45586E2}.Release|Any CPU.ActiveCfg = Release|Any CPU
		{C6D28BCA-C368-461D-BE34-BE6CD45586E2}.Release|Any CPU.Build.0 = Release|Any CPU
		{C6D28BCA-C368-461D-BE34-BE6CD45586E2}.Release|ARM.ActiveCfg = Release|Any CPU
		{C6D28BCA-C368-461D-BE34-BE6CD45586E2}.Release|ARM.Build.0 = Release|Any CPU
		{C6D28BCA-C368-461D-BE34-BE6CD45586E2}.Release|x64.ActiveCfg = Release|Any CPU
		{C6D28BCA-C368-461D-BE34-BE6CD45586E2}.Release|x64.Build.0 = Release|Any CPU
		{C6D28BCA-C368-461D-BE34-BE6CD45586E2}.Release|x86.ActiveCfg = Release|Any CPU
		{C6D28BCA-C368-461D-BE34-BE6CD45586E2}.Release|x86.Build.0 = Release|Any CPU
		{5C50B9DF-B3A0-4746-A110-26B8E5B059C4}.Debug|Any CPU.ActiveCfg = Debug|Any CPU
		{5C50B9DF-B3A0-4746-A110-26B8E5B059C4}.Debug|Any CPU.Build.0 = Debug|Any CPU
		{5C50B9DF-B3A0-4746-A110-26B8E5B059C4}.Debug|ARM.ActiveCfg = Debug|Any CPU
		{5C50B9DF-B3A0-4746-A110-26B8E5B059C4}.Debug|ARM.Build.0 = Debug|Any CPU
		{5C50B9DF-B3A0-4746-A110-26B8E5B059C4}.Debug|x64.ActiveCfg = Debug|Any CPU
		{5C50B9DF-B3A0-4746-A110-26B8E5B059C4}.Debug|x64.Build.0 = Debug|Any CPU
		{5C50B9DF-B3A0-4746-A110-26B8E5B059C4}.Debug|x86.ActiveCfg = Debug|Any CPU
		{5C50B9DF-B3A0-4746-A110-26B8E5B059C4}.Debug|x86.Build.0 = Debug|Any CPU
		{5C50B9DF-B3A0-4746-A110-26B8E5B059C4}.Release_Test|Any CPU.ActiveCfg = Release|Any CPU
		{5C50B9DF-B3A0-4746-A110-26B8E5B059C4}.Release_Test|Any CPU.Build.0 = Release|Any CPU
		{5C50B9DF-B3A0-4746-A110-26B8E5B059C4}.Release_Test|ARM.ActiveCfg = Release|Any CPU
		{5C50B9DF-B3A0-4746-A110-26B8E5B059C4}.Release_Test|ARM.Build.0 = Release|Any CPU
		{5C50B9DF-B3A0-4746-A110-26B8E5B059C4}.Release_Test|x64.ActiveCfg = Release|Any CPU
		{5C50B9DF-B3A0-4746-A110-26B8E5B059C4}.Release_Test|x64.Build.0 = Release|Any CPU
		{5C50B9DF-B3A0-4746-A110-26B8E5B059C4}.Release_Test|x86.ActiveCfg = Release|Any CPU
		{5C50B9DF-B3A0-4746-A110-26B8E5B059C4}.Release_Test|x86.Build.0 = Release|Any CPU
		{5C50B9DF-B3A0-4746-A110-26B8E5B059C4}.Release|Any CPU.ActiveCfg = Release|Any CPU
		{5C50B9DF-B3A0-4746-A110-26B8E5B059C4}.Release|Any CPU.Build.0 = Release|Any CPU
		{5C50B9DF-B3A0-4746-A110-26B8E5B059C4}.Release|ARM.ActiveCfg = Release|Any CPU
		{5C50B9DF-B3A0-4746-A110-26B8E5B059C4}.Release|ARM.Build.0 = Release|Any CPU
		{5C50B9DF-B3A0-4746-A110-26B8E5B059C4}.Release|x64.ActiveCfg = Release|Any CPU
		{5C50B9DF-B3A0-4746-A110-26B8E5B059C4}.Release|x64.Build.0 = Release|Any CPU
		{5C50B9DF-B3A0-4746-A110-26B8E5B059C4}.Release|x86.ActiveCfg = Release|Any CPU
		{5C50B9DF-B3A0-4746-A110-26B8E5B059C4}.Release|x86.Build.0 = Release|Any CPU
		{74009662-AA58-4A94-97B6-1AD019ECA302}.Debug|Any CPU.ActiveCfg = Debug|x64
		{74009662-AA58-4A94-97B6-1AD019ECA302}.Debug|Any CPU.Build.0 = Debug|x64
		{74009662-AA58-4A94-97B6-1AD019ECA302}.Debug|ARM.ActiveCfg = Debug|Any CPU
		{74009662-AA58-4A94-97B6-1AD019ECA302}.Debug|ARM.Build.0 = Debug|Any CPU
		{74009662-AA58-4A94-97B6-1AD019ECA302}.Debug|x64.ActiveCfg = Debug|Any CPU
		{74009662-AA58-4A94-97B6-1AD019ECA302}.Debug|x64.Build.0 = Debug|Any CPU
		{74009662-AA58-4A94-97B6-1AD019ECA302}.Debug|x86.ActiveCfg = Debug|Any CPU
		{74009662-AA58-4A94-97B6-1AD019ECA302}.Debug|x86.Build.0 = Debug|Any CPU
		{74009662-AA58-4A94-97B6-1AD019ECA302}.Release_Test|Any CPU.ActiveCfg = Release|Any CPU
		{74009662-AA58-4A94-97B6-1AD019ECA302}.Release_Test|Any CPU.Build.0 = Release|Any CPU
		{74009662-AA58-4A94-97B6-1AD019ECA302}.Release_Test|ARM.ActiveCfg = Release|Any CPU
		{74009662-AA58-4A94-97B6-1AD019ECA302}.Release_Test|ARM.Build.0 = Release|Any CPU
		{74009662-AA58-4A94-97B6-1AD019ECA302}.Release_Test|x64.ActiveCfg = Release|Any CPU
		{74009662-AA58-4A94-97B6-1AD019ECA302}.Release_Test|x64.Build.0 = Release|Any CPU
		{74009662-AA58-4A94-97B6-1AD019ECA302}.Release_Test|x86.ActiveCfg = Release|Any CPU
		{74009662-AA58-4A94-97B6-1AD019ECA302}.Release_Test|x86.Build.0 = Release|Any CPU
		{74009662-AA58-4A94-97B6-1AD019ECA302}.Release|Any CPU.ActiveCfg = Release|x64
		{74009662-AA58-4A94-97B6-1AD019ECA302}.Release|Any CPU.Build.0 = Release|x64
		{74009662-AA58-4A94-97B6-1AD019ECA302}.Release|ARM.ActiveCfg = Release|Any CPU
		{74009662-AA58-4A94-97B6-1AD019ECA302}.Release|ARM.Build.0 = Release|Any CPU
		{74009662-AA58-4A94-97B6-1AD019ECA302}.Release|x64.ActiveCfg = Release|Any CPU
		{74009662-AA58-4A94-97B6-1AD019ECA302}.Release|x64.Build.0 = Release|Any CPU
		{74009662-AA58-4A94-97B6-1AD019ECA302}.Release|x86.ActiveCfg = Release|Any CPU
		{74009662-AA58-4A94-97B6-1AD019ECA302}.Release|x86.Build.0 = Release|Any CPU
	EndGlobalSection
	GlobalSection(SolutionProperties) = preSolution
		HideSolutionNode = FALSE
	EndGlobalSection
	GlobalSection(NestedProjects) = preSolution
		{8FE32867-B27F-42E7-B101-EB092A63ECB2} = {4E99DDFE-186D-469F-9C4C-C184977ED0ED}
		{950138E6-C355-4858-B074-BADDC9CE3665} = {7E00BBC8-BC0C-4A2B-8309-C45CA1C7E152}
		{1C18709A-9E93-426D-AE10-9E73721FDDE1} = {7E00BBC8-BC0C-4A2B-8309-C45CA1C7E152}
		{48F6C9E8-F8B7-4E51-9D0F-0B309252ED6D} = {7E00BBC8-BC0C-4A2B-8309-C45CA1C7E152}
		{5C5D57AF-736E-4A20-91BF-253459F5E746} = {10133113-4503-4510-AA75-D9931ADBF9CA}
		{8BED43B1-B215-49BF-9DB7-5C72171E1CAD} = {7E00BBC8-BC0C-4A2B-8309-C45CA1C7E152}
		{1BC6FED6-2F2A-4ED5-A3DB-67DD2070B292} = {7E00BBC8-BC0C-4A2B-8309-C45CA1C7E152}
		{38238922-64DB-4551-91D3-8C9922320B9B} = {7E00BBC8-BC0C-4A2B-8309-C45CA1C7E152}
		{DD688819-8BEB-40EF-928D-6C4951B8264F} = {7E00BBC8-BC0C-4A2B-8309-C45CA1C7E152}
		{C692CECB-141B-402E-ABB4-210510CAAA21} = {7E00BBC8-BC0C-4A2B-8309-C45CA1C7E152}
		{F145C512-7B6E-4DE3-9D7C-CD64151A829D} = {71094608-2AEF-4806-83D5-8795AE1B582B}
		{C465DC76-AC29-446F-BB85-7E4287FD29CF} = {7E00BBC8-BC0C-4A2B-8309-C45CA1C7E152}
	EndGlobalSection
	GlobalSection(ExtensibilityGlobals) = postSolution
		SolutionGuid = {D8409777-D808-4F4F-9665-9D31E0F79151}
	EndGlobalSection
	GlobalSection(CodealikeProperties) = postSolution
		SolutionGuid = 1d777ca3-c82f-4a36-8f37-a6ed0e0952c4
	EndGlobalSection
EndGlobal
