
Microsoft Visual Studio Solution File, Format Version 12.00
# Visual Studio 2013
VisualStudioVersion = 12.0.21005.1
MinimumVisualStudioVersion = 10.0.40219.1
Project("{FAE04EC0-301F-11D3-BF4B-00C04F79EFBC}") = "Octgn", "octgnFX\Octgn\Octgn.csproj", "{C6ADE75C-5BC2-47DB-9240-B99C66431EF3}"
EndProject
Project("{FAE04EC0-301F-11D3-BF4B-00C04F79EFBC}") = "Octgn.Server", "octgnFX\Octgn.Server\Octgn.Server.csproj", "{6DD203AF-5003-4AF3-A982-67F10B704D4A}"
EndProject
Project("{FAE04EC0-301F-11D3-BF4B-00C04F79EFBC}") = "Skylabs.Lobby", "octgnFX\Skylabs.Lobby\Skylabs.Lobby.csproj", "{131805CF-7971-4813-848B-CE156D4F6827}"
EndProject
Project("{2150E333-8FDC-42A3-9474-1A3956D46DE8}") = "Root", "Root", "{0C909858-EC18-44E5-A07D-53D0AEEB22CD}"
	ProjectSection(SolutionItems) = preProject
		.gitattributes = .gitattributes
		.gitignore = .gitignore
		Autoupdating XMLs.md = Autoupdating XMLs.md
		CHANGELOG.md = CHANGELOG.md
		CONTENT.md = CONTENT.md
		currentversion.xml = currentversion.xml
		HACK.md = HACK.md
		LICENSE.md = LICENSE.md
		README.md = README.md
		recentchanges.txt = recentchanges.txt
		ss.txt = ss.txt
	EndProjectSection
EndProject
Project("{2150E333-8FDC-42A3-9474-1A3956D46DE8}") = "installer", "installer", "{8FE32867-B27F-42E7-B101-EB092A63ECB2}"
	ProjectSection(SolutionItems) = preProject
		installer\DotNetVer.nsh = installer\DotNetVer.nsh
		installer\GetDotNet.nsh = installer\GetDotNet.nsh
		installer\GetVC.nsh = installer\GetVC.nsh
		installer\Install.nsi = installer\Install.nsi
		installer\InstallTest.nsi = installer\InstallTest.nsi
	EndProjectSection
EndProject
Project("{FAE04EC0-301F-11D3-BF4B-00C04F79EFBC}") = "Octgn.Test", "octgnFX\Octgn.Test\Octgn.Test.csproj", "{2E28A69C-7169-4880-ADCC-29322F6D5E9E}"
EndProject
Project("{FAE04EC0-301F-11D3-BF4B-00C04F79EFBC}") = "Octgn.ReleasePusher", "octgnFX\Octgn.ReleasePusher\Octgn.ReleasePusher.csproj", "{941A8A38-E0B2-44F5-9364-8D7A6C302AE3}"
EndProject
Project("{FAE04EC0-301F-11D3-BF4B-00C04F79EFBC}") = "Octgn.Library", "octgnFX\Octgn.Library\Octgn.Library.csproj", "{AF4B3885-F178-4C6B-99C9-9EB178FEC994}"
EndProject
Project("{FAE04EC0-301F-11D3-BF4B-00C04F79EFBC}") = "Octgn.DeckBuilderPluginExample", "octgnFX\Octgn.DeckBuilderPluginExample\Octgn.DeckBuilderPluginExample.csproj", "{D1F5848B-84D9-4EE5-8969-E62B054DAA4A}"
EndProject
Project("{FAE04EC0-301F-11D3-BF4B-00C04F79EFBC}") = "agsXMPP2010", "octgnFX\agsxmpp\trunk\agsxmpp\agsXMPP2010.csproj", "{91EA0D0B-D3BA-497F-AFEB-2CAD59DEBA0E}"
EndProject
Project("{2150E333-8FDC-42A3-9474-1A3956D46DE8}") = "deploy", "deploy", "{4E99DDFE-186D-469F-9C4C-C184977ED0ED}"
	ProjectSection(SolutionItems) = preProject
		deploy\currentversion.txt = deploy\currentversion.txt
		deploy\currentversiontest.txt = deploy\currentversiontest.txt
		recentchanges.txt = recentchanges.txt
	EndProjectSection
EndProject
Project("{2150E333-8FDC-42A3-9474-1A3956D46DE8}") = ".nuget", ".nuget", "{26163613-6BB9-4273-8082-8C2CCC52BA7E}"
	ProjectSection(SolutionItems) = preProject
		.nuget\packages.config = .nuget\packages.config
	EndProjectSection
EndProject
Project("{FAE04EC0-301F-11D3-BF4B-00C04F79EFBC}") = "Octgn.Online.Library", "octgnFX\Octgn.Online.Library\Octgn.Online.Library.csproj", "{73A5D9E8-EACE-4ECF-B521-FC2DF0ABDC7B}"
EndProject
Project("{2150E333-8FDC-42A3-9474-1A3956D46DE8}") = "Octgn.Online", "Octgn.Online", "{7E00BBC8-BC0C-4A2B-8309-C45CA1C7E152}"
EndProject
Project("{FAE04EC0-301F-11D3-BF4B-00C04F79EFBC}") = "Octgn.Online.Test", "octgnFX\Octgn.Online.Test\Octgn.Online.Test.csproj", "{950138E6-C355-4858-B074-BADDC9CE3665}"
EndProject
Project("{FAE04EC0-301F-11D3-BF4B-00C04F79EFBC}") = "Octgn.Online.StandAloneServer", "octgnFX\Octgn.Online.StandAloneServer\Octgn.Online.StandAloneServer.csproj", "{1C18709A-9E93-426D-AE10-9E73721FDDE1}"
EndProject
Project("{2150E333-8FDC-42A3-9474-1A3956D46DE8}") = "lib", "lib", "{10133113-4503-4510-AA75-D9931ADBF9CA}"
EndProject
Project("{FAE04EC0-301F-11D3-BF4B-00C04F79EFBC}") = "o8build", "octgnFX\o8build\o8build.csproj", "{F31191FB-DD9E-4C6C-A37B-796D653DD864}"
EndProject
Project("{FAE04EC0-301F-11D3-BF4B-00C04F79EFBC}") = "Octgn.DataNew", "octgnFX\Octgn.DataNew\Octgn.DataNew.csproj", "{59759960-0A48-45EC-ABB9-B4FAAD6D43EE}"
EndProject
Project("{FAE04EC0-301F-11D3-BF4B-00C04F79EFBC}") = "Octgn.Core", "octgnFX\Octgn.Core\Octgn.Core.csproj", "{9BDB193E-E3BA-4A1D-8C6E-ECABB6FFC7AB}"
EndProject
Project("{FAE04EC0-301F-11D3-BF4B-00C04F79EFBC}") = "Octgn.ProxyGenerator", "octgnFX\Octgn.ProxyGenerator\Octgn.ProxyGenerator.csproj", "{AB487BD2-9CF7-4C4E-A938-5B9FEE4C4E76}"
EndProject
Project("{FAE04EC0-301F-11D3-BF4B-00C04F79EFBC}") = "Octgn.Tools.Proxytest", "octgnFX\Octgn.Tools.Proxytest\Octgn.Tools.Proxytest.csproj", "{4EA73D38-5443-4A40-93AB-4869202EFFFC}"
EndProject
Project("{FAE04EC0-301F-11D3-BF4B-00C04F79EFBC}") = "Octgn.Tools.O8buildgui", "octgnFX\Octgn.Tools.O8buildgui\Octgn.Tools.O8buildgui.csproj", "{98045AE6-1CEB-43BC-8305-E6B0FBF540A7}"
EndProject
Project("{FAE04EC0-301F-11D3-BF4B-00C04F79EFBC}") = "Octgn.Online.GameService", "octgnFX\Octgn.Online.GameService\Octgn.Online.GameService.csproj", "{48F6C9E8-F8B7-4E51-9D0F-0B309252ED6D}"
EndProject
Project("{FAE04EC0-301F-11D3-BF4B-00C04F79EFBC}") = "Octide", "octgnFX\Octide\Octide.csproj", "{8E3EE43C-8702-445F-95A8-ABC91F3337A8}"
EndProject
Global
	GlobalSection(SolutionConfigurationPlatforms) = preSolution
		Debug|Any CPU = Debug|Any CPU
		Debug|ARM = Debug|ARM
		Debug|x64 = Debug|x64
		Debug|x86 = Debug|x86
		Release_Test|Any CPU = Release_Test|Any CPU
		Release_Test|ARM = Release_Test|ARM
		Release_Test|x64 = Release_Test|x64
		Release_Test|x86 = Release_Test|x86
		Release|Any CPU = Release|Any CPU
		Release|ARM = Release|ARM
		Release|x64 = Release|x64
		Release|x86 = Release|x86
	EndGlobalSection
	GlobalSection(ProjectConfigurationPlatforms) = postSolution
		{C6ADE75C-5BC2-47DB-9240-B99C66431EF3}.Debug|Any CPU.ActiveCfg = Debug|x86
		{C6ADE75C-5BC2-47DB-9240-B99C66431EF3}.Debug|Any CPU.Build.0 = Debug|x86
		{C6ADE75C-5BC2-47DB-9240-B99C66431EF3}.Debug|ARM.ActiveCfg = Debug|Any CPU
		{C6ADE75C-5BC2-47DB-9240-B99C66431EF3}.Debug|x64.ActiveCfg = Debug|Any CPU
		{C6ADE75C-5BC2-47DB-9240-B99C66431EF3}.Debug|x86.ActiveCfg = Debug|x86
		{C6ADE75C-5BC2-47DB-9240-B99C66431EF3}.Debug|x86.Build.0 = Debug|x86
		{C6ADE75C-5BC2-47DB-9240-B99C66431EF3}.Release_Test|Any CPU.ActiveCfg = Release_Test|Any CPU
		{C6ADE75C-5BC2-47DB-9240-B99C66431EF3}.Release_Test|Any CPU.Build.0 = Release_Test|Any CPU
		{C6ADE75C-5BC2-47DB-9240-B99C66431EF3}.Release_Test|ARM.ActiveCfg = Release_Test|Any CPU
		{C6ADE75C-5BC2-47DB-9240-B99C66431EF3}.Release_Test|x64.ActiveCfg = Release_Test|Any CPU
		{C6ADE75C-5BC2-47DB-9240-B99C66431EF3}.Release_Test|x86.ActiveCfg = Release_Test|x86
		{C6ADE75C-5BC2-47DB-9240-B99C66431EF3}.Release_Test|x86.Build.0 = Release_Test|x86
		{C6ADE75C-5BC2-47DB-9240-B99C66431EF3}.Release|Any CPU.ActiveCfg = Release|Any CPU
		{C6ADE75C-5BC2-47DB-9240-B99C66431EF3}.Release|Any CPU.Build.0 = Release|Any CPU
		{C6ADE75C-5BC2-47DB-9240-B99C66431EF3}.Release|ARM.ActiveCfg = Release|Any CPU
		{C6ADE75C-5BC2-47DB-9240-B99C66431EF3}.Release|x64.ActiveCfg = Release|Any CPU
		{C6ADE75C-5BC2-47DB-9240-B99C66431EF3}.Release|x86.ActiveCfg = Release|x86
		{C6ADE75C-5BC2-47DB-9240-B99C66431EF3}.Release|x86.Build.0 = Release|x86
		{6DD203AF-5003-4AF3-A982-67F10B704D4A}.Debug|Any CPU.ActiveCfg = Debug|x86
		{6DD203AF-5003-4AF3-A982-67F10B704D4A}.Debug|Any CPU.Build.0 = Debug|x86
		{6DD203AF-5003-4AF3-A982-67F10B704D4A}.Debug|ARM.ActiveCfg = Debug|Any CPU
		{6DD203AF-5003-4AF3-A982-67F10B704D4A}.Debug|x64.ActiveCfg = Debug|Any CPU
		{6DD203AF-5003-4AF3-A982-67F10B704D4A}.Debug|x86.ActiveCfg = Debug|x86
		{6DD203AF-5003-4AF3-A982-67F10B704D4A}.Debug|x86.Build.0 = Debug|x86
		{6DD203AF-5003-4AF3-A982-67F10B704D4A}.Release_Test|Any CPU.ActiveCfg = Release_Test|Any CPU
		{6DD203AF-5003-4AF3-A982-67F10B704D4A}.Release_Test|Any CPU.Build.0 = Release_Test|Any CPU
		{6DD203AF-5003-4AF3-A982-67F10B704D4A}.Release_Test|ARM.ActiveCfg = Release_Test|Any CPU
		{6DD203AF-5003-4AF3-A982-67F10B704D4A}.Release_Test|x64.ActiveCfg = Release_Test|Any CPU
		{6DD203AF-5003-4AF3-A982-67F10B704D4A}.Release_Test|x86.ActiveCfg = Release_Test|x86
		{6DD203AF-5003-4AF3-A982-67F10B704D4A}.Release_Test|x86.Build.0 = Release_Test|x86
		{6DD203AF-5003-4AF3-A982-67F10B704D4A}.Release|Any CPU.ActiveCfg = Release|Any CPU
		{6DD203AF-5003-4AF3-A982-67F10B704D4A}.Release|Any CPU.Build.0 = Release|Any CPU
		{6DD203AF-5003-4AF3-A982-67F10B704D4A}.Release|ARM.ActiveCfg = Release|Any CPU
		{6DD203AF-5003-4AF3-A982-67F10B704D4A}.Release|x64.ActiveCfg = Release|Any CPU
		{6DD203AF-5003-4AF3-A982-67F10B704D4A}.Release|x86.ActiveCfg = Release|x86
		{6DD203AF-5003-4AF3-A982-67F10B704D4A}.Release|x86.Build.0 = Release|x86
		{131805CF-7971-4813-848B-CE156D4F6827}.Debug|Any CPU.ActiveCfg = Debug|x86
		{131805CF-7971-4813-848B-CE156D4F6827}.Debug|Any CPU.Build.0 = Debug|x86
		{131805CF-7971-4813-848B-CE156D4F6827}.Debug|ARM.ActiveCfg = Debug|Any CPU
		{131805CF-7971-4813-848B-CE156D4F6827}.Debug|x64.ActiveCfg = Debug|Any CPU
		{131805CF-7971-4813-848B-CE156D4F6827}.Debug|x86.ActiveCfg = Debug|x86
		{131805CF-7971-4813-848B-CE156D4F6827}.Debug|x86.Build.0 = Debug|x86
		{131805CF-7971-4813-848B-CE156D4F6827}.Release_Test|Any CPU.ActiveCfg = Release_Test|Any CPU
		{131805CF-7971-4813-848B-CE156D4F6827}.Release_Test|Any CPU.Build.0 = Release_Test|Any CPU
		{131805CF-7971-4813-848B-CE156D4F6827}.Release_Test|ARM.ActiveCfg = Release_Test|Any CPU
		{131805CF-7971-4813-848B-CE156D4F6827}.Release_Test|x64.ActiveCfg = Release_Test|Any CPU
		{131805CF-7971-4813-848B-CE156D4F6827}.Release_Test|x86.ActiveCfg = Release_Test|x86
		{131805CF-7971-4813-848B-CE156D4F6827}.Release_Test|x86.Build.0 = Release_Test|x86
		{131805CF-7971-4813-848B-CE156D4F6827}.Release|Any CPU.ActiveCfg = Release|Any CPU
		{131805CF-7971-4813-848B-CE156D4F6827}.Release|Any CPU.Build.0 = Release|Any CPU
		{131805CF-7971-4813-848B-CE156D4F6827}.Release|ARM.ActiveCfg = Release|Any CPU
		{131805CF-7971-4813-848B-CE156D4F6827}.Release|x64.ActiveCfg = Release|Any CPU
		{131805CF-7971-4813-848B-CE156D4F6827}.Release|x86.ActiveCfg = Release|x86
		{131805CF-7971-4813-848B-CE156D4F6827}.Release|x86.Build.0 = Release|x86
		{2E28A69C-7169-4880-ADCC-29322F6D5E9E}.Debug|Any CPU.ActiveCfg = Debug|x86
		{2E28A69C-7169-4880-ADCC-29322F6D5E9E}.Debug|Any CPU.Build.0 = Debug|x86
		{2E28A69C-7169-4880-ADCC-29322F6D5E9E}.Debug|ARM.ActiveCfg = Debug|Any CPU
		{2E28A69C-7169-4880-ADCC-29322F6D5E9E}.Debug|x64.ActiveCfg = Debug|Any CPU
		{2E28A69C-7169-4880-ADCC-29322F6D5E9E}.Debug|x86.ActiveCfg = Debug|x86
		{2E28A69C-7169-4880-ADCC-29322F6D5E9E}.Debug|x86.Build.0 = Debug|x86
		{2E28A69C-7169-4880-ADCC-29322F6D5E9E}.Release_Test|Any CPU.ActiveCfg = Release_Test|Any CPU
		{2E28A69C-7169-4880-ADCC-29322F6D5E9E}.Release_Test|Any CPU.Build.0 = Release_Test|Any CPU
		{2E28A69C-7169-4880-ADCC-29322F6D5E9E}.Release_Test|ARM.ActiveCfg = Release_Test|Any CPU
		{2E28A69C-7169-4880-ADCC-29322F6D5E9E}.Release_Test|x64.ActiveCfg = Release_Test|Any CPU
		{2E28A69C-7169-4880-ADCC-29322F6D5E9E}.Release_Test|x86.ActiveCfg = Release_Test|x86
		{2E28A69C-7169-4880-ADCC-29322F6D5E9E}.Release_Test|x86.Build.0 = Release_Test|x86
		{2E28A69C-7169-4880-ADCC-29322F6D5E9E}.Release|Any CPU.ActiveCfg = Release|Any CPU
		{2E28A69C-7169-4880-ADCC-29322F6D5E9E}.Release|Any CPU.Build.0 = Release|Any CPU
		{2E28A69C-7169-4880-ADCC-29322F6D5E9E}.Release|ARM.ActiveCfg = Release|Any CPU
		{2E28A69C-7169-4880-ADCC-29322F6D5E9E}.Release|x64.ActiveCfg = Release|Any CPU
		{2E28A69C-7169-4880-ADCC-29322F6D5E9E}.Release|x86.ActiveCfg = Release|x86
		{2E28A69C-7169-4880-ADCC-29322F6D5E9E}.Release|x86.Build.0 = Release|x86
		{941A8A38-E0B2-44F5-9364-8D7A6C302AE3}.Debug|Any CPU.ActiveCfg = Debug|x86
		{941A8A38-E0B2-44F5-9364-8D7A6C302AE3}.Debug|Any CPU.Build.0 = Debug|x86
		{941A8A38-E0B2-44F5-9364-8D7A6C302AE3}.Debug|ARM.ActiveCfg = Debug|Any CPU
		{941A8A38-E0B2-44F5-9364-8D7A6C302AE3}.Debug|x64.ActiveCfg = Debug|Any CPU
		{941A8A38-E0B2-44F5-9364-8D7A6C302AE3}.Debug|x86.ActiveCfg = Debug|x86
		{941A8A38-E0B2-44F5-9364-8D7A6C302AE3}.Debug|x86.Build.0 = Debug|x86
		{941A8A38-E0B2-44F5-9364-8D7A6C302AE3}.Release_Test|Any CPU.ActiveCfg = Release_Test|Any CPU
		{941A8A38-E0B2-44F5-9364-8D7A6C302AE3}.Release_Test|Any CPU.Build.0 = Release_Test|Any CPU
		{941A8A38-E0B2-44F5-9364-8D7A6C302AE3}.Release_Test|ARM.ActiveCfg = Release_Test|Any CPU
		{941A8A38-E0B2-44F5-9364-8D7A6C302AE3}.Release_Test|x64.ActiveCfg = Release_Test|Any CPU
		{941A8A38-E0B2-44F5-9364-8D7A6C302AE3}.Release_Test|x86.ActiveCfg = Release_Test|x86
		{941A8A38-E0B2-44F5-9364-8D7A6C302AE3}.Release_Test|x86.Build.0 = Release_Test|x86
		{941A8A38-E0B2-44F5-9364-8D7A6C302AE3}.Release|Any CPU.ActiveCfg = Release|Any CPU
		{941A8A38-E0B2-44F5-9364-8D7A6C302AE3}.Release|Any CPU.Build.0 = Release|Any CPU
		{941A8A38-E0B2-44F5-9364-8D7A6C302AE3}.Release|ARM.ActiveCfg = Release|Any CPU
		{941A8A38-E0B2-44F5-9364-8D7A6C302AE3}.Release|x64.ActiveCfg = Release|Any CPU
		{941A8A38-E0B2-44F5-9364-8D7A6C302AE3}.Release|x86.ActiveCfg = Release|x86
		{941A8A38-E0B2-44F5-9364-8D7A6C302AE3}.Release|x86.Build.0 = Release|x86
		{AF4B3885-F178-4C6B-99C9-9EB178FEC994}.Debug|Any CPU.ActiveCfg = Debug|x86
		{AF4B3885-F178-4C6B-99C9-9EB178FEC994}.Debug|Any CPU.Build.0 = Debug|x86
		{AF4B3885-F178-4C6B-99C9-9EB178FEC994}.Debug|Any CPU.Deploy.0 = Debug|x86
		{AF4B3885-F178-4C6B-99C9-9EB178FEC994}.Debug|ARM.ActiveCfg = Debug|Any CPU
		{AF4B3885-F178-4C6B-99C9-9EB178FEC994}.Debug|x64.ActiveCfg = Debug|Any CPU
		{AF4B3885-F178-4C6B-99C9-9EB178FEC994}.Debug|x86.ActiveCfg = Debug|x86
		{AF4B3885-F178-4C6B-99C9-9EB178FEC994}.Debug|x86.Build.0 = Debug|x86
		{AF4B3885-F178-4C6B-99C9-9EB178FEC994}.Release_Test|Any CPU.ActiveCfg = Release_Test|Any CPU
		{AF4B3885-F178-4C6B-99C9-9EB178FEC994}.Release_Test|Any CPU.Build.0 = Release_Test|Any CPU
		{AF4B3885-F178-4C6B-99C9-9EB178FEC994}.Release_Test|ARM.ActiveCfg = Release_Test|Any CPU
		{AF4B3885-F178-4C6B-99C9-9EB178FEC994}.Release_Test|x64.ActiveCfg = Release_Test|Any CPU
		{AF4B3885-F178-4C6B-99C9-9EB178FEC994}.Release_Test|x86.ActiveCfg = Release_Test|x86
		{AF4B3885-F178-4C6B-99C9-9EB178FEC994}.Release_Test|x86.Build.0 = Release_Test|x86
		{AF4B3885-F178-4C6B-99C9-9EB178FEC994}.Release|Any CPU.ActiveCfg = Release|Any CPU
		{AF4B3885-F178-4C6B-99C9-9EB178FEC994}.Release|Any CPU.Build.0 = Release|Any CPU
		{AF4B3885-F178-4C6B-99C9-9EB178FEC994}.Release|ARM.ActiveCfg = Release|Any CPU
		{AF4B3885-F178-4C6B-99C9-9EB178FEC994}.Release|x64.ActiveCfg = Release|Any CPU
		{AF4B3885-F178-4C6B-99C9-9EB178FEC994}.Release|x86.ActiveCfg = Release|x86
		{AF4B3885-F178-4C6B-99C9-9EB178FEC994}.Release|x86.Build.0 = Release|x86
		{D1F5848B-84D9-4EE5-8969-E62B054DAA4A}.Debug|Any CPU.ActiveCfg = Debug|x86
		{D1F5848B-84D9-4EE5-8969-E62B054DAA4A}.Debug|Any CPU.Build.0 = Debug|x86
		{D1F5848B-84D9-4EE5-8969-E62B054DAA4A}.Debug|ARM.ActiveCfg = Debug|Any CPU
		{D1F5848B-84D9-4EE5-8969-E62B054DAA4A}.Debug|x64.ActiveCfg = Debug|Any CPU
		{D1F5848B-84D9-4EE5-8969-E62B054DAA4A}.Debug|x86.ActiveCfg = Debug|Any CPU
		{D1F5848B-84D9-4EE5-8969-E62B054DAA4A}.Release_Test|Any CPU.ActiveCfg = Release_Test|Any CPU
		{D1F5848B-84D9-4EE5-8969-E62B054DAA4A}.Release_Test|Any CPU.Build.0 = Release_Test|Any CPU
		{D1F5848B-84D9-4EE5-8969-E62B054DAA4A}.Release_Test|ARM.ActiveCfg = Release_Test|Any CPU
		{D1F5848B-84D9-4EE5-8969-E62B054DAA4A}.Release_Test|x64.ActiveCfg = Release_Test|Any CPU
		{D1F5848B-84D9-4EE5-8969-E62B054DAA4A}.Release_Test|x86.ActiveCfg = Release_Test|Any CPU
		{D1F5848B-84D9-4EE5-8969-E62B054DAA4A}.Release|Any CPU.ActiveCfg = Release|Any CPU
		{D1F5848B-84D9-4EE5-8969-E62B054DAA4A}.Release|Any CPU.Build.0 = Release|Any CPU
		{D1F5848B-84D9-4EE5-8969-E62B054DAA4A}.Release|ARM.ActiveCfg = Release|Any CPU
		{D1F5848B-84D9-4EE5-8969-E62B054DAA4A}.Release|x64.ActiveCfg = Release|Any CPU
		{D1F5848B-84D9-4EE5-8969-E62B054DAA4A}.Release|x86.ActiveCfg = Release|Any CPU
		{91EA0D0B-D3BA-497F-AFEB-2CAD59DEBA0E}.Debug|Any CPU.ActiveCfg = Debug|x86
		{91EA0D0B-D3BA-497F-AFEB-2CAD59DEBA0E}.Debug|Any CPU.Build.0 = Debug|x86
		{91EA0D0B-D3BA-497F-AFEB-2CAD59DEBA0E}.Debug|ARM.ActiveCfg = Debug|Any CPU
		{91EA0D0B-D3BA-497F-AFEB-2CAD59DEBA0E}.Debug|x64.ActiveCfg = Debug|Any CPU
		{91EA0D0B-D3BA-497F-AFEB-2CAD59DEBA0E}.Debug|x86.ActiveCfg = Debug|Any CPU
		{91EA0D0B-D3BA-497F-AFEB-2CAD59DEBA0E}.Release_Test|Any CPU.ActiveCfg = Release_Test|Any CPU
		{91EA0D0B-D3BA-497F-AFEB-2CAD59DEBA0E}.Release_Test|Any CPU.Build.0 = Release_Test|Any CPU
		{91EA0D0B-D3BA-497F-AFEB-2CAD59DEBA0E}.Release_Test|ARM.ActiveCfg = Release_Test|Any CPU
		{91EA0D0B-D3BA-497F-AFEB-2CAD59DEBA0E}.Release_Test|x64.ActiveCfg = Release_Test|Any CPU
		{91EA0D0B-D3BA-497F-AFEB-2CAD59DEBA0E}.Release_Test|x86.ActiveCfg = Release_Test|Any CPU
		{91EA0D0B-D3BA-497F-AFEB-2CAD59DEBA0E}.Release|Any CPU.ActiveCfg = Release|Any CPU
		{91EA0D0B-D3BA-497F-AFEB-2CAD59DEBA0E}.Release|Any CPU.Build.0 = Release|Any CPU
		{91EA0D0B-D3BA-497F-AFEB-2CAD59DEBA0E}.Release|ARM.ActiveCfg = Release|Any CPU
		{91EA0D0B-D3BA-497F-AFEB-2CAD59DEBA0E}.Release|x64.ActiveCfg = Release|Any CPU
		{91EA0D0B-D3BA-497F-AFEB-2CAD59DEBA0E}.Release|x86.ActiveCfg = Release|Any CPU
		{73A5D9E8-EACE-4ECF-B521-FC2DF0ABDC7B}.Debug|Any CPU.ActiveCfg = Debug|x86
		{73A5D9E8-EACE-4ECF-B521-FC2DF0ABDC7B}.Debug|Any CPU.Build.0 = Debug|x86
		{73A5D9E8-EACE-4ECF-B521-FC2DF0ABDC7B}.Debug|ARM.ActiveCfg = Debug|Any CPU
		{73A5D9E8-EACE-4ECF-B521-FC2DF0ABDC7B}.Debug|x64.ActiveCfg = Debug|Any CPU
		{73A5D9E8-EACE-4ECF-B521-FC2DF0ABDC7B}.Debug|x86.ActiveCfg = Debug|Any CPU
		{73A5D9E8-EACE-4ECF-B521-FC2DF0ABDC7B}.Release_Test|Any CPU.ActiveCfg = Release_Test|Any CPU
		{73A5D9E8-EACE-4ECF-B521-FC2DF0ABDC7B}.Release_Test|Any CPU.Build.0 = Release_Test|Any CPU
		{73A5D9E8-EACE-4ECF-B521-FC2DF0ABDC7B}.Release_Test|ARM.ActiveCfg = Release|Any CPU
		{73A5D9E8-EACE-4ECF-B521-FC2DF0ABDC7B}.Release_Test|x64.ActiveCfg = Release|Any CPU
		{73A5D9E8-EACE-4ECF-B521-FC2DF0ABDC7B}.Release_Test|x86.ActiveCfg = Release|Any CPU
		{73A5D9E8-EACE-4ECF-B521-FC2DF0ABDC7B}.Release|Any CPU.ActiveCfg = Release|Any CPU
		{73A5D9E8-EACE-4ECF-B521-FC2DF0ABDC7B}.Release|Any CPU.Build.0 = Release|Any CPU
		{73A5D9E8-EACE-4ECF-B521-FC2DF0ABDC7B}.Release|ARM.ActiveCfg = Release|Any CPU
		{73A5D9E8-EACE-4ECF-B521-FC2DF0ABDC7B}.Release|x64.ActiveCfg = Release|Any CPU
		{73A5D9E8-EACE-4ECF-B521-FC2DF0ABDC7B}.Release|x86.ActiveCfg = Release|Any CPU
		{950138E6-C355-4858-B074-BADDC9CE3665}.Debug|Any CPU.ActiveCfg = Debug|x86
		{950138E6-C355-4858-B074-BADDC9CE3665}.Debug|Any CPU.Build.0 = Debug|x86
		{950138E6-C355-4858-B074-BADDC9CE3665}.Debug|ARM.ActiveCfg = Debug|Any CPU
		{950138E6-C355-4858-B074-BADDC9CE3665}.Debug|x64.ActiveCfg = Debug|Any CPU
		{950138E6-C355-4858-B074-BADDC9CE3665}.Debug|x86.ActiveCfg = Debug|Any CPU
		{950138E6-C355-4858-B074-BADDC9CE3665}.Release_Test|Any CPU.ActiveCfg = Release_Test|Any CPU
		{950138E6-C355-4858-B074-BADDC9CE3665}.Release_Test|Any CPU.Build.0 = Release_Test|Any CPU
		{950138E6-C355-4858-B074-BADDC9CE3665}.Release_Test|ARM.ActiveCfg = Release|Any CPU
		{950138E6-C355-4858-B074-BADDC9CE3665}.Release_Test|x64.ActiveCfg = Release|Any CPU
		{950138E6-C355-4858-B074-BADDC9CE3665}.Release_Test|x86.ActiveCfg = Release|Any CPU
		{950138E6-C355-4858-B074-BADDC9CE3665}.Release|Any CPU.ActiveCfg = Release|Any CPU
		{950138E6-C355-4858-B074-BADDC9CE3665}.Release|Any CPU.Build.0 = Release|Any CPU
		{950138E6-C355-4858-B074-BADDC9CE3665}.Release|ARM.ActiveCfg = Release|Any CPU
		{950138E6-C355-4858-B074-BADDC9CE3665}.Release|x64.ActiveCfg = Release|Any CPU
		{950138E6-C355-4858-B074-BADDC9CE3665}.Release|x86.ActiveCfg = Release|Any CPU
		{1C18709A-9E93-426D-AE10-9E73721FDDE1}.Debug|Any CPU.ActiveCfg = Debug|x86
		{1C18709A-9E93-426D-AE10-9E73721FDDE1}.Debug|Any CPU.Build.0 = Debug|x86
		{1C18709A-9E93-426D-AE10-9E73721FDDE1}.Debug|ARM.ActiveCfg = Debug|Any CPU
		{1C18709A-9E93-426D-AE10-9E73721FDDE1}.Debug|x64.ActiveCfg = Debug|Any CPU
		{1C18709A-9E93-426D-AE10-9E73721FDDE1}.Debug|x86.ActiveCfg = Debug|Any CPU
		{1C18709A-9E93-426D-AE10-9E73721FDDE1}.Release_Test|Any CPU.ActiveCfg = Release_Test|Any CPU
		{1C18709A-9E93-426D-AE10-9E73721FDDE1}.Release_Test|Any CPU.Build.0 = Release_Test|Any CPU
		{1C18709A-9E93-426D-AE10-9E73721FDDE1}.Release_Test|ARM.ActiveCfg = Release|Any CPU
		{1C18709A-9E93-426D-AE10-9E73721FDDE1}.Release_Test|x64.ActiveCfg = Release|Any CPU
		{1C18709A-9E93-426D-AE10-9E73721FDDE1}.Release_Test|x86.ActiveCfg = Release|Any CPU
		{1C18709A-9E93-426D-AE10-9E73721FDDE1}.Release|Any CPU.ActiveCfg = Release|Any CPU
		{1C18709A-9E93-426D-AE10-9E73721FDDE1}.Release|Any CPU.Build.0 = Release|Any CPU
		{1C18709A-9E93-426D-AE10-9E73721FDDE1}.Release|ARM.ActiveCfg = Release|Any CPU
		{1C18709A-9E93-426D-AE10-9E73721FDDE1}.Release|x64.ActiveCfg = Release|Any CPU
		{1C18709A-9E93-426D-AE10-9E73721FDDE1}.Release|x86.ActiveCfg = Release|Any CPU
		{F31191FB-DD9E-4C6C-A37B-796D653DD864}.Debug|Any CPU.ActiveCfg = Debug|x86
		{F31191FB-DD9E-4C6C-A37B-796D653DD864}.Debug|Any CPU.Build.0 = Debug|x86
		{F31191FB-DD9E-4C6C-A37B-796D653DD864}.Debug|ARM.ActiveCfg = Debug|Any CPU
		{F31191FB-DD9E-4C6C-A37B-796D653DD864}.Debug|x64.ActiveCfg = Debug|Any CPU
		{F31191FB-DD9E-4C6C-A37B-796D653DD864}.Debug|x86.ActiveCfg = Debug|Any CPU
		{F31191FB-DD9E-4C6C-A37B-796D653DD864}.Release_Test|Any CPU.ActiveCfg = Release_Test|Any CPU
		{F31191FB-DD9E-4C6C-A37B-796D653DD864}.Release_Test|Any CPU.Build.0 = Release_Test|Any CPU
		{F31191FB-DD9E-4C6C-A37B-796D653DD864}.Release_Test|ARM.ActiveCfg = Release|Any CPU
		{F31191FB-DD9E-4C6C-A37B-796D653DD864}.Release_Test|x64.ActiveCfg = Release|Any CPU
		{F31191FB-DD9E-4C6C-A37B-796D653DD864}.Release_Test|x86.ActiveCfg = Release|Any CPU
		{F31191FB-DD9E-4C6C-A37B-796D653DD864}.Release|Any CPU.ActiveCfg = Release|Any CPU
		{F31191FB-DD9E-4C6C-A37B-796D653DD864}.Release|Any CPU.Build.0 = Release|Any CPU
		{F31191FB-DD9E-4C6C-A37B-796D653DD864}.Release|ARM.ActiveCfg = Release|Any CPU
		{F31191FB-DD9E-4C6C-A37B-796D653DD864}.Release|x64.ActiveCfg = Release|Any CPU
		{F31191FB-DD9E-4C6C-A37B-796D653DD864}.Release|x86.ActiveCfg = Release|Any CPU
		{59759960-0A48-45EC-ABB9-B4FAAD6D43EE}.Debug|Any CPU.ActiveCfg = Debug|x86
		{59759960-0A48-45EC-ABB9-B4FAAD6D43EE}.Debug|Any CPU.Build.0 = Debug|x86
		{59759960-0A48-45EC-ABB9-B4FAAD6D43EE}.Debug|ARM.ActiveCfg = Debug|Any CPU
		{59759960-0A48-45EC-ABB9-B4FAAD6D43EE}.Debug|x64.ActiveCfg = Debug|Any CPU
		{59759960-0A48-45EC-ABB9-B4FAAD6D43EE}.Debug|x86.ActiveCfg = Debug|Any CPU
		{59759960-0A48-45EC-ABB9-B4FAAD6D43EE}.Release_Test|Any CPU.ActiveCfg = Release_Test|Any CPU
		{59759960-0A48-45EC-ABB9-B4FAAD6D43EE}.Release_Test|Any CPU.Build.0 = Release_Test|Any CPU
		{59759960-0A48-45EC-ABB9-B4FAAD6D43EE}.Release_Test|ARM.ActiveCfg = Release|Any CPU
		{59759960-0A48-45EC-ABB9-B4FAAD6D43EE}.Release_Test|x64.ActiveCfg = Release|Any CPU
		{59759960-0A48-45EC-ABB9-B4FAAD6D43EE}.Release_Test|x86.ActiveCfg = Release|Any CPU
		{59759960-0A48-45EC-ABB9-B4FAAD6D43EE}.Release|Any CPU.ActiveCfg = Release|Any CPU
		{59759960-0A48-45EC-ABB9-B4FAAD6D43EE}.Release|Any CPU.Build.0 = Release|Any CPU
		{59759960-0A48-45EC-ABB9-B4FAAD6D43EE}.Release|ARM.ActiveCfg = Release|Any CPU
		{59759960-0A48-45EC-ABB9-B4FAAD6D43EE}.Release|x64.ActiveCfg = Release|Any CPU
		{59759960-0A48-45EC-ABB9-B4FAAD6D43EE}.Release|x86.ActiveCfg = Release|Any CPU
		{9BDB193E-E3BA-4A1D-8C6E-ECABB6FFC7AB}.Debug|Any CPU.ActiveCfg = Debug|x86
		{9BDB193E-E3BA-4A1D-8C6E-ECABB6FFC7AB}.Debug|Any CPU.Build.0 = Debug|x86
		{9BDB193E-E3BA-4A1D-8C6E-ECABB6FFC7AB}.Debug|ARM.ActiveCfg = Debug|Any CPU
		{9BDB193E-E3BA-4A1D-8C6E-ECABB6FFC7AB}.Debug|x64.ActiveCfg = Debug|Any CPU
		{9BDB193E-E3BA-4A1D-8C6E-ECABB6FFC7AB}.Debug|x86.ActiveCfg = Debug|Any CPU
		{9BDB193E-E3BA-4A1D-8C6E-ECABB6FFC7AB}.Release_Test|Any CPU.ActiveCfg = Release_Test|Any CPU
		{9BDB193E-E3BA-4A1D-8C6E-ECABB6FFC7AB}.Release_Test|Any CPU.Build.0 = Release_Test|Any CPU
		{9BDB193E-E3BA-4A1D-8C6E-ECABB6FFC7AB}.Release_Test|ARM.ActiveCfg = Release|Any CPU
		{9BDB193E-E3BA-4A1D-8C6E-ECABB6FFC7AB}.Release_Test|x64.ActiveCfg = Release|Any CPU
		{9BDB193E-E3BA-4A1D-8C6E-ECABB6FFC7AB}.Release_Test|x86.ActiveCfg = Release|Any CPU
		{9BDB193E-E3BA-4A1D-8C6E-ECABB6FFC7AB}.Release|Any CPU.ActiveCfg = Release|Any CPU
		{9BDB193E-E3BA-4A1D-8C6E-ECABB6FFC7AB}.Release|Any CPU.Build.0 = Release|Any CPU
		{9BDB193E-E3BA-4A1D-8C6E-ECABB6FFC7AB}.Release|ARM.ActiveCfg = Release|Any CPU
		{9BDB193E-E3BA-4A1D-8C6E-ECABB6FFC7AB}.Release|x64.ActiveCfg = Release|Any CPU
		{9BDB193E-E3BA-4A1D-8C6E-ECABB6FFC7AB}.Release|x86.ActiveCfg = Release|Any CPU
		{AB487BD2-9CF7-4C4E-A938-5B9FEE4C4E76}.Debug|Any CPU.ActiveCfg = Debug|x86
		{AB487BD2-9CF7-4C4E-A938-5B9FEE4C4E76}.Debug|Any CPU.Build.0 = Debug|x86
		{AB487BD2-9CF7-4C4E-A938-5B9FEE4C4E76}.Debug|ARM.ActiveCfg = Debug|Any CPU
		{AB487BD2-9CF7-4C4E-A938-5B9FEE4C4E76}.Debug|x64.ActiveCfg = Debug|Any CPU
		{AB487BD2-9CF7-4C4E-A938-5B9FEE4C4E76}.Debug|x86.ActiveCfg = Debug|Any CPU
		{AB487BD2-9CF7-4C4E-A938-5B9FEE4C4E76}.Release_Test|Any CPU.ActiveCfg = Release_Test|Any CPU
		{AB487BD2-9CF7-4C4E-A938-5B9FEE4C4E76}.Release_Test|Any CPU.Build.0 = Release_Test|Any CPU
		{AB487BD2-9CF7-4C4E-A938-5B9FEE4C4E76}.Release_Test|ARM.ActiveCfg = Release|Any CPU
		{AB487BD2-9CF7-4C4E-A938-5B9FEE4C4E76}.Release_Test|x64.ActiveCfg = Release|Any CPU
		{AB487BD2-9CF7-4C4E-A938-5B9FEE4C4E76}.Release_Test|x86.ActiveCfg = Release|Any CPU
		{AB487BD2-9CF7-4C4E-A938-5B9FEE4C4E76}.Release|Any CPU.ActiveCfg = Release|Any CPU
		{AB487BD2-9CF7-4C4E-A938-5B9FEE4C4E76}.Release|Any CPU.Build.0 = Release|Any CPU
		{AB487BD2-9CF7-4C4E-A938-5B9FEE4C4E76}.Release|ARM.ActiveCfg = Release|Any CPU
		{AB487BD2-9CF7-4C4E-A938-5B9FEE4C4E76}.Release|x64.ActiveCfg = Release|Any CPU
		{AB487BD2-9CF7-4C4E-A938-5B9FEE4C4E76}.Release|x86.ActiveCfg = Release|Any CPU
		{4EA73D38-5443-4A40-93AB-4869202EFFFC}.Debug|Any CPU.ActiveCfg = Debug|x86
		{4EA73D38-5443-4A40-93AB-4869202EFFFC}.Debug|Any CPU.Build.0 = Debug|x86
		{4EA73D38-5443-4A40-93AB-4869202EFFFC}.Debug|ARM.ActiveCfg = Debug|Any CPU
		{4EA73D38-5443-4A40-93AB-4869202EFFFC}.Debug|x64.ActiveCfg = Debug|Any CPU
		{4EA73D38-5443-4A40-93AB-4869202EFFFC}.Debug|x86.ActiveCfg = Debug|Any CPU
		{4EA73D38-5443-4A40-93AB-4869202EFFFC}.Release_Test|Any CPU.ActiveCfg = Release_Test|Any CPU
		{4EA73D38-5443-4A40-93AB-4869202EFFFC}.Release_Test|Any CPU.Build.0 = Release_Test|Any CPU
		{4EA73D38-5443-4A40-93AB-4869202EFFFC}.Release_Test|ARM.ActiveCfg = Release|Any CPU
		{4EA73D38-5443-4A40-93AB-4869202EFFFC}.Release_Test|x64.ActiveCfg = Release|Any CPU
		{4EA73D38-5443-4A40-93AB-4869202EFFFC}.Release_Test|x86.ActiveCfg = Release|Any CPU
		{4EA73D38-5443-4A40-93AB-4869202EFFFC}.Release|Any CPU.ActiveCfg = Release|Any CPU
		{4EA73D38-5443-4A40-93AB-4869202EFFFC}.Release|Any CPU.Build.0 = Release|Any CPU
		{4EA73D38-5443-4A40-93AB-4869202EFFFC}.Release|ARM.ActiveCfg = Release|Any CPU
		{4EA73D38-5443-4A40-93AB-4869202EFFFC}.Release|x64.ActiveCfg = Release|Any CPU
		{4EA73D38-5443-4A40-93AB-4869202EFFFC}.Release|x86.ActiveCfg = Release|Any CPU
		{98045AE6-1CEB-43BC-8305-E6B0FBF540A7}.Debug|Any CPU.ActiveCfg = Debug|x86
		{98045AE6-1CEB-43BC-8305-E6B0FBF540A7}.Debug|Any CPU.Build.0 = Debug|x86
		{98045AE6-1CEB-43BC-8305-E6B0FBF540A7}.Debug|ARM.ActiveCfg = Debug|Any CPU
		{98045AE6-1CEB-43BC-8305-E6B0FBF540A7}.Debug|x64.ActiveCfg = Debug|Any CPU
		{98045AE6-1CEB-43BC-8305-E6B0FBF540A7}.Debug|x86.ActiveCfg = Debug|Any CPU
		{98045AE6-1CEB-43BC-8305-E6B0FBF540A7}.Release_Test|Any CPU.ActiveCfg = Release_Test|Any CPU
		{98045AE6-1CEB-43BC-8305-E6B0FBF540A7}.Release_Test|Any CPU.Build.0 = Release_Test|Any CPU
		{98045AE6-1CEB-43BC-8305-E6B0FBF540A7}.Release_Test|ARM.ActiveCfg = Release|Any CPU
		{98045AE6-1CEB-43BC-8305-E6B0FBF540A7}.Release_Test|x64.ActiveCfg = Release|Any CPU
		{98045AE6-1CEB-43BC-8305-E6B0FBF540A7}.Release_Test|x86.ActiveCfg = Release|Any CPU
		{98045AE6-1CEB-43BC-8305-E6B0FBF540A7}.Release|Any CPU.ActiveCfg = Release|Any CPU
		{98045AE6-1CEB-43BC-8305-E6B0FBF540A7}.Release|Any CPU.Build.0 = Release|Any CPU
		{98045AE6-1CEB-43BC-8305-E6B0FBF540A7}.Release|ARM.ActiveCfg = Release|Any CPU
		{98045AE6-1CEB-43BC-8305-E6B0FBF540A7}.Release|x64.ActiveCfg = Release|Any CPU
		{98045AE6-1CEB-43BC-8305-E6B0FBF540A7}.Release|x86.ActiveCfg = Release|Any CPU
		{48F6C9E8-F8B7-4E51-9D0F-0B309252ED6D}.Debug|Any CPU.ActiveCfg = Debug|x86
		{48F6C9E8-F8B7-4E51-9D0F-0B309252ED6D}.Debug|Any CPU.Build.0 = Debug|x86
		{48F6C9E8-F8B7-4E51-9D0F-0B309252ED6D}.Debug|ARM.ActiveCfg = Debug|Any CPU
		{48F6C9E8-F8B7-4E51-9D0F-0B309252ED6D}.Debug|x64.ActiveCfg = Debug|Any CPU
		{48F6C9E8-F8B7-4E51-9D0F-0B309252ED6D}.Debug|x86.ActiveCfg = Debug|Any CPU
		{48F6C9E8-F8B7-4E51-9D0F-0B309252ED6D}.Release_Test|Any CPU.ActiveCfg = Release_Test|Any CPU
		{48F6C9E8-F8B7-4E51-9D0F-0B309252ED6D}.Release_Test|Any CPU.Build.0 = Release_Test|Any CPU
		{48F6C9E8-F8B7-4E51-9D0F-0B309252ED6D}.Release_Test|ARM.ActiveCfg = Release|Any CPU
		{48F6C9E8-F8B7-4E51-9D0F-0B309252ED6D}.Release_Test|x64.ActiveCfg = Release|Any CPU
		{48F6C9E8-F8B7-4E51-9D0F-0B309252ED6D}.Release_Test|x86.ActiveCfg = Release|Any CPU
		{48F6C9E8-F8B7-4E51-9D0F-0B309252ED6D}.Release|Any CPU.ActiveCfg = Release|Any CPU
		{48F6C9E8-F8B7-4E51-9D0F-0B309252ED6D}.Release|Any CPU.Build.0 = Release|Any CPU
		{48F6C9E8-F8B7-4E51-9D0F-0B309252ED6D}.Release|ARM.ActiveCfg = Release|Any CPU
		{48F6C9E8-F8B7-4E51-9D0F-0B309252ED6D}.Release|x64.ActiveCfg = Release|Any CPU
		{48F6C9E8-F8B7-4E51-9D0F-0B309252ED6D}.Release|x86.ActiveCfg = Release|Any CPU
		{8E3EE43C-8702-445F-95A8-ABC91F3337A8}.Debug|Any CPU.ActiveCfg = Debug|x86
		{8E3EE43C-8702-445F-95A8-ABC91F3337A8}.Debug|Any CPU.Build.0 = Debug|x86
		{8E3EE43C-8702-445F-95A8-ABC91F3337A8}.Debug|ARM.ActiveCfg = Debug|Any CPU
		{8E3EE43C-8702-445F-95A8-ABC91F3337A8}.Debug|x64.ActiveCfg = Debug|Any CPU
		{8E3EE43C-8702-445F-95A8-ABC91F3337A8}.Debug|x86.ActiveCfg = Debug|Any CPU
		{8E3EE43C-8702-445F-95A8-ABC91F3337A8}.Release_Test|Any CPU.ActiveCfg = Release|Any CPU
		{8E3EE43C-8702-445F-95A8-ABC91F3337A8}.Release_Test|Any CPU.Build.0 = Release|Any CPU
		{8E3EE43C-8702-445F-95A8-ABC91F3337A8}.Release_Test|ARM.ActiveCfg = Release|Any CPU
		{8E3EE43C-8702-445F-95A8-ABC91F3337A8}.Release_Test|x64.ActiveCfg = Release|Any CPU
		{8E3EE43C-8702-445F-95A8-ABC91F3337A8}.Release_Test|x86.ActiveCfg = Release|Any CPU
		{8E3EE43C-8702-445F-95A8-ABC91F3337A8}.Release|Any CPU.ActiveCfg = Release|Any CPU
		{8E3EE43C-8702-445F-95A8-ABC91F3337A8}.Release|Any CPU.Build.0 = Release|Any CPU
		{8E3EE43C-8702-445F-95A8-ABC91F3337A8}.Release|ARM.ActiveCfg = Release|Any CPU
		{8E3EE43C-8702-445F-95A8-ABC91F3337A8}.Release|x64.ActiveCfg = Release|Any CPU
		{8E3EE43C-8702-445F-95A8-ABC91F3337A8}.Release|x86.ActiveCfg = Release|Any CPU
	EndGlobalSection
	GlobalSection(SolutionProperties) = preSolution
		HideSolutionNode = FALSE
	EndGlobalSection
	GlobalSection(NestedProjects) = preSolution
		{73A5D9E8-EACE-4ECF-B521-FC2DF0ABDC7B} = {7E00BBC8-BC0C-4A2B-8309-C45CA1C7E152}
		{131805CF-7971-4813-848B-CE156D4F6827} = {7E00BBC8-BC0C-4A2B-8309-C45CA1C7E152}
		{950138E6-C355-4858-B074-BADDC9CE3665} = {7E00BBC8-BC0C-4A2B-8309-C45CA1C7E152}
		{1C18709A-9E93-426D-AE10-9E73721FDDE1} = {7E00BBC8-BC0C-4A2B-8309-C45CA1C7E152}
		{48F6C9E8-F8B7-4E51-9D0F-0B309252ED6D} = {7E00BBC8-BC0C-4A2B-8309-C45CA1C7E152}
		{941A8A38-E0B2-44F5-9364-8D7A6C302AE3} = {4E99DDFE-186D-469F-9C4C-C184977ED0ED}
		{8FE32867-B27F-42E7-B101-EB092A63ECB2} = {4E99DDFE-186D-469F-9C4C-C184977ED0ED}
		{91EA0D0B-D3BA-497F-AFEB-2CAD59DEBA0E} = {10133113-4503-4510-AA75-D9931ADBF9CA}
	EndGlobalSection
	GlobalSection(CodealikeProperties) = postSolution
		SolutionGuid = 1d777ca3-c82f-4a36-8f37-a6ed0e0952c4
	EndGlobalSection
EndGlobal
