
Microsoft Visual Studio Solution File, Format Version 12.00
# Visual Studio 2012
Project("{FAE04EC0-301F-11D3-BF4B-00C04F79EFBC}") = "Octgn", "octgnFX\Octgn\Octgn.csproj", "{C6ADE75C-5BC2-47DB-9240-B99C66431EF3}"
EndProject
Project("{FAE04EC0-301F-11D3-BF4B-00C04F79EFBC}") = "Octgn.Data", "octgnFX\Octgn.Data\Octgn.Data.csproj", "{6C6E53BA-E75B-4E93-98CA-3C39ED908B2C}"
EndProject
Project("{FAE04EC0-301F-11D3-BF4B-00C04F79EFBC}") = "Octgn.Server", "octgnFX\Octgn.Server\Octgn.Server.csproj", "{6DD203AF-5003-4AF3-A982-67F10B704D4A}"
EndProject
Project("{FAE04EC0-301F-11D3-BF4B-00C04F79EFBC}") = "Skylabs.Lobby", "octgnFX\Skylabs.Lobby\Skylabs.Lobby.csproj", "{131805CF-7971-4813-848B-CE156D4F6827}"
EndProject
Project("{FAE04EC0-301F-11D3-BF4B-00C04F79EFBC}") = "Octgn.StandAloneServer", "octgnFX\Octgn.StandAloneServer\Octgn.StandAloneServer.csproj", "{160EEC3E-F158-4F2C-9F75-69DBA056013F}"
EndProject
Project("{FAE04EC0-301F-11D3-BF4B-00C04F79EFBC}") = "Skylabs.LobbyServer", "octgnFX\Octgn.LobbyServer\Skylabs.LobbyServer.csproj", "{CBEA967B-A33D-49AF-A61C-A84137874430}"
EndProject
Project("{2150E333-8FDC-42A3-9474-1A3956D46DE8}") = "Root", "Root", "{0C909858-EC18-44E5-A07D-53D0AEEB22CD}"
	ProjectSection(SolutionItems) = preProject
		.gitattributes = .gitattributes
		.gitignore = .gitignore
		Autoupdating XMLs.md = Autoupdating XMLs.md
		CHANGELOG.md = CHANGELOG.md
		CONTENT.md = CONTENT.md
		currentversion.xml = currentversion.xml
		HACK.md = HACK.md
		LICENSE.md = LICENSE.md
		README.md = README.md
		ss.txt = ss.txt
	EndProjectSection
EndProject
Project("{2150E333-8FDC-42A3-9474-1A3956D46DE8}") = "installer", "installer", "{8FE32867-B27F-42E7-B101-EB092A63ECB2}"
	ProjectSection(SolutionItems) = preProject
		installer\DotNetVer.nsh = installer\DotNetVer.nsh
		installer\GetDotNet.nsh = installer\GetDotNet.nsh
		installer\GetVC.nsh = installer\GetVC.nsh
		installer\Install.nsi = installer\Install.nsi
		installer\InstallTest.nsi = installer\InstallTest.nsi
	EndProjectSection
EndProject
Project("{FAE04EC0-301F-11D3-BF4B-00C04F79EFBC}") = "Octgn.Test", "octgnFX\Octgn.Test\Octgn.Test.csproj", "{2E28A69C-7169-4880-ADCC-29322F6D5E9E}"
EndProject
Project("{FAE04EC0-301F-11D3-BF4B-00C04F79EFBC}") = "Octgn.ReleasePusher", "octgnFX\Octgn.ReleasePusher\Octgn.ReleasePusher.csproj", "{941A8A38-E0B2-44F5-9364-8D7A6C302AE3}"
EndProject
Project("{FAE04EC0-301F-11D3-BF4B-00C04F79EFBC}") = "Octgn.Library", "octgnFX\Octgn.Library\Octgn.Library.csproj", "{AF4B3885-F178-4C6B-99C9-9EB178FEC994}"
EndProject
Project("{FAE04EC0-301F-11D3-BF4B-00C04F79EFBC}") = "Octgn.DeckBuilderPluginExample", "octgnFX\Octgn.DeckBuilderPluginExample\Octgn.DeckBuilderPluginExample.csproj", "{D1F5848B-84D9-4EE5-8969-E62B054DAA4A}"
EndProject
Project("{FAE04EC0-301F-11D3-BF4B-00C04F79EFBC}") = "agsXMPP2010", "octgnFX\agsxmpp\trunk\agsxmpp\agsXMPP2010.csproj", "{91EA0D0B-D3BA-497F-AFEB-2CAD59DEBA0E}"
EndProject
Project("{2150E333-8FDC-42A3-9474-1A3956D46DE8}") = "deploy", "deploy", "{4E99DDFE-186D-469F-9C4C-C184977ED0ED}"
	ProjectSection(SolutionItems) = preProject
		deploy\currentversion.txt = deploy\currentversion.txt
		deploy\currentversiontest.txt = deploy\currentversiontest.txt
	EndProjectSection
EndProject
Project("{2150E333-8FDC-42A3-9474-1A3956D46DE8}") = ".nuget", ".nuget", "{26163613-6BB9-4273-8082-8C2CCC52BA7E}"
	ProjectSection(SolutionItems) = preProject
		.nuget\packages.config = .nuget\packages.config
	EndProjectSection
EndProject
Project("{FAE04EC0-301F-11D3-BF4B-00C04F79EFBC}") = "Octgn.Online.GameService", "octgnFX\Octgn.Online.GameService\Octgn.Online.GameService.csproj", "{A85C6B61-6D8F-40FA-9808-9C9F9E2F7B6E}"
EndProject
Global
	GlobalSection(SolutionConfigurationPlatforms) = preSolution
		Debug x86|Any CPU = Debug x86|Any CPU
		Debug x86|ARM = Debug x86|ARM
		Debug x86|x64 = Debug x86|x64
		Debug x86|x86 = Debug x86|x86
		Debug|Any CPU = Debug|Any CPU
		Debug|ARM = Debug|ARM
		Debug|x64 = Debug|x64
		Debug|x86 = Debug|x86
		Release_Test|Any CPU = Release_Test|Any CPU
		Release_Test|ARM = Release_Test|ARM
		Release_Test|x64 = Release_Test|x64
		Release_Test|x86 = Release_Test|x86
		Release|Any CPU = Release|Any CPU
		Release|ARM = Release|ARM
		Release|x64 = Release|x64
		Release|x86 = Release|x86
	EndGlobalSection
	GlobalSection(ProjectConfigurationPlatforms) = postSolution
		{C6ADE75C-5BC2-47DB-9240-B99C66431EF3}.Debug x86|Any CPU.ActiveCfg = Debug x86|Any CPU
		{C6ADE75C-5BC2-47DB-9240-B99C66431EF3}.Debug x86|Any CPU.Build.0 = Debug x86|Any CPU
		{C6ADE75C-5BC2-47DB-9240-B99C66431EF3}.Debug x86|ARM.ActiveCfg = Debug x86|Any CPU
		{C6ADE75C-5BC2-47DB-9240-B99C66431EF3}.Debug x86|x64.ActiveCfg = Debug x86|Any CPU
		{C6ADE75C-5BC2-47DB-9240-B99C66431EF3}.Debug x86|x86.ActiveCfg = Debug x86|x86
		{C6ADE75C-5BC2-47DB-9240-B99C66431EF3}.Debug x86|x86.Build.0 = Debug x86|x86
		{C6ADE75C-5BC2-47DB-9240-B99C66431EF3}.Debug|Any CPU.ActiveCfg = Debug|Any CPU
		{C6ADE75C-5BC2-47DB-9240-B99C66431EF3}.Debug|Any CPU.Build.0 = Debug|Any CPU
		{C6ADE75C-5BC2-47DB-9240-B99C66431EF3}.Debug|ARM.ActiveCfg = Debug|Any CPU
		{C6ADE75C-5BC2-47DB-9240-B99C66431EF3}.Debug|x64.ActiveCfg = Debug|Any CPU
		{C6ADE75C-5BC2-47DB-9240-B99C66431EF3}.Debug|x86.ActiveCfg = Debug|x86
		{C6ADE75C-5BC2-47DB-9240-B99C66431EF3}.Debug|x86.Build.0 = Debug|x86
		{C6ADE75C-5BC2-47DB-9240-B99C66431EF3}.Release_Test|Any CPU.ActiveCfg = Release_Test|Any CPU
		{C6ADE75C-5BC2-47DB-9240-B99C66431EF3}.Release_Test|Any CPU.Build.0 = Release_Test|Any CPU
		{C6ADE75C-5BC2-47DB-9240-B99C66431EF3}.Release_Test|ARM.ActiveCfg = Release_Test|Any CPU
		{C6ADE75C-5BC2-47DB-9240-B99C66431EF3}.Release_Test|x64.ActiveCfg = Release_Test|Any CPU
		{C6ADE75C-5BC2-47DB-9240-B99C66431EF3}.Release_Test|x86.ActiveCfg = Release_Test|x86
		{C6ADE75C-5BC2-47DB-9240-B99C66431EF3}.Release_Test|x86.Build.0 = Release_Test|x86
		{C6ADE75C-5BC2-47DB-9240-B99C66431EF3}.Release|Any CPU.ActiveCfg = Release|Any CPU
		{C6ADE75C-5BC2-47DB-9240-B99C66431EF3}.Release|Any CPU.Build.0 = Release|Any CPU
		{C6ADE75C-5BC2-47DB-9240-B99C66431EF3}.Release|ARM.ActiveCfg = Release|Any CPU
		{C6ADE75C-5BC2-47DB-9240-B99C66431EF3}.Release|x64.ActiveCfg = Release|Any CPU
		{C6ADE75C-5BC2-47DB-9240-B99C66431EF3}.Release|x86.ActiveCfg = Release|x86
		{C6ADE75C-5BC2-47DB-9240-B99C66431EF3}.Release|x86.Build.0 = Release|x86
		{6C6E53BA-E75B-4E93-98CA-3C39ED908B2C}.Debug x86|Any CPU.ActiveCfg = Debug x86|Any CPU
		{6C6E53BA-E75B-4E93-98CA-3C39ED908B2C}.Debug x86|Any CPU.Build.0 = Debug x86|Any CPU
		{6C6E53BA-E75B-4E93-98CA-3C39ED908B2C}.Debug x86|ARM.ActiveCfg = Debug x86|Any CPU
		{6C6E53BA-E75B-4E93-98CA-3C39ED908B2C}.Debug x86|x64.ActiveCfg = Debug x86|Any CPU
		{6C6E53BA-E75B-4E93-98CA-3C39ED908B2C}.Debug x86|x86.ActiveCfg = Debug x86|x86
		{6C6E53BA-E75B-4E93-98CA-3C39ED908B2C}.Debug x86|x86.Build.0 = Debug x86|x86
		{6C6E53BA-E75B-4E93-98CA-3C39ED908B2C}.Debug|Any CPU.ActiveCfg = Debug|Any CPU
		{6C6E53BA-E75B-4E93-98CA-3C39ED908B2C}.Debug|Any CPU.Build.0 = Debug|Any CPU
		{6C6E53BA-E75B-4E93-98CA-3C39ED908B2C}.Debug|ARM.ActiveCfg = Debug|Any CPU
		{6C6E53BA-E75B-4E93-98CA-3C39ED908B2C}.Debug|x64.ActiveCfg = Debug|Any CPU
		{6C6E53BA-E75B-4E93-98CA-3C39ED908B2C}.Debug|x86.ActiveCfg = Debug|x86
		{6C6E53BA-E75B-4E93-98CA-3C39ED908B2C}.Debug|x86.Build.0 = Debug|x86
		{6C6E53BA-E75B-4E93-98CA-3C39ED908B2C}.Release_Test|Any CPU.ActiveCfg = Release_Test|Any CPU
		{6C6E53BA-E75B-4E93-98CA-3C39ED908B2C}.Release_Test|Any CPU.Build.0 = Release_Test|Any CPU
		{6C6E53BA-E75B-4E93-98CA-3C39ED908B2C}.Release_Test|ARM.ActiveCfg = Release_Test|Any CPU
		{6C6E53BA-E75B-4E93-98CA-3C39ED908B2C}.Release_Test|x64.ActiveCfg = Release_Test|Any CPU
		{6C6E53BA-E75B-4E93-98CA-3C39ED908B2C}.Release_Test|x86.ActiveCfg = Release_Test|x86
		{6C6E53BA-E75B-4E93-98CA-3C39ED908B2C}.Release_Test|x86.Build.0 = Release_Test|x86
		{6C6E53BA-E75B-4E93-98CA-3C39ED908B2C}.Release|Any CPU.ActiveCfg = Release|Any CPU
		{6C6E53BA-E75B-4E93-98CA-3C39ED908B2C}.Release|Any CPU.Build.0 = Release|Any CPU
		{6C6E53BA-E75B-4E93-98CA-3C39ED908B2C}.Release|ARM.ActiveCfg = Release|Any CPU
		{6C6E53BA-E75B-4E93-98CA-3C39ED908B2C}.Release|x64.ActiveCfg = Release|Any CPU
		{6C6E53BA-E75B-4E93-98CA-3C39ED908B2C}.Release|x86.ActiveCfg = Release|x86
		{6C6E53BA-E75B-4E93-98CA-3C39ED908B2C}.Release|x86.Build.0 = Release|x86
		{6DD203AF-5003-4AF3-A982-67F10B704D4A}.Debug x86|Any CPU.ActiveCfg = Debug x86|Any CPU
		{6DD203AF-5003-4AF3-A982-67F10B704D4A}.Debug x86|Any CPU.Build.0 = Debug x86|Any CPU
		{6DD203AF-5003-4AF3-A982-67F10B704D4A}.Debug x86|ARM.ActiveCfg = Debug x86|Any CPU
		{6DD203AF-5003-4AF3-A982-67F10B704D4A}.Debug x86|x64.ActiveCfg = Debug x86|Any CPU
		{6DD203AF-5003-4AF3-A982-67F10B704D4A}.Debug x86|x86.ActiveCfg = Debug x86|x86
		{6DD203AF-5003-4AF3-A982-67F10B704D4A}.Debug x86|x86.Build.0 = Debug x86|x86
		{6DD203AF-5003-4AF3-A982-67F10B704D4A}.Debug|Any CPU.ActiveCfg = Debug|Any CPU
		{6DD203AF-5003-4AF3-A982-67F10B704D4A}.Debug|Any CPU.Build.0 = Debug|Any CPU
		{6DD203AF-5003-4AF3-A982-67F10B704D4A}.Debug|ARM.ActiveCfg = Debug|Any CPU
		{6DD203AF-5003-4AF3-A982-67F10B704D4A}.Debug|x64.ActiveCfg = Debug|Any CPU
		{6DD203AF-5003-4AF3-A982-67F10B704D4A}.Debug|x86.ActiveCfg = Debug|x86
		{6DD203AF-5003-4AF3-A982-67F10B704D4A}.Debug|x86.Build.0 = Debug|x86
		{6DD203AF-5003-4AF3-A982-67F10B704D4A}.Release_Test|Any CPU.ActiveCfg = Release_Test|Any CPU
		{6DD203AF-5003-4AF3-A982-67F10B704D4A}.Release_Test|Any CPU.Build.0 = Release_Test|Any CPU
		{6DD203AF-5003-4AF3-A982-67F10B704D4A}.Release_Test|ARM.ActiveCfg = Release_Test|Any CPU
		{6DD203AF-5003-4AF3-A982-67F10B704D4A}.Release_Test|x64.ActiveCfg = Release_Test|Any CPU
		{6DD203AF-5003-4AF3-A982-67F10B704D4A}.Release_Test|x86.ActiveCfg = Release_Test|x86
		{6DD203AF-5003-4AF3-A982-67F10B704D4A}.Release_Test|x86.Build.0 = Release_Test|x86
		{6DD203AF-5003-4AF3-A982-67F10B704D4A}.Release|Any CPU.ActiveCfg = Release|Any CPU
		{6DD203AF-5003-4AF3-A982-67F10B704D4A}.Release|Any CPU.Build.0 = Release|Any CPU
		{6DD203AF-5003-4AF3-A982-67F10B704D4A}.Release|ARM.ActiveCfg = Release|Any CPU
		{6DD203AF-5003-4AF3-A982-67F10B704D4A}.Release|x64.ActiveCfg = Release|Any CPU
		{6DD203AF-5003-4AF3-A982-67F10B704D4A}.Release|x86.ActiveCfg = Release|x86
		{6DD203AF-5003-4AF3-A982-67F10B704D4A}.Release|x86.Build.0 = Release|x86
		{131805CF-7971-4813-848B-CE156D4F6827}.Debug x86|Any CPU.ActiveCfg = Debug x86|Any CPU
		{131805CF-7971-4813-848B-CE156D4F6827}.Debug x86|Any CPU.Build.0 = Debug x86|Any CPU
		{131805CF-7971-4813-848B-CE156D4F6827}.Debug x86|ARM.ActiveCfg = Debug x86|Any CPU
		{131805CF-7971-4813-848B-CE156D4F6827}.Debug x86|x64.ActiveCfg = Debug x86|Any CPU
		{131805CF-7971-4813-848B-CE156D4F6827}.Debug x86|x86.ActiveCfg = Debug x86|x86
		{131805CF-7971-4813-848B-CE156D4F6827}.Debug x86|x86.Build.0 = Debug x86|x86
		{131805CF-7971-4813-848B-CE156D4F6827}.Debug|Any CPU.ActiveCfg = Debug|Any CPU
		{131805CF-7971-4813-848B-CE156D4F6827}.Debug|Any CPU.Build.0 = Debug|Any CPU
		{131805CF-7971-4813-848B-CE156D4F6827}.Debug|ARM.ActiveCfg = Debug|Any CPU
		{131805CF-7971-4813-848B-CE156D4F6827}.Debug|x64.ActiveCfg = Debug|Any CPU
		{131805CF-7971-4813-848B-CE156D4F6827}.Debug|x86.ActiveCfg = Debug|x86
		{131805CF-7971-4813-848B-CE156D4F6827}.Debug|x86.Build.0 = Debug|x86
		{131805CF-7971-4813-848B-CE156D4F6827}.Release_Test|Any CPU.ActiveCfg = Release_Test|Any CPU
		{131805CF-7971-4813-848B-CE156D4F6827}.Release_Test|Any CPU.Build.0 = Release_Test|Any CPU
		{131805CF-7971-4813-848B-CE156D4F6827}.Release_Test|ARM.ActiveCfg = Release_Test|Any CPU
		{131805CF-7971-4813-848B-CE156D4F6827}.Release_Test|x64.ActiveCfg = Release_Test|Any CPU
		{131805CF-7971-4813-848B-CE156D4F6827}.Release_Test|x86.ActiveCfg = Release_Test|x86
		{131805CF-7971-4813-848B-CE156D4F6827}.Release_Test|x86.Build.0 = Release_Test|x86
		{131805CF-7971-4813-848B-CE156D4F6827}.Release|Any CPU.ActiveCfg = Release|Any CPU
		{131805CF-7971-4813-848B-CE156D4F6827}.Release|Any CPU.Build.0 = Release|Any CPU
		{131805CF-7971-4813-848B-CE156D4F6827}.Release|ARM.ActiveCfg = Release|Any CPU
		{131805CF-7971-4813-848B-CE156D4F6827}.Release|x64.ActiveCfg = Release|Any CPU
		{131805CF-7971-4813-848B-CE156D4F6827}.Release|x86.ActiveCfg = Release|x86
		{131805CF-7971-4813-848B-CE156D4F6827}.Release|x86.Build.0 = Release|x86
		{160EEC3E-F158-4F2C-9F75-69DBA056013F}.Debug x86|Any CPU.ActiveCfg = Debug x86|Any CPU
		{160EEC3E-F158-4F2C-9F75-69DBA056013F}.Debug x86|Any CPU.Build.0 = Debug x86|Any CPU
		{160EEC3E-F158-4F2C-9F75-69DBA056013F}.Debug x86|ARM.ActiveCfg = Debug x86|Any CPU
		{160EEC3E-F158-4F2C-9F75-69DBA056013F}.Debug x86|x64.ActiveCfg = Debug x86|Any CPU
		{160EEC3E-F158-4F2C-9F75-69DBA056013F}.Debug x86|x86.ActiveCfg = Debug x86|x86
		{160EEC3E-F158-4F2C-9F75-69DBA056013F}.Debug x86|x86.Build.0 = Debug x86|x86
		{160EEC3E-F158-4F2C-9F75-69DBA056013F}.Debug|Any CPU.ActiveCfg = Debug|Any CPU
		{160EEC3E-F158-4F2C-9F75-69DBA056013F}.Debug|Any CPU.Build.0 = Debug|Any CPU
		{160EEC3E-F158-4F2C-9F75-69DBA056013F}.Debug|ARM.ActiveCfg = Debug|Any CPU
		{160EEC3E-F158-4F2C-9F75-69DBA056013F}.Debug|x64.ActiveCfg = Debug|Any CPU
		{160EEC3E-F158-4F2C-9F75-69DBA056013F}.Debug|x86.ActiveCfg = Debug|x86
		{160EEC3E-F158-4F2C-9F75-69DBA056013F}.Debug|x86.Build.0 = Debug|x86
		{160EEC3E-F158-4F2C-9F75-69DBA056013F}.Release_Test|Any CPU.ActiveCfg = Release_Test|Any CPU
		{160EEC3E-F158-4F2C-9F75-69DBA056013F}.Release_Test|Any CPU.Build.0 = Release_Test|Any CPU
		{160EEC3E-F158-4F2C-9F75-69DBA056013F}.Release_Test|ARM.ActiveCfg = Release_Test|Any CPU
		{160EEC3E-F158-4F2C-9F75-69DBA056013F}.Release_Test|x64.ActiveCfg = Release_Test|Any CPU
		{160EEC3E-F158-4F2C-9F75-69DBA056013F}.Release_Test|x86.ActiveCfg = Release_Test|x86
		{160EEC3E-F158-4F2C-9F75-69DBA056013F}.Release_Test|x86.Build.0 = Release_Test|x86
		{160EEC3E-F158-4F2C-9F75-69DBA056013F}.Release|Any CPU.ActiveCfg = Release|Any CPU
		{160EEC3E-F158-4F2C-9F75-69DBA056013F}.Release|Any CPU.Build.0 = Release|Any CPU
		{160EEC3E-F158-4F2C-9F75-69DBA056013F}.Release|ARM.ActiveCfg = Release|Any CPU
		{160EEC3E-F158-4F2C-9F75-69DBA056013F}.Release|x64.ActiveCfg = Release|Any CPU
		{160EEC3E-F158-4F2C-9F75-69DBA056013F}.Release|x86.ActiveCfg = Release|x86
		{160EEC3E-F158-4F2C-9F75-69DBA056013F}.Release|x86.Build.0 = Release|x86
		{CBEA967B-A33D-49AF-A61C-A84137874430}.Debug x86|Any CPU.ActiveCfg = Debug x86|Any CPU
		{CBEA967B-A33D-49AF-A61C-A84137874430}.Debug x86|Any CPU.Build.0 = Debug x86|Any CPU
		{CBEA967B-A33D-49AF-A61C-A84137874430}.Debug x86|ARM.ActiveCfg = Debug x86|Any CPU
		{CBEA967B-A33D-49AF-A61C-A84137874430}.Debug x86|x64.ActiveCfg = Debug x86|Any CPU
		{CBEA967B-A33D-49AF-A61C-A84137874430}.Debug x86|x86.ActiveCfg = Debug x86|x86
		{CBEA967B-A33D-49AF-A61C-A84137874430}.Debug x86|x86.Build.0 = Debug x86|x86
		{CBEA967B-A33D-49AF-A61C-A84137874430}.Debug|Any CPU.ActiveCfg = Debug|Any CPU
		{CBEA967B-A33D-49AF-A61C-A84137874430}.Debug|Any CPU.Build.0 = Debug|Any CPU
		{CBEA967B-A33D-49AF-A61C-A84137874430}.Debug|ARM.ActiveCfg = Debug|Any CPU
		{CBEA967B-A33D-49AF-A61C-A84137874430}.Debug|x64.ActiveCfg = Debug|Any CPU
		{CBEA967B-A33D-49AF-A61C-A84137874430}.Debug|x86.ActiveCfg = Debug|x86
		{CBEA967B-A33D-49AF-A61C-A84137874430}.Debug|x86.Build.0 = Debug|x86
		{CBEA967B-A33D-49AF-A61C-A84137874430}.Release_Test|Any CPU.ActiveCfg = Release_Test|Any CPU
		{CBEA967B-A33D-49AF-A61C-A84137874430}.Release_Test|Any CPU.Build.0 = Release_Test|Any CPU
		{CBEA967B-A33D-49AF-A61C-A84137874430}.Release_Test|ARM.ActiveCfg = Release_Test|Any CPU
		{CBEA967B-A33D-49AF-A61C-A84137874430}.Release_Test|x64.ActiveCfg = Release_Test|Any CPU
		{CBEA967B-A33D-49AF-A61C-A84137874430}.Release_Test|x86.ActiveCfg = Release_Test|x86
		{CBEA967B-A33D-49AF-A61C-A84137874430}.Release_Test|x86.Build.0 = Release_Test|x86
		{CBEA967B-A33D-49AF-A61C-A84137874430}.Release|Any CPU.ActiveCfg = Release|Any CPU
		{CBEA967B-A33D-49AF-A61C-A84137874430}.Release|Any CPU.Build.0 = Release|Any CPU
		{CBEA967B-A33D-49AF-A61C-A84137874430}.Release|ARM.ActiveCfg = Release|Any CPU
		{CBEA967B-A33D-49AF-A61C-A84137874430}.Release|x64.ActiveCfg = Release|Any CPU
		{CBEA967B-A33D-49AF-A61C-A84137874430}.Release|x86.ActiveCfg = Release|x86
		{CBEA967B-A33D-49AF-A61C-A84137874430}.Release|x86.Build.0 = Release|x86
		{2E28A69C-7169-4880-ADCC-29322F6D5E9E}.Debug x86|Any CPU.ActiveCfg = Debug x86|Any CPU
		{2E28A69C-7169-4880-ADCC-29322F6D5E9E}.Debug x86|Any CPU.Build.0 = Debug x86|Any CPU
		{2E28A69C-7169-4880-ADCC-29322F6D5E9E}.Debug x86|ARM.ActiveCfg = Debug x86|Any CPU
		{2E28A69C-7169-4880-ADCC-29322F6D5E9E}.Debug x86|x64.ActiveCfg = Debug x86|Any CPU
		{2E28A69C-7169-4880-ADCC-29322F6D5E9E}.Debug x86|x86.ActiveCfg = Debug x86|x86
		{2E28A69C-7169-4880-ADCC-29322F6D5E9E}.Debug x86|x86.Build.0 = Debug x86|x86
		{2E28A69C-7169-4880-ADCC-29322F6D5E9E}.Debug|Any CPU.ActiveCfg = Debug|Any CPU
		{2E28A69C-7169-4880-ADCC-29322F6D5E9E}.Debug|Any CPU.Build.0 = Debug|Any CPU
		{2E28A69C-7169-4880-ADCC-29322F6D5E9E}.Debug|ARM.ActiveCfg = Debug|Any CPU
		{2E28A69C-7169-4880-ADCC-29322F6D5E9E}.Debug|x64.ActiveCfg = Debug|Any CPU
		{2E28A69C-7169-4880-ADCC-29322F6D5E9E}.Debug|x86.ActiveCfg = Debug|x86
		{2E28A69C-7169-4880-ADCC-29322F6D5E9E}.Debug|x86.Build.0 = Debug|x86
		{2E28A69C-7169-4880-ADCC-29322F6D5E9E}.Release_Test|Any CPU.ActiveCfg = Release_Test|Any CPU
		{2E28A69C-7169-4880-ADCC-29322F6D5E9E}.Release_Test|Any CPU.Build.0 = Release_Test|Any CPU
		{2E28A69C-7169-4880-ADCC-29322F6D5E9E}.Release_Test|ARM.ActiveCfg = Release_Test|Any CPU
		{2E28A69C-7169-4880-ADCC-29322F6D5E9E}.Release_Test|x64.ActiveCfg = Release_Test|Any CPU
		{2E28A69C-7169-4880-ADCC-29322F6D5E9E}.Release_Test|x86.ActiveCfg = Release_Test|x86
		{2E28A69C-7169-4880-ADCC-29322F6D5E9E}.Release_Test|x86.Build.0 = Release_Test|x86
		{2E28A69C-7169-4880-ADCC-29322F6D5E9E}.Release|Any CPU.ActiveCfg = Release|Any CPU
		{2E28A69C-7169-4880-ADCC-29322F6D5E9E}.Release|Any CPU.Build.0 = Release|Any CPU
		{2E28A69C-7169-4880-ADCC-29322F6D5E9E}.Release|ARM.ActiveCfg = Release|Any CPU
		{2E28A69C-7169-4880-ADCC-29322F6D5E9E}.Release|x64.ActiveCfg = Release|Any CPU
		{2E28A69C-7169-4880-ADCC-29322F6D5E9E}.Release|x86.ActiveCfg = Release|x86
		{2E28A69C-7169-4880-ADCC-29322F6D5E9E}.Release|x86.Build.0 = Release|x86
		{941A8A38-E0B2-44F5-9364-8D7A6C302AE3}.Debug x86|Any CPU.ActiveCfg = Debug x86|Any CPU
		{941A8A38-E0B2-44F5-9364-8D7A6C302AE3}.Debug x86|Any CPU.Build.0 = Debug x86|Any CPU
		{941A8A38-E0B2-44F5-9364-8D7A6C302AE3}.Debug x86|ARM.ActiveCfg = Debug x86|Any CPU
		{941A8A38-E0B2-44F5-9364-8D7A6C302AE3}.Debug x86|x64.ActiveCfg = Debug x86|Any CPU
		{941A8A38-E0B2-44F5-9364-8D7A6C302AE3}.Debug x86|x86.ActiveCfg = Debug x86|x86
		{941A8A38-E0B2-44F5-9364-8D7A6C302AE3}.Debug x86|x86.Build.0 = Debug x86|x86
		{941A8A38-E0B2-44F5-9364-8D7A6C302AE3}.Debug|Any CPU.ActiveCfg = Debug|Any CPU
		{941A8A38-E0B2-44F5-9364-8D7A6C302AE3}.Debug|Any CPU.Build.0 = Debug|Any CPU
		{941A8A38-E0B2-44F5-9364-8D7A6C302AE3}.Debug|ARM.ActiveCfg = Debug|Any CPU
		{941A8A38-E0B2-44F5-9364-8D7A6C302AE3}.Debug|x64.ActiveCfg = Debug|Any CPU
		{941A8A38-E0B2-44F5-9364-8D7A6C302AE3}.Debug|x86.ActiveCfg = Debug|x86
		{941A8A38-E0B2-44F5-9364-8D7A6C302AE3}.Debug|x86.Build.0 = Debug|x86
		{941A8A38-E0B2-44F5-9364-8D7A6C302AE3}.Release_Test|Any CPU.ActiveCfg = Release_Test|Any CPU
		{941A8A38-E0B2-44F5-9364-8D7A6C302AE3}.Release_Test|Any CPU.Build.0 = Release_Test|Any CPU
		{941A8A38-E0B2-44F5-9364-8D7A6C302AE3}.Release_Test|ARM.ActiveCfg = Release_Test|Any CPU
		{941A8A38-E0B2-44F5-9364-8D7A6C302AE3}.Release_Test|x64.ActiveCfg = Release_Test|Any CPU
		{941A8A38-E0B2-44F5-9364-8D7A6C302AE3}.Release_Test|x86.ActiveCfg = Release_Test|x86
		{941A8A38-E0B2-44F5-9364-8D7A6C302AE3}.Release_Test|x86.Build.0 = Release_Test|x86
		{941A8A38-E0B2-44F5-9364-8D7A6C302AE3}.Release|Any CPU.ActiveCfg = Release|Any CPU
		{941A8A38-E0B2-44F5-9364-8D7A6C302AE3}.Release|Any CPU.Build.0 = Release|Any CPU
		{941A8A38-E0B2-44F5-9364-8D7A6C302AE3}.Release|ARM.ActiveCfg = Release|Any CPU
		{941A8A38-E0B2-44F5-9364-8D7A6C302AE3}.Release|x64.ActiveCfg = Release|Any CPU
		{941A8A38-E0B2-44F5-9364-8D7A6C302AE3}.Release|x86.ActiveCfg = Release|x86
		{941A8A38-E0B2-44F5-9364-8D7A6C302AE3}.Release|x86.Build.0 = Release|x86
		{AF4B3885-F178-4C6B-99C9-9EB178FEC994}.Debug x86|Any CPU.ActiveCfg = Debug|Any CPU
		{AF4B3885-F178-4C6B-99C9-9EB178FEC994}.Debug x86|Any CPU.Build.0 = Debug|Any CPU
		{AF4B3885-F178-4C6B-99C9-9EB178FEC994}.Debug x86|ARM.ActiveCfg = Debug|Any CPU
		{AF4B3885-F178-4C6B-99C9-9EB178FEC994}.Debug x86|x64.ActiveCfg = Debug|Any CPU
		{AF4B3885-F178-4C6B-99C9-9EB178FEC994}.Debug x86|x86.ActiveCfg = Debug|x86
		{AF4B3885-F178-4C6B-99C9-9EB178FEC994}.Debug x86|x86.Build.0 = Debug|x86
		{AF4B3885-F178-4C6B-99C9-9EB178FEC994}.Debug|Any CPU.ActiveCfg = Debug|Any CPU
		{AF4B3885-F178-4C6B-99C9-9EB178FEC994}.Debug|Any CPU.Build.0 = Debug|Any CPU
		{AF4B3885-F178-4C6B-99C9-9EB178FEC994}.Debug|ARM.ActiveCfg = Debug|Any CPU
		{AF4B3885-F178-4C6B-99C9-9EB178FEC994}.Debug|x64.ActiveCfg = Debug|Any CPU
		{AF4B3885-F178-4C6B-99C9-9EB178FEC994}.Debug|x86.ActiveCfg = Debug|x86
		{AF4B3885-F178-4C6B-99C9-9EB178FEC994}.Debug|x86.Build.0 = Debug|x86
		{AF4B3885-F178-4C6B-99C9-9EB178FEC994}.Release_Test|Any CPU.ActiveCfg = Release_Test|Any CPU
		{AF4B3885-F178-4C6B-99C9-9EB178FEC994}.Release_Test|Any CPU.Build.0 = Release_Test|Any CPU
		{AF4B3885-F178-4C6B-99C9-9EB178FEC994}.Release_Test|ARM.ActiveCfg = Release_Test|Any CPU
		{AF4B3885-F178-4C6B-99C9-9EB178FEC994}.Release_Test|x64.ActiveCfg = Release_Test|Any CPU
		{AF4B3885-F178-4C6B-99C9-9EB178FEC994}.Release_Test|x86.ActiveCfg = Release_Test|x86
		{AF4B3885-F178-4C6B-99C9-9EB178FEC994}.Release_Test|x86.Build.0 = Release_Test|x86
		{AF4B3885-F178-4C6B-99C9-9EB178FEC994}.Release|Any CPU.ActiveCfg = Release|Any CPU
		{AF4B3885-F178-4C6B-99C9-9EB178FEC994}.Release|Any CPU.Build.0 = Release|Any CPU
		{AF4B3885-F178-4C6B-99C9-9EB178FEC994}.Release|ARM.ActiveCfg = Release|Any CPU
		{AF4B3885-F178-4C6B-99C9-9EB178FEC994}.Release|x64.ActiveCfg = Release|Any CPU
		{AF4B3885-F178-4C6B-99C9-9EB178FEC994}.Release|x86.ActiveCfg = Release|x86
		{AF4B3885-F178-4C6B-99C9-9EB178FEC994}.Release|x86.Build.0 = Release|x86
		{D1F5848B-84D9-4EE5-8969-E62B054DAA4A}.Debug x86|Any CPU.ActiveCfg = Debug|Any CPU
		{D1F5848B-84D9-4EE5-8969-E62B054DAA4A}.Debug x86|Any CPU.Build.0 = Debug|Any CPU
		{D1F5848B-84D9-4EE5-8969-E62B054DAA4A}.Debug x86|ARM.ActiveCfg = Debug|Any CPU
		{D1F5848B-84D9-4EE5-8969-E62B054DAA4A}.Debug x86|x64.ActiveCfg = Debug|Any CPU
		{D1F5848B-84D9-4EE5-8969-E62B054DAA4A}.Debug x86|x86.ActiveCfg = Debug|Any CPU
		{D1F5848B-84D9-4EE5-8969-E62B054DAA4A}.Debug|Any CPU.ActiveCfg = Debug|Any CPU
		{D1F5848B-84D9-4EE5-8969-E62B054DAA4A}.Debug|Any CPU.Build.0 = Debug|Any CPU
		{D1F5848B-84D9-4EE5-8969-E62B054DAA4A}.Debug|ARM.ActiveCfg = Debug|Any CPU
		{D1F5848B-84D9-4EE5-8969-E62B054DAA4A}.Debug|x64.ActiveCfg = Debug|Any CPU
		{D1F5848B-84D9-4EE5-8969-E62B054DAA4A}.Debug|x86.ActiveCfg = Debug|Any CPU
		{D1F5848B-84D9-4EE5-8969-E62B054DAA4A}.Release_Test|Any CPU.ActiveCfg = Release_Test|Any CPU
		{D1F5848B-84D9-4EE5-8969-E62B054DAA4A}.Release_Test|Any CPU.Build.0 = Release_Test|Any CPU
		{D1F5848B-84D9-4EE5-8969-E62B054DAA4A}.Release_Test|ARM.ActiveCfg = Release_Test|Any CPU
		{D1F5848B-84D9-4EE5-8969-E62B054DAA4A}.Release_Test|x64.ActiveCfg = Release_Test|Any CPU
		{D1F5848B-84D9-4EE5-8969-E62B054DAA4A}.Release_Test|x86.ActiveCfg = Release_Test|Any CPU
		{D1F5848B-84D9-4EE5-8969-E62B054DAA4A}.Release|Any CPU.ActiveCfg = Release|Any CPU
		{D1F5848B-84D9-4EE5-8969-E62B054DAA4A}.Release|Any CPU.Build.0 = Release|Any CPU
		{D1F5848B-84D9-4EE5-8969-E62B054DAA4A}.Release|ARM.ActiveCfg = Release|Any CPU
		{D1F5848B-84D9-4EE5-8969-E62B054DAA4A}.Release|x64.ActiveCfg = Release|Any CPU
		{D1F5848B-84D9-4EE5-8969-E62B054DAA4A}.Release|x86.ActiveCfg = Release|Any CPU
		{91EA0D0B-D3BA-497F-AFEB-2CAD59DEBA0E}.Debug x86|Any CPU.ActiveCfg = Debug|Any CPU
		{91EA0D0B-D3BA-497F-AFEB-2CAD59DEBA0E}.Debug x86|Any CPU.Build.0 = Debug|Any CPU
		{91EA0D0B-D3BA-497F-AFEB-2CAD59DEBA0E}.Debug x86|ARM.ActiveCfg = Debug|Any CPU
		{91EA0D0B-D3BA-497F-AFEB-2CAD59DEBA0E}.Debug x86|x64.ActiveCfg = Debug|Any CPU
		{91EA0D0B-D3BA-497F-AFEB-2CAD59DEBA0E}.Debug x86|x86.ActiveCfg = Debug|Any CPU
		{91EA0D0B-D3BA-497F-AFEB-2CAD59DEBA0E}.Debug|Any CPU.ActiveCfg = Debug|Any CPU
		{91EA0D0B-D3BA-497F-AFEB-2CAD59DEBA0E}.Debug|Any CPU.Build.0 = Debug|Any CPU
		{91EA0D0B-D3BA-497F-AFEB-2CAD59DEBA0E}.Debug|ARM.ActiveCfg = Debug|Any CPU
		{91EA0D0B-D3BA-497F-AFEB-2CAD59DEBA0E}.Debug|x64.ActiveCfg = Debug|Any CPU
		{91EA0D0B-D3BA-497F-AFEB-2CAD59DEBA0E}.Debug|x86.ActiveCfg = Debug|Any CPU
		{91EA0D0B-D3BA-497F-AFEB-2CAD59DEBA0E}.Release_Test|Any CPU.ActiveCfg = Release_Test|Any CPU
		{91EA0D0B-D3BA-497F-AFEB-2CAD59DEBA0E}.Release_Test|Any CPU.Build.0 = Release_Test|Any CPU
		{91EA0D0B-D3BA-497F-AFEB-2CAD59DEBA0E}.Release_Test|ARM.ActiveCfg = Release_Test|Any CPU
		{91EA0D0B-D3BA-497F-AFEB-2CAD59DEBA0E}.Release_Test|x64.ActiveCfg = Release_Test|Any CPU
		{91EA0D0B-D3BA-497F-AFEB-2CAD59DEBA0E}.Release_Test|x86.ActiveCfg = Release_Test|Any CPU
		{91EA0D0B-D3BA-497F-AFEB-2CAD59DEBA0E}.Release|Any CPU.ActiveCfg = Release|Any CPU
		{91EA0D0B-D3BA-497F-AFEB-2CAD59DEBA0E}.Release|Any CPU.Build.0 = Release|Any CPU
		{91EA0D0B-D3BA-497F-AFEB-2CAD59DEBA0E}.Release|ARM.ActiveCfg = Release|Any CPU
		{91EA0D0B-D3BA-497F-AFEB-2CAD59DEBA0E}.Release|x64.ActiveCfg = Release|Any CPU
		{91EA0D0B-D3BA-497F-AFEB-2CAD59DEBA0E}.Release|x86.ActiveCfg = Release|Any CPU
		{A85C6B61-6D8F-40FA-9808-9C9F9E2F7B6E}.Debug x86|Any CPU.ActiveCfg = Debug|Any CPU
		{A85C6B61-6D8F-40FA-9808-9C9F9E2F7B6E}.Debug x86|Any CPU.Build.0 = Debug|Any CPU
		{A85C6B61-6D8F-40FA-9808-9C9F9E2F7B6E}.Debug x86|ARM.ActiveCfg = Debug|Any CPU
		{A85C6B61-6D8F-40FA-9808-9C9F9E2F7B6E}.Debug x86|x64.ActiveCfg = Debug|Any CPU
		{A85C6B61-6D8F-40FA-9808-9C9F9E2F7B6E}.Debug x86|x86.ActiveCfg = Debug|Any CPU
		{A85C6B61-6D8F-40FA-9808-9C9F9E2F7B6E}.Debug|Any CPU.ActiveCfg = Debug|Any CPU
		{A85C6B61-6D8F-40FA-9808-9C9F9E2F7B6E}.Debug|Any CPU.Build.0 = Debug|Any CPU
		{A85C6B61-6D8F-40FA-9808-9C9F9E2F7B6E}.Debug|ARM.ActiveCfg = Debug|Any CPU
		{A85C6B61-6D8F-40FA-9808-9C9F9E2F7B6E}.Debug|x64.ActiveCfg = Debug|Any CPU
		{A85C6B61-6D8F-40FA-9808-9C9F9E2F7B6E}.Debug|x86.ActiveCfg = Debug|Any CPU
		{A85C6B61-6D8F-40FA-9808-9C9F9E2F7B6E}.Release_Test|Any CPU.ActiveCfg = Release|Any CPU
		{A85C6B61-6D8F-40FA-9808-9C9F9E2F7B6E}.Release_Test|Any CPU.Build.0 = Release|Any CPU
		{A85C6B61-6D8F-40FA-9808-9C9F9E2F7B6E}.Release_Test|ARM.ActiveCfg = Release|Any CPU
		{A85C6B61-6D8F-40FA-9808-9C9F9E2F7B6E}.Release_Test|x64.ActiveCfg = Release|Any CPU
		{A85C6B61-6D8F-40FA-9808-9C9F9E2F7B6E}.Release_Test|x86.ActiveCfg = Release|Any CPU
		{A85C6B61-6D8F-40FA-9808-9C9F9E2F7B6E}.Release|Any CPU.ActiveCfg = Release|Any CPU
		{A85C6B61-6D8F-40FA-9808-9C9F9E2F7B6E}.Release|Any CPU.Build.0 = Release|Any CPU
		{A85C6B61-6D8F-40FA-9808-9C9F9E2F7B6E}.Release|ARM.ActiveCfg = Release|Any CPU
		{A85C6B61-6D8F-40FA-9808-9C9F9E2F7B6E}.Release|x64.ActiveCfg = Release|Any CPU
		{A85C6B61-6D8F-40FA-9808-9C9F9E2F7B6E}.Release|x86.ActiveCfg = Release|Any CPU
	EndGlobalSection
	GlobalSection(SolutionProperties) = preSolution
		HideSolutionNode = FALSE
	EndGlobalSection
	GlobalSection(Performance) = preSolution
		HasPerformanceSessions = true
	EndGlobalSection
	GlobalSection(CodealikeProperties) = postSolution
		SolutionGuid = 1d777ca3-c82f-4a36-8f37-a6ed0e0952c4
	EndGlobalSection
EndGlobal
