
Microsoft Visual Studio Solution File, Format Version 11.00
# Visual Studio 2010
Project("{2150E333-8FDC-42A3-9474-1A3956D46DE8}") = "Docs", "Docs", "{05E2E015-C256-4FEC-9C36-2483FF5A33B0}"
	ProjectSection(SolutionItems) = preProject
		deploy.txt = deploy.txt
		installation.txt = installation.txt
		license.txt = license.txt
		readme.txt = readme.txt
	EndProjectSection
EndProject
Project("{2150E333-8FDC-42A3-9474-1A3956D46DE8}") = "Samples", "Samples", "{37738691-3F22-417D-A72E-06577419E736}"
EndProject
Project("{2150E333-8FDC-42A3-9474-1A3956D46DE8}") = "Tests", "Tests", "{B05A7DBE-EA4E-460C-BBE5-A0E5511BBFD9}"
EndProject
Project("{FAE04EC0-301F-11D3-BF4B-00C04F79EFBC}") = "CassiniDev.TestSite", "Samples\FixtureSamples\CassiniDev.TestSite\CassiniDev.TestSite.csproj", "{EE6B6146-79D7-4708-B7C5-A4DB6D667CB6}"
EndProject
Project("{FAE04EC0-301F-11D3-BF4B-00C04F79EFBC}") = "CassiniDev.NUnitFixtures.Tests", "Samples\FixtureSamples\CassiniDev.NUnitFixtures.Tests\CassiniDev.NUnitFixtures.Tests.csproj", "{56024885-BF49-48B1-A714-278B98ECBA2F}"
EndProject
Project("{FAE04EC0-301F-11D3-BF4B-00C04F79EFBC}") = "CassiniDev.Tests", "Tests\CassiniDev.Tests\CassiniDev.Tests.csproj", "{1A81ACBC-6BBF-4F49-9E7C-8AF029DAB2AA}"
EndProject
Project("{FAE04EC0-301F-11D3-BF4B-00C04F79EFBC}") = "CassiniDev.Lib", "CassiniDev\CassiniDev.Lib.csproj", "{9AAD02EE-FE79-46BE-87EB-E3D2A376A043}"
EndProject
Project("{FAE04EC0-301F-11D3-BF4B-00C04F79EFBC}") = "CassiniDev.VisualStudio", "CassiniDev\CassiniDev.VisualStudio.csproj", "{F50EB799-6DED-4906-9DB0-B8FBE5C14028}"
EndProject
Project("{FAE04EC0-301F-11D3-BF4B-00C04F79EFBC}") = "CassiniDev", "CassiniDev\CassiniDev.csproj", "{0D9F0FEA-45F7-4CE4-9868-6FB9BBE3DD4C}"
EndProject
Project("{FAE04EC0-301F-11D3-BF4B-00C04F79EFBC}") = "CassiniDev.Console", "CassiniDev\CassiniDev.Console.csproj", "{539F0304-F14A-413F-A56A-AFB7724EA1A7}"
EndProject
Project("{FAE04EC0-301F-11D3-BF4B-00C04F79EFBC}") = "CORSHeaderPlugin", "CORSHeaderPlugin\CORSHeaderPlugin.csproj", "{E32B87CF-7C51-493E-9891-08A1472404DD}"
EndProject
Global
	GlobalSection(SolutionConfigurationPlatforms) = preSolution
		Debug|x86 = Debug|x86
		Release|x86 = Release|x86
	EndGlobalSection
	GlobalSection(ProjectConfigurationPlatforms) = postSolution
		{EE6B6146-79D7-4708-B7C5-A4DB6D667CB6}.Debug|x86.ActiveCfg = Debug|x86
		{EE6B6146-79D7-4708-B7C5-A4DB6D667CB6}.Debug|x86.Build.0 = Debug|x86
		{EE6B6146-79D7-4708-B7C5-A4DB6D667CB6}.Release|x86.ActiveCfg = Release|x86
		{EE6B6146-79D7-4708-B7C5-A4DB6D667CB6}.Release|x86.Build.0 = Release|x86
		{56024885-BF49-48B1-A714-278B98ECBA2F}.Debug|x86.ActiveCfg = Debug|x86
		{56024885-BF49-48B1-A714-278B98ECBA2F}.Debug|x86.Build.0 = Debug|x86
		{56024885-BF49-48B1-A714-278B98ECBA2F}.Release|x86.ActiveCfg = Release|x86
		{56024885-BF49-48B1-A714-278B98ECBA2F}.Release|x86.Build.0 = Release|x86
		{1A81ACBC-6BBF-4F49-9E7C-8AF029DAB2AA}.Debug|x86.ActiveCfg = Debug|x86
		{1A81ACBC-6BBF-4F49-9E7C-8AF029DAB2AA}.Debug|x86.Build.0 = Debug|x86
		{1A81ACBC-6BBF-4F49-9E7C-8AF029DAB2AA}.Release|x86.ActiveCfg = Release|x86
		{1A81ACBC-6BBF-4F49-9E7C-8AF029DAB2AA}.Release|x86.Build.0 = Release|x86
		{9AAD02EE-FE79-46BE-87EB-E3D2A376A043}.Debug|x86.ActiveCfg = Debug|x86
		{9AAD02EE-FE79-46BE-87EB-E3D2A376A043}.Debug|x86.Build.0 = Debug|x86
		{9AAD02EE-FE79-46BE-87EB-E3D2A376A043}.Release|x86.ActiveCfg = Release|x86
		{9AAD02EE-FE79-46BE-87EB-E3D2A376A043}.Release|x86.Build.0 = Release|x86
		{F50EB799-6DED-4906-9DB0-B8FBE5C14028}.Debug|x86.ActiveCfg = Debug|x86
		{F50EB799-6DED-4906-9DB0-B8FBE5C14028}.Debug|x86.Build.0 = Debug|x86
		{F50EB799-6DED-4906-9DB0-B8FBE5C14028}.Release|x86.ActiveCfg = Release|x86
		{F50EB799-6DED-4906-9DB0-B8FBE5C14028}.Release|x86.Build.0 = Release|x86
		{0D9F0FEA-45F7-4CE4-9868-6FB9BBE3DD4C}.Debug|x86.ActiveCfg = Debug|x86
		{0D9F0FEA-45F7-4CE4-9868-6FB9BBE3DD4C}.Debug|x86.Build.0 = Debug|x86
		{0D9F0FEA-45F7-4CE4-9868-6FB9BBE3DD4C}.Release|x86.ActiveCfg = Release|x86
		{0D9F0FEA-45F7-4CE4-9868-6FB9BBE3DD4C}.Release|x86.Build.0 = Release|x86
		{539F0304-F14A-413F-A56A-AFB7724EA1A7}.Debug|x86.ActiveCfg = Debug|x86
		{539F0304-F14A-413F-A56A-AFB7724EA1A7}.Debug|x86.Build.0 = Debug|x86
		{539F0304-F14A-413F-A56A-AFB7724EA1A7}.Release|x86.ActiveCfg = Release|x86
		{539F0304-F14A-413F-A56A-AFB7724EA1A7}.Release|x86.Build.0 = Release|x86
		{E32B87CF-7C51-493E-9891-08A1472404DD}.Debug|x86.ActiveCfg = Debug|x86
		{E32B87CF-7C51-493E-9891-08A1472404DD}.Debug|x86.Build.0 = Debug|x86
		{E32B87CF-7C51-493E-9891-08A1472404DD}.Release|x86.ActiveCfg = Release|x86
		{E32B87CF-7C51-493E-9891-08A1472404DD}.Release|x86.Build.0 = Release|x86
	EndGlobalSection
	GlobalSection(SolutionProperties) = preSolution
		HideSolutionNode = FALSE
	EndGlobalSection
	GlobalSection(NestedProjects) = preSolution
		{EE6B6146-79D7-4708-B7C5-A4DB6D667CB6} = {37738691-3F22-417D-A72E-06577419E736}
		{56024885-BF49-48B1-A714-278B98ECBA2F} = {37738691-3F22-417D-A72E-06577419E736}
		{1A81ACBC-6BBF-4F49-9E7C-8AF029DAB2AA} = {B05A7DBE-EA4E-460C-BBE5-A0E5511BBFD9}
	EndGlobalSection
EndGlobal
