
Microsoft Visual Studio Solution File, Format Version 11.00
# Visual Studio 2010
Project("{FAE04EC0-301F-11D3-BF4B-00C04F79EFBC}") = "Octgn", "Octgn.csproj", "{C6ADE75C-5BC2-47DB-9240-B99C66431EF3}"
EndProject
Project("{FAE04EC0-301F-11D3-BF4B-00C04F79EFBC}") = "Octgn.Server", "..\Octgn.Server\Octgn.Server.csproj", "{6DD203AF-5003-4AF3-A982-67F10B704D4A}"
EndProject
Project("{FAE04EC0-301F-11D3-BF4B-00C04F79EFBC}") = "Octgn.Data", "..\Octgn.Data\Octgn.Data.csproj", "{6C6E53BA-E75B-4E93-98CA-3C39ED908B2C}"
EndProject
Project("{FAE04EC0-301F-11D3-BF4B-00C04F79EFBC}") = "Skylabs.LobbyServer", "..\Octgn.LobbyServer\Skylabs.LobbyServer.csproj", "{CBEA967B-A33D-49AF-A61C-A84137874430}"
EndProject
Project("{FAE04EC0-301F-11D3-BF4B-00C04F79EFBC}") = "Skylabs.Lobby", "..\Skylabs.Lobby\Skylabs.Lobby.csproj", "{131805CF-7971-4813-848B-CE156D4F6827}"
EndProject
Project("{FAE04EC0-301F-11D3-BF4B-00C04F79EFBC}") = "Octgn.StandAloneServer", "..\Octgn.StandAloneServer\Octgn.StandAloneServer.csproj", "{160EEC3E-F158-4F2C-9F75-69DBA056013F}"
EndProject
Global
	GlobalSection(SolutionConfigurationPlatforms) = preSolution
		Debug|Any CPU = Debug|Any CPU
		Debug|Mixed Platforms = Debug|Mixed Platforms
		Debug|x86 = Debug|x86
		Release w Debug vs TestServer|Any CPU = Release w Debug vs TestServer|Any CPU
		Release w Debug vs TestServer|Mixed Platforms = Release w Debug vs TestServer|Mixed Platforms
		Release w Debug vs TestServer|x86 = Release w Debug vs TestServer|x86
		Release|Any CPU = Release|Any CPU
		Release|Mixed Platforms = Release|Mixed Platforms
		Release|x86 = Release|x86
		ReleaseMode with Debug|Any CPU = ReleaseMode with Debug|Any CPU
		ReleaseMode with Debug|Mixed Platforms = ReleaseMode with Debug|Mixed Platforms
		ReleaseMode with Debug|x86 = ReleaseMode with Debug|x86
	EndGlobalSection
	GlobalSection(ProjectConfigurationPlatforms) = postSolution
		{C6ADE75C-5BC2-47DB-9240-B99C66431EF3}.Debug|Any CPU.ActiveCfg = Debug|x86
		{C6ADE75C-5BC2-47DB-9240-B99C66431EF3}.Debug|Any CPU.Build.0 = Debug|x86
		{C6ADE75C-5BC2-47DB-9240-B99C66431EF3}.Debug|Mixed Platforms.ActiveCfg = Debug|x86
		{C6ADE75C-5BC2-47DB-9240-B99C66431EF3}.Debug|Mixed Platforms.Build.0 = Debug|x86
		{C6ADE75C-5BC2-47DB-9240-B99C66431EF3}.Debug|x86.ActiveCfg = Debug|x86
		{C6ADE75C-5BC2-47DB-9240-B99C66431EF3}.Debug|x86.Build.0 = Debug|x86
		{C6ADE75C-5BC2-47DB-9240-B99C66431EF3}.Release w Debug vs TestServer|Any CPU.ActiveCfg = Release w Debug vs TestServer|Any CPU
		{C6ADE75C-5BC2-47DB-9240-B99C66431EF3}.Release w Debug vs TestServer|Any CPU.Build.0 = Release w Debug vs TestServer|Any CPU
		{C6ADE75C-5BC2-47DB-9240-B99C66431EF3}.Release w Debug vs TestServer|Mixed Platforms.ActiveCfg = Release w Debug vs TestServer|x86
		{C6ADE75C-5BC2-47DB-9240-B99C66431EF3}.Release w Debug vs TestServer|Mixed Platforms.Build.0 = Release w Debug vs TestServer|x86
		{C6ADE75C-5BC2-47DB-9240-B99C66431EF3}.Release w Debug vs TestServer|x86.ActiveCfg = Release w Debug vs TestServer|x86
		{C6ADE75C-5BC2-47DB-9240-B99C66431EF3}.Release w Debug vs TestServer|x86.Build.0 = Release w Debug vs TestServer|x86
		{C6ADE75C-5BC2-47DB-9240-B99C66431EF3}.Release|Any CPU.ActiveCfg = Release|Any CPU
		{C6ADE75C-5BC2-47DB-9240-B99C66431EF3}.Release|Any CPU.Build.0 = Release|Any CPU
		{C6ADE75C-5BC2-47DB-9240-B99C66431EF3}.Release|Mixed Platforms.ActiveCfg = Release|x86
		{C6ADE75C-5BC2-47DB-9240-B99C66431EF3}.Release|Mixed Platforms.Build.0 = Release|x86
		{C6ADE75C-5BC2-47DB-9240-B99C66431EF3}.Release|x86.ActiveCfg = Release|x86
		{C6ADE75C-5BC2-47DB-9240-B99C66431EF3}.Release|x86.Build.0 = Release|x86
		{C6ADE75C-5BC2-47DB-9240-B99C66431EF3}.ReleaseMode with Debug|Any CPU.ActiveCfg = ReleaseMode with Debug|x86
		{C6ADE75C-5BC2-47DB-9240-B99C66431EF3}.ReleaseMode with Debug|Any CPU.Build.0 = ReleaseMode with Debug|x86
		{C6ADE75C-5BC2-47DB-9240-B99C66431EF3}.ReleaseMode with Debug|Mixed Platforms.ActiveCfg = ReleaseMode with Debug|x86
		{C6ADE75C-5BC2-47DB-9240-B99C66431EF3}.ReleaseMode with Debug|Mixed Platforms.Build.0 = ReleaseMode with Debug|x86
		{C6ADE75C-5BC2-47DB-9240-B99C66431EF3}.ReleaseMode with Debug|x86.ActiveCfg = ReleaseMode with Debug|x86
		{C6ADE75C-5BC2-47DB-9240-B99C66431EF3}.ReleaseMode with Debug|x86.Build.0 = ReleaseMode with Debug|x86
		{6DD203AF-5003-4AF3-A982-67F10B704D4A}.Debug|Any CPU.ActiveCfg = Debug|Any CPU
		{6DD203AF-5003-4AF3-A982-67F10B704D4A}.Debug|Any CPU.Build.0 = Debug|Any CPU
		{6DD203AF-5003-4AF3-A982-67F10B704D4A}.Debug|Mixed Platforms.ActiveCfg = Debug|x86
		{6DD203AF-5003-4AF3-A982-67F10B704D4A}.Debug|Mixed Platforms.Build.0 = Debug|x86
		{6DD203AF-5003-4AF3-A982-67F10B704D4A}.Debug|x86.ActiveCfg = Debug|x86
		{6DD203AF-5003-4AF3-A982-67F10B704D4A}.Debug|x86.Build.0 = Debug|x86
		{6DD203AF-5003-4AF3-A982-67F10B704D4A}.Release w Debug vs TestServer|Any CPU.ActiveCfg = Release w Debug vs TestServer|Any CPU
		{6DD203AF-5003-4AF3-A982-67F10B704D4A}.Release w Debug vs TestServer|Any CPU.Build.0 = Release w Debug vs TestServer|Any CPU
		{6DD203AF-5003-4AF3-A982-67F10B704D4A}.Release w Debug vs TestServer|Mixed Platforms.ActiveCfg = Release w Debug vs TestServer|x86
		{6DD203AF-5003-4AF3-A982-67F10B704D4A}.Release w Debug vs TestServer|Mixed Platforms.Build.0 = Release w Debug vs TestServer|x86
		{6DD203AF-5003-4AF3-A982-67F10B704D4A}.Release w Debug vs TestServer|x86.ActiveCfg = Release w Debug vs TestServer|x86
		{6DD203AF-5003-4AF3-A982-67F10B704D4A}.Release w Debug vs TestServer|x86.Build.0 = Release w Debug vs TestServer|x86
		{6DD203AF-5003-4AF3-A982-67F10B704D4A}.Release|Any CPU.ActiveCfg = Release|Any CPU
		{6DD203AF-5003-4AF3-A982-67F10B704D4A}.Release|Any CPU.Build.0 = Release|Any CPU
		{6DD203AF-5003-4AF3-A982-67F10B704D4A}.Release|Mixed Platforms.ActiveCfg = Release|x86
		{6DD203AF-5003-4AF3-A982-67F10B704D4A}.Release|Mixed Platforms.Build.0 = Release|x86
		{6DD203AF-5003-4AF3-A982-67F10B704D4A}.Release|x86.ActiveCfg = Release|x86
		{6DD203AF-5003-4AF3-A982-67F10B704D4A}.Release|x86.Build.0 = Release|x86
		{6DD203AF-5003-4AF3-A982-67F10B704D4A}.ReleaseMode with Debug|Any CPU.ActiveCfg = ReleaseMode with Debug|Any CPU
		{6DD203AF-5003-4AF3-A982-67F10B704D4A}.ReleaseMode with Debug|Any CPU.Build.0 = ReleaseMode with Debug|Any CPU
		{6DD203AF-5003-4AF3-A982-67F10B704D4A}.ReleaseMode with Debug|Mixed Platforms.ActiveCfg = ReleaseMode with Debug|x86
		{6DD203AF-5003-4AF3-A982-67F10B704D4A}.ReleaseMode with Debug|Mixed Platforms.Build.0 = ReleaseMode with Debug|x86
		{6DD203AF-5003-4AF3-A982-67F10B704D4A}.ReleaseMode with Debug|x86.ActiveCfg = ReleaseMode with Debug|x86
		{6DD203AF-5003-4AF3-A982-67F10B704D4A}.ReleaseMode with Debug|x86.Build.0 = ReleaseMode with Debug|x86
		{6C6E53BA-E75B-4E93-98CA-3C39ED908B2C}.Debug|Any CPU.ActiveCfg = Debug|Any CPU
		{6C6E53BA-E75B-4E93-98CA-3C39ED908B2C}.Debug|Any CPU.Build.0 = Debug|Any CPU
		{6C6E53BA-E75B-4E93-98CA-3C39ED908B2C}.Debug|Mixed Platforms.ActiveCfg = Debug|x86
		{6C6E53BA-E75B-4E93-98CA-3C39ED908B2C}.Debug|Mixed Platforms.Build.0 = Debug|x86
		{6C6E53BA-E75B-4E93-98CA-3C39ED908B2C}.Debug|x86.ActiveCfg = Debug|x86
		{6C6E53BA-E75B-4E93-98CA-3C39ED908B2C}.Debug|x86.Build.0 = Debug|x86
		{6C6E53BA-E75B-4E93-98CA-3C39ED908B2C}.Release w Debug vs TestServer|Any CPU.ActiveCfg = Release w Debug vs TestServer|Any CPU
		{6C6E53BA-E75B-4E93-98CA-3C39ED908B2C}.Release w Debug vs TestServer|Any CPU.Build.0 = Release w Debug vs TestServer|Any CPU
		{6C6E53BA-E75B-4E93-98CA-3C39ED908B2C}.Release w Debug vs TestServer|Mixed Platforms.ActiveCfg = Release w Debug vs TestServer|x86
		{6C6E53BA-E75B-4E93-98CA-3C39ED908B2C}.Release w Debug vs TestServer|Mixed Platforms.Build.0 = Release w Debug vs TestServer|x86
		{6C6E53BA-E75B-4E93-98CA-3C39ED908B2C}.Release w Debug vs TestServer|x86.ActiveCfg = Release w Debug vs TestServer|x86
		{6C6E53BA-E75B-4E93-98CA-3C39ED908B2C}.Release w Debug vs TestServer|x86.Build.0 = Release w Debug vs TestServer|x86
		{6C6E53BA-E75B-4E93-98CA-3C39ED908B2C}.Release|Any CPU.ActiveCfg = Release|Any CPU
		{6C6E53BA-E75B-4E93-98CA-3C39ED908B2C}.Release|Any CPU.Build.0 = Release|Any CPU
		{6C6E53BA-E75B-4E93-98CA-3C39ED908B2C}.Release|Mixed Platforms.ActiveCfg = Release|x86
		{6C6E53BA-E75B-4E93-98CA-3C39ED908B2C}.Release|Mixed Platforms.Build.0 = Release|x86
		{6C6E53BA-E75B-4E93-98CA-3C39ED908B2C}.Release|x86.ActiveCfg = Release|x86
		{6C6E53BA-E75B-4E93-98CA-3C39ED908B2C}.Release|x86.Build.0 = Release|x86
		{6C6E53BA-E75B-4E93-98CA-3C39ED908B2C}.ReleaseMode with Debug|Any CPU.ActiveCfg = ReleaseMode with Debug|Any CPU
		{6C6E53BA-E75B-4E93-98CA-3C39ED908B2C}.ReleaseMode with Debug|Any CPU.Build.0 = ReleaseMode with Debug|Any CPU
		{6C6E53BA-E75B-4E93-98CA-3C39ED908B2C}.ReleaseMode with Debug|Mixed Platforms.ActiveCfg = ReleaseMode with Debug|x86
		{6C6E53BA-E75B-4E93-98CA-3C39ED908B2C}.ReleaseMode with Debug|Mixed Platforms.Build.0 = ReleaseMode with Debug|x86
		{6C6E53BA-E75B-4E93-98CA-3C39ED908B2C}.ReleaseMode with Debug|x86.ActiveCfg = ReleaseMode with Debug|x86
		{6C6E53BA-E75B-4E93-98CA-3C39ED908B2C}.ReleaseMode with Debug|x86.Build.0 = ReleaseMode with Debug|x86
		{CBEA967B-A33D-49AF-A61C-A84137874430}.Debug|Any CPU.ActiveCfg = Debug|Any CPU
		{CBEA967B-A33D-49AF-A61C-A84137874430}.Debug|Any CPU.Build.0 = Debug|Any CPU
		{CBEA967B-A33D-49AF-A61C-A84137874430}.Debug|Mixed Platforms.ActiveCfg = Debug|x86
		{CBEA967B-A33D-49AF-A61C-A84137874430}.Debug|Mixed Platforms.Build.0 = Debug|x86
		{CBEA967B-A33D-49AF-A61C-A84137874430}.Debug|x86.ActiveCfg = Debug|x86
		{CBEA967B-A33D-49AF-A61C-A84137874430}.Debug|x86.Build.0 = Debug|x86
		{CBEA967B-A33D-49AF-A61C-A84137874430}.Release w Debug vs TestServer|Any CPU.ActiveCfg = Release w Debug vs TestServer|Any CPU
		{CBEA967B-A33D-49AF-A61C-A84137874430}.Release w Debug vs TestServer|Any CPU.Build.0 = Release w Debug vs TestServer|Any CPU
		{CBEA967B-A33D-49AF-A61C-A84137874430}.Release w Debug vs TestServer|Mixed Platforms.ActiveCfg = Release w Debug vs TestServer|x86
		{CBEA967B-A33D-49AF-A61C-A84137874430}.Release w Debug vs TestServer|Mixed Platforms.Build.0 = Release w Debug vs TestServer|x86
		{CBEA967B-A33D-49AF-A61C-A84137874430}.Release w Debug vs TestServer|x86.ActiveCfg = Release w Debug vs TestServer|x86
		{CBEA967B-A33D-49AF-A61C-A84137874430}.Release w Debug vs TestServer|x86.Build.0 = Release w Debug vs TestServer|x86
		{CBEA967B-A33D-49AF-A61C-A84137874430}.Release|Any CPU.ActiveCfg = Release|Any CPU
		{CBEA967B-A33D-49AF-A61C-A84137874430}.Release|Any CPU.Build.0 = Release|Any CPU
		{CBEA967B-A33D-49AF-A61C-A84137874430}.Release|Mixed Platforms.ActiveCfg = Release|x86
		{CBEA967B-A33D-49AF-A61C-A84137874430}.Release|Mixed Platforms.Build.0 = Release|x86
		{CBEA967B-A33D-49AF-A61C-A84137874430}.Release|x86.ActiveCfg = Release|x86
		{CBEA967B-A33D-49AF-A61C-A84137874430}.Release|x86.Build.0 = Release|x86
		{CBEA967B-A33D-49AF-A61C-A84137874430}.ReleaseMode with Debug|Any CPU.ActiveCfg = ReleaseMode with Debug|Any CPU
		{CBEA967B-A33D-49AF-A61C-A84137874430}.ReleaseMode with Debug|Any CPU.Build.0 = ReleaseMode with Debug|Any CPU
		{CBEA967B-A33D-49AF-A61C-A84137874430}.ReleaseMode with Debug|Mixed Platforms.ActiveCfg = ReleaseMode with Debug|x86
		{CBEA967B-A33D-49AF-A61C-A84137874430}.ReleaseMode with Debug|Mixed Platforms.Build.0 = ReleaseMode with Debug|x86
		{CBEA967B-A33D-49AF-A61C-A84137874430}.ReleaseMode with Debug|x86.ActiveCfg = ReleaseMode with Debug|x86
		{CBEA967B-A33D-49AF-A61C-A84137874430}.ReleaseMode with Debug|x86.Build.0 = ReleaseMode with Debug|x86
		{131805CF-7971-4813-848B-CE156D4F6827}.Debug|Any CPU.ActiveCfg = Debug|Any CPU
		{131805CF-7971-4813-848B-CE156D4F6827}.Debug|Any CPU.Build.0 = Debug|Any CPU
		{131805CF-7971-4813-848B-CE156D4F6827}.Debug|Mixed Platforms.ActiveCfg = Debug|Any CPU
		{131805CF-7971-4813-848B-CE156D4F6827}.Debug|Mixed Platforms.Build.0 = Debug|Any CPU
		{131805CF-7971-4813-848B-CE156D4F6827}.Debug|x86.ActiveCfg = Debug|Any CPU
		{131805CF-7971-4813-848B-CE156D4F6827}.Release w Debug vs TestServer|Any CPU.ActiveCfg = Release w Debug vs TestServer|Any CPU
		{131805CF-7971-4813-848B-CE156D4F6827}.Release w Debug vs TestServer|Any CPU.Build.0 = Release w Debug vs TestServer|Any CPU
		{131805CF-7971-4813-848B-CE156D4F6827}.Release w Debug vs TestServer|Mixed Platforms.ActiveCfg = Release w Debug vs TestServer|Any CPU
		{131805CF-7971-4813-848B-CE156D4F6827}.Release w Debug vs TestServer|Mixed Platforms.Build.0 = Release w Debug vs TestServer|Any CPU
		{131805CF-7971-4813-848B-CE156D4F6827}.Release w Debug vs TestServer|x86.ActiveCfg = Release w Debug vs TestServer|Any CPU
		{131805CF-7971-4813-848B-CE156D4F6827}.Release|Any CPU.ActiveCfg = Release|Any CPU
		{131805CF-7971-4813-848B-CE156D4F6827}.Release|Any CPU.Build.0 = Release|Any CPU
		{131805CF-7971-4813-848B-CE156D4F6827}.Release|Mixed Platforms.ActiveCfg = Release|Any CPU
		{131805CF-7971-4813-848B-CE156D4F6827}.Release|Mixed Platforms.Build.0 = Release|Any CPU
		{131805CF-7971-4813-848B-CE156D4F6827}.Release|x86.ActiveCfg = Release|Any CPU
		{131805CF-7971-4813-848B-CE156D4F6827}.ReleaseMode with Debug|Any CPU.ActiveCfg = ReleaseMode with Debug|Any CPU
		{131805CF-7971-4813-848B-CE156D4F6827}.ReleaseMode with Debug|Any CPU.Build.0 = ReleaseMode with Debug|Any CPU
		{131805CF-7971-4813-848B-CE156D4F6827}.ReleaseMode with Debug|Mixed Platforms.ActiveCfg = ReleaseMode with Debug|Any CPU
		{131805CF-7971-4813-848B-CE156D4F6827}.ReleaseMode with Debug|Mixed Platforms.Build.0 = ReleaseMode with Debug|Any CPU
		{131805CF-7971-4813-848B-CE156D4F6827}.ReleaseMode with Debug|x86.ActiveCfg = ReleaseMode with Debug|Any CPU
		{160EEC3E-F158-4F2C-9F75-69DBA056013F}.Debug|Any CPU.ActiveCfg = Debug|Any CPU
		{160EEC3E-F158-4F2C-9F75-69DBA056013F}.Debug|Any CPU.Build.0 = Debug|Any CPU
		{160EEC3E-F158-4F2C-9F75-69DBA056013F}.Debug|Mixed Platforms.ActiveCfg = Debug|x86
		{160EEC3E-F158-4F2C-9F75-69DBA056013F}.Debug|Mixed Platforms.Build.0 = Debug|x86
		{160EEC3E-F158-4F2C-9F75-69DBA056013F}.Debug|x86.ActiveCfg = Debug|x86
		{160EEC3E-F158-4F2C-9F75-69DBA056013F}.Debug|x86.Build.0 = Debug|x86
		{160EEC3E-F158-4F2C-9F75-69DBA056013F}.Release w Debug vs TestServer|Any CPU.ActiveCfg = Release w Debug vs TestServer|Any CPU
		{160EEC3E-F158-4F2C-9F75-69DBA056013F}.Release w Debug vs TestServer|Any CPU.Build.0 = Release w Debug vs TestServer|Any CPU
		{160EEC3E-F158-4F2C-9F75-69DBA056013F}.Release w Debug vs TestServer|Mixed Platforms.ActiveCfg = Release w Debug vs TestServer|x86
		{160EEC3E-F158-4F2C-9F75-69DBA056013F}.Release w Debug vs TestServer|Mixed Platforms.Build.0 = Release w Debug vs TestServer|x86
		{160EEC3E-F158-4F2C-9F75-69DBA056013F}.Release w Debug vs TestServer|x86.ActiveCfg = Release w Debug vs TestServer|x86
		{160EEC3E-F158-4F2C-9F75-69DBA056013F}.Release w Debug vs TestServer|x86.Build.0 = Release w Debug vs TestServer|x86
		{160EEC3E-F158-4F2C-9F75-69DBA056013F}.Release|Any CPU.ActiveCfg = Release|Any CPU
		{160EEC3E-F158-4F2C-9F75-69DBA056013F}.Release|Any CPU.Build.0 = Release|Any CPU
		{160EEC3E-F158-4F2C-9F75-69DBA056013F}.Release|Mixed Platforms.ActiveCfg = Release|x86
		{160EEC3E-F158-4F2C-9F75-69DBA056013F}.Release|Mixed Platforms.Build.0 = Release|x86
		{160EEC3E-F158-4F2C-9F75-69DBA056013F}.Release|x86.ActiveCfg = Release|x86
		{160EEC3E-F158-4F2C-9F75-69DBA056013F}.Release|x86.Build.0 = Release|x86
		{160EEC3E-F158-4F2C-9F75-69DBA056013F}.ReleaseMode with Debug|Any CPU.ActiveCfg = ReleaseMode with Debug|Any CPU
		{160EEC3E-F158-4F2C-9F75-69DBA056013F}.ReleaseMode with Debug|Any CPU.Build.0 = ReleaseMode with Debug|Any CPU
		{160EEC3E-F158-4F2C-9F75-69DBA056013F}.ReleaseMode with Debug|Mixed Platforms.ActiveCfg = ReleaseMode with Debug|x86
		{160EEC3E-F158-4F2C-9F75-69DBA056013F}.ReleaseMode with Debug|Mixed Platforms.Build.0 = ReleaseMode with Debug|x86
		{160EEC3E-F158-4F2C-9F75-69DBA056013F}.ReleaseMode with Debug|x86.ActiveCfg = ReleaseMode with Debug|x86
		{160EEC3E-F158-4F2C-9F75-69DBA056013F}.ReleaseMode with Debug|x86.Build.0 = ReleaseMode with Debug|x86
	EndGlobalSection
	GlobalSection(SolutionProperties) = preSolution
		HideSolutionNode = FALSE
	EndGlobalSection
EndGlobal
