Microsoft Visual Studio Solution File, Format Version 8.00
Project("{FAE04EC0-301F-11D3-BF4B-00C04F79EFBC}") = "MiniClient", "MiniClient.csproj", "{86AFC6BE-E45F-415D-8785-50D937A88071}"
	ProjectSection(ProjectDependencies) = postProject
	EndProjectSection
EndProject
Project("{FAE04EC0-301F-11D3-BF4B-00C04F79EFBC}") = "agsXMPP2003", "..\..\..\agsxmpp\agsXMPP2003.csproj", "{DC39021C-FA24-4E34-AB4A-3260BB5314AF}"
	ProjectSection(ProjectDependencies) = postProject
	EndProjectSection
EndProject
Project("{FAE04EC0-301F-11D3-BF4B-00C04F79EFBC}") = "agsXMPP.ui.2003", "..\..\..\agsxmpp.ui\agsXMPP.ui.2003.csproj", "{93F68E40-C0FC-4B7F-8331-8EEB95A5E3DF}"
	ProjectSection(ProjectDependencies) = postProject
	EndProjectSection
EndProject
Project("{FAE04EC0-301F-11D3-BF4B-00C04F79EFBC}") = "Component", "..\Component\Component.csproj", "{256D6B55-E66C-4812-8E7B-F701A298533F}"
	ProjectSection(ProjectDependencies) = postProject
	EndProjectSection
EndProject
Project("{FAE04EC0-301F-11D3-BF4B-00C04F79EFBC}") = "server", "..\server\server.csproj", "{1C05730C-F517-46D2-843A-156288B39A25}"
	ProjectSection(ProjectDependencies) = postProject
	EndProjectSection
EndProject
Project("{F184B08F-C81C-45F6-A57F-5ABD9991F28F}") = "MiniClientVB", "..\MiniClientVB\MiniClientVB.vbproj", "{E918133C-69DC-4E7B-B955-30ED80411117}"
	ProjectSection(ProjectDependencies) = postProject
	EndProjectSection
EndProject
Global
	GlobalSection(SolutionConfiguration) = preSolution
		Debug = Debug
		Release = Release
	EndGlobalSection
	GlobalSection(ProjectConfiguration) = postSolution
		{86AFC6BE-E45F-415D-8785-50D937A88071}.Debug.ActiveCfg = Debug|.NET
		{86AFC6BE-E45F-415D-8785-50D937A88071}.Debug.Build.0 = Debug|.NET
		{86AFC6BE-E45F-415D-8785-50D937A88071}.Release.ActiveCfg = Release|.NET
		{86AFC6BE-E45F-415D-8785-50D937A88071}.Release.Build.0 = Release|.NET
		{DC39021C-FA24-4E34-AB4A-3260BB5314AF}.Debug.ActiveCfg = Debug|.NET
		{DC39021C-FA24-4E34-AB4A-3260BB5314AF}.Debug.Build.0 = Debug|.NET
		{DC39021C-FA24-4E34-AB4A-3260BB5314AF}.Release.ActiveCfg = Release|.NET
		{DC39021C-FA24-4E34-AB4A-3260BB5314AF}.Release.Build.0 = Release|.NET
		{93F68E40-C0FC-4B7F-8331-8EEB95A5E3DF}.Debug.ActiveCfg = Debug|.NET
		{93F68E40-C0FC-4B7F-8331-8EEB95A5E3DF}.Debug.Build.0 = Debug|.NET
		{93F68E40-C0FC-4B7F-8331-8EEB95A5E3DF}.Release.ActiveCfg = Release|.NET
		{93F68E40-C0FC-4B7F-8331-8EEB95A5E3DF}.Release.Build.0 = Release|.NET
		{256D6B55-E66C-4812-8E7B-F701A298533F}.Debug.ActiveCfg = Debug|.NET
		{256D6B55-E66C-4812-8E7B-F701A298533F}.Debug.Build.0 = Debug|.NET
		{256D6B55-E66C-4812-8E7B-F701A298533F}.Release.ActiveCfg = Release|.NET
		{256D6B55-E66C-4812-8E7B-F701A298533F}.Release.Build.0 = Release|.NET
		{1C05730C-F517-46D2-843A-156288B39A25}.Debug.ActiveCfg = Debug|.NET
		{1C05730C-F517-46D2-843A-156288B39A25}.Debug.Build.0 = Debug|.NET
		{1C05730C-F517-46D2-843A-156288B39A25}.Release.ActiveCfg = Release|.NET
		{1C05730C-F517-46D2-843A-156288B39A25}.Release.Build.0 = Release|.NET
		{E918133C-69DC-4E7B-B955-30ED80411117}.Debug.ActiveCfg = Debug|.NET
		{E918133C-69DC-4E7B-B955-30ED80411117}.Debug.Build.0 = Debug|.NET
		{E918133C-69DC-4E7B-B955-30ED80411117}.Release.ActiveCfg = Release|.NET
		{E918133C-69DC-4E7B-B955-30ED80411117}.Release.Build.0 = Release|.NET
	EndGlobalSection
	GlobalSection(ExtensibilityGlobals) = postSolution
	EndGlobalSection
	GlobalSection(ExtensibilityAddIns) = postSolution
	EndGlobalSection
EndGlobal
