
Microsoft Visual Studio Solution File, Format Version 11.00
# Visual Web Developer Express 2010
Project("{FAE04EC0-301F-11D3-BF4B-00C04F79EFBC}") = "Webcontent", "Webcontent.csproj", "{B11637AD-9986-4DFB-A2A8-2CF0A76066C8}"
EndProject
Global
	GlobalSection(SolutionConfigurationPlatforms) = preSolution
		Debug|Any CPU = Debug|Any CPU
		Release|Any CPU = Release|Any CPU
	EndGlobalSection
	GlobalSection(ProjectConfigurationPlatforms) = postSolution
		{B11637AD-9986-4DFB-A2A8-2CF0A76066C8}.Debug|Any CPU.ActiveCfg = Debug|Any CPU
		{B11637AD-9986-4DFB-A2A8-2CF0A76066C8}.Debug|Any CPU.Build.0 = Debug|Any CPU
		{B11637AD-9986-4DFB-A2A8-2CF0A76066C8}.Release|Any CPU.ActiveCfg = Release|Any CPU
		{B11637AD-9986-4DFB-A2A8-2CF0A76066C8}.Release|Any CPU.Build.0 = Release|Any CPU
	EndGlobalSection
	GlobalSection(SolutionProperties) = preSolution
		HideSolutionNode = FALSE
	EndGlobalSection
EndGlobal
