
Microsoft Visual Studio Solution File, Format Version 9.00
# Visual Studio 2005
Project("{FAE04EC0-301F-11D3-BF4B-00C04F79EFBC}") = "Component", "Component.csproj", "{256D6B55-E66C-4812-8E7B-F701A298533F}"
EndProject
Global
	GlobalSection(SolutionConfigurationPlatforms) = preSolution
		Debug|Any CPU = Debug|Any CPU
		Release|Any CPU = Release|Any CPU
	EndGlobalSection
	GlobalSection(ProjectConfigurationPlatforms) = postSolution
		{256D6B55-E66C-4812-8E7B-F701A298533F}.Debug|Any CPU.ActiveCfg = Debug|Any CPU
		{256D6B55-E66C-4812-8E7B-F701A298533F}.Debug|Any CPU.Build.0 = Debug|Any CPU
		{256D6B55-E66C-4812-8E7B-F701A298533F}.Release|Any CPU.ActiveCfg = Release|Any CPU
		{256D6B55-E66C-4812-8E7B-F701A298533F}.Release|Any CPU.Build.0 = Release|Any CPU
	EndGlobalSection
	GlobalSection(SolutionProperties) = preSolution
		HideSolutionNode = FALSE
	EndGlobalSection
EndGlobal
