
Microsoft Visual Studio Solution File, Format Version 11.00
# Visual C# Express 2010
Project("{FAE04EC0-301F-11D3-BF4B-00C04F79EFBC}") = "Octgn.Tools.SetBuilder", "Octgn.Tools.SetBuilder.csproj", "{4EA73D38-5443-4A40-93AB-4869202EFFFC}"
EndProject
Global
	GlobalSection(SolutionConfigurationPlatforms) = preSolution
		Debug|Any CPU = Debug|Any CPU
		Release|Any CPU = Release|Any CPU
	EndGlobalSection
	GlobalSection(ProjectConfigurationPlatforms) = postSolution
		{4EA73D38-5443-4A40-93AB-4869202EFFFC}.Debug|Any CPU.ActiveCfg = Debug|Any CPU
		{4EA73D38-5443-4A40-93AB-4869202EFFFC}.Debug|Any CPU.Build.0 = Debug|Any CPU
		{4EA73D38-5443-4A40-93AB-4869202EFFFC}.Release|Any CPU.ActiveCfg = Release|Any CPU
		{4EA73D38-5443-4A40-93AB-4869202EFFFC}.Release|Any CPU.Build.0 = Release|Any CPU
	EndGlobalSection
	GlobalSection(SolutionProperties) = preSolution
		HideSolutionNode = FALSE
	EndGlobalSection
EndGlobal
