
Microsoft Visual Studio Solution File, Format Version 12.00
# Visual Studio 2013
VisualStudioVersion = 12.0.30723.0
MinimumVisualStudioVersion = 10.0.40219.1
Project("{FAE04EC0-301F-11D3-BF4B-00C04F79EFBC}") = "Octgn.WindowsClient", "Octgn.WindowsClient\Octgn.WindowsClient.csproj", "{9A0F112F-91BE-48B9-93C1-0B0114D6381E}"
EndProject
Project("{FAE04EC0-301F-11D3-BF4B-00C04F79EFBC}") = "Octgn.Client", "Octgn.Client\Octgn.Client.csproj", "{02A89092-3561-474E-8221-F6A9D92C6C96}"
EndProject
Global
	GlobalSection(SolutionConfigurationPlatforms) = preSolution
		Debug|Any CPU = Debug|Any CPU
		Release|Any CPU = Release|Any CPU
	EndGlobalSection
	GlobalSection(ProjectConfigurationPlatforms) = postSolution
		{9A0F112F-91BE-48B9-93C1-0B0114D6381E}.Debug|Any CPU.ActiveCfg = Debug|Any CPU
		{9A0F112F-91BE-48B9-93C1-0B0114D6381E}.Debug|Any CPU.Build.0 = Debug|Any CPU
		{9A0F112F-91BE-48B9-93C1-0B0114D6381E}.Release|Any CPU.ActiveCfg = Release|Any CPU
		{9A0F112F-91BE-48B9-93C1-0B0114D6381E}.Release|Any CPU.Build.0 = Release|Any CPU
		{02A89092-3561-474E-8221-F6A9D92C6C96}.Debug|Any CPU.ActiveCfg = Debug|Any CPU
		{02A89092-3561-474E-8221-F6A9D92C6C96}.Debug|Any CPU.Build.0 = Debug|Any CPU
		{02A89092-3561-474E-8221-F6A9D92C6C96}.Release|Any CPU.ActiveCfg = Release|Any CPU
		{02A89092-3561-474E-8221-F6A9D92C6C96}.Release|Any CPU.Build.0 = Release|Any CPU
	EndGlobalSection
	GlobalSection(SolutionProperties) = preSolution
		HideSolutionNode = FALSE
	EndGlobalSection
EndGlobal
